
Microsoft Visual Studio Solution File, Format Version 12.00
# Visual Studio Version 17
VisualStudioVersion = 17.0.31825.309
MinimumVisualStudioVersion = 10.0.40219.1
Project("{FAE04EC0-301F-11D3-BF4B-00C04F79EFBC}") = "Sample.Android", "Sample.Android\Sample.Android.csproj", "{A65F46E0-9884-410A-ABAF-075DB1CB07FC}"
EndProject
Project("{FAE04EC0-301F-11D3-BF4B-00C04F79EFBC}") = "Sample.iOS", "Sample.iOS\Sample.iOS.csproj", "{2321E7B4-749E-443E-868D-B9D6543304D9}"
EndProject
Project("{9A19103F-16F7-4668-BE54-9A1E7A4F7556}") = "Sample", "Sample\Sample.csproj", "{C4A94D57-C146-4DE5-A133-30704425FCE7}"
EndProject
Project("{2150E333-8FDC-42A3-9474-1A3956D46DE8}") = "Solution Items", "Solution Items", "{3D65F7B5-71F5-4A09-B9BD-F402FB22F957}"
	ProjectSection(SolutionItems) = preProject
		readme.md = readme.md
	EndProjectSection
EndProject
Project("{9A19103F-16F7-4668-BE54-9A1E7A4F7556}") = "Sample.Shared", "..\_Template\Sample.Shared\Sample.Shared.csproj", "{05F5828A-1C33-43AF-A6F5-08746C71DD60}"
EndProject
Project("{9A19103F-16F7-4668-BE54-9A1E7A4F7556}") = "Shiny.Core", "..\..\shinylibs\shiny\src\Shiny.Core\Shiny.Core.csproj", "{2267C81F-C271-4C4D-9742-9BACC151E1CA}"
EndProject
Project("{2150E333-8FDC-42A3-9474-1A3956D46DE8}") = "libs", "libs", "{B138D595-DB4C-408C-B3E8-A85E722C1AD0}"
EndProject
Project("{9A19103F-16F7-4668-BE54-9A1E7A4F7556}") = "Shiny.Locations", "..\..\shinylibs\shiny\src\Shiny.Locations\Shiny.Locations.csproj", "{174F83DD-D823-4C60-B323-6894CAA52FD8}"
EndProject
Project("{9A19103F-16F7-4668-BE54-9A1E7A4F7556}") = "Shiny.Locations.Common", "..\..\shinylibs\shiny\src\Shiny.Locations.Common\Shiny.Locations.Common.csproj", "{67A6CDC7-7164-463A-B5AB-98BA4B0D359B}"
EndProject
Global
	GlobalSection(SolutionConfigurationPlatforms) = preSolution
		Debug|Any CPU = Debug|Any CPU
		Debug|ARM = Debug|ARM
		Debug|ARM64 = Debug|ARM64
		Debug|iPhone = Debug|iPhone
		Debug|iPhoneSimulator = Debug|iPhoneSimulator
		Debug|x64 = Debug|x64
		Debug|x86 = Debug|x86
		Release|Any CPU = Release|Any CPU
		Release|ARM = Release|ARM
		Release|ARM64 = Release|ARM64
		Release|iPhone = Release|iPhone
		Release|iPhoneSimulator = Release|iPhoneSimulator
		Release|x64 = Release|x64
		Release|x86 = Release|x86
	EndGlobalSection
	GlobalSection(ProjectConfigurationPlatforms) = postSolution
		{A65F46E0-9884-410A-ABAF-075DB1CB07FC}.Debug|Any CPU.ActiveCfg = Debug|Any CPU
		{A65F46E0-9884-410A-ABAF-075DB1CB07FC}.Debug|Any CPU.Build.0 = Debug|Any CPU
		{A65F46E0-9884-410A-ABAF-075DB1CB07FC}.Debug|Any CPU.Deploy.0 = Debug|Any CPU
		{A65F46E0-9884-410A-ABAF-075DB1CB07FC}.Debug|ARM.ActiveCfg = Debug|Any CPU
		{A65F46E0-9884-410A-ABAF-075DB1CB07FC}.Debug|ARM.Build.0 = Debug|Any CPU
		{A65F46E0-9884-410A-ABAF-075DB1CB07FC}.Debug|ARM.Deploy.0 = Debug|Any CPU
		{A65F46E0-9884-410A-ABAF-075DB1CB07FC}.Debug|ARM64.ActiveCfg = Debug|Any CPU
		{A65F46E0-9884-410A-ABAF-075DB1CB07FC}.Debug|ARM64.Build.0 = Debug|Any CPU
		{A65F46E0-9884-410A-ABAF-075DB1CB07FC}.Debug|ARM64.Deploy.0 = Debug|Any CPU
		{A65F46E0-9884-410A-ABAF-075DB1CB07FC}.Debug|iPhone.ActiveCfg = Debug|Any CPU
		{A65F46E0-9884-410A-ABAF-075DB1CB07FC}.Debug|iPhone.Build.0 = Debug|Any CPU
		{A65F46E0-9884-410A-ABAF-075DB1CB07FC}.Debug|iPhone.Deploy.0 = Debug|Any CPU
		{A65F46E0-9884-410A-ABAF-075DB1CB07FC}.Debug|iPhoneSimulator.ActiveCfg = Debug|Any CPU
		{A65F46E0-9884-410A-ABAF-075DB1CB07FC}.Debug|iPhoneSimulator.Build.0 = Debug|Any CPU
		{A65F46E0-9884-410A-ABAF-075DB1CB07FC}.Debug|iPhoneSimulator.Deploy.0 = Debug|Any CPU
		{A65F46E0-9884-410A-ABAF-075DB1CB07FC}.Debug|x64.ActiveCfg = Debug|Any CPU
		{A65F46E0-9884-410A-ABAF-075DB1CB07FC}.Debug|x64.Build.0 = Debug|Any CPU
		{A65F46E0-9884-410A-ABAF-075DB1CB07FC}.Debug|x64.Deploy.0 = Debug|Any CPU
		{A65F46E0-9884-410A-ABAF-075DB1CB07FC}.Debug|x86.ActiveCfg = Debug|Any CPU
		{A65F46E0-9884-410A-ABAF-075DB1CB07FC}.Debug|x86.Build.0 = Debug|Any CPU
		{A65F46E0-9884-410A-ABAF-075DB1CB07FC}.Debug|x86.Deploy.0 = Debug|Any CPU
		{A65F46E0-9884-410A-ABAF-075DB1CB07FC}.Release|Any CPU.ActiveCfg = Release|Any CPU
		{A65F46E0-9884-410A-ABAF-075DB1CB07FC}.Release|Any CPU.Build.0 = Release|Any CPU
		{A65F46E0-9884-410A-ABAF-075DB1CB07FC}.Release|Any CPU.Deploy.0 = Release|Any CPU
		{A65F46E0-9884-410A-ABAF-075DB1CB07FC}.Release|ARM.ActiveCfg = Release|Any CPU
		{A65F46E0-9884-410A-ABAF-075DB1CB07FC}.Release|ARM.Build.0 = Release|Any CPU
		{A65F46E0-9884-410A-ABAF-075DB1CB07FC}.Release|ARM.Deploy.0 = Release|Any CPU
		{A65F46E0-9884-410A-ABAF-075DB1CB07FC}.Release|ARM64.ActiveCfg = Release|Any CPU
		{A65F46E0-9884-410A-ABAF-075DB1CB07FC}.Release|ARM64.Build.0 = Release|Any CPU
		{A65F46E0-9884-410A-ABAF-075DB1CB07FC}.Release|ARM64.Deploy.0 = Release|Any CPU
		{A65F46E0-9884-410A-ABAF-075DB1CB07FC}.Release|iPhone.ActiveCfg = Release|Any CPU
		{A65F46E0-9884-410A-ABAF-075DB1CB07FC}.Release|iPhone.Build.0 = Release|Any CPU
		{A65F46E0-9884-410A-ABAF-075DB1CB07FC}.Release|iPhone.Deploy.0 = Release|Any CPU
		{A65F46E0-9884-410A-ABAF-075DB1CB07FC}.Release|iPhoneSimulator.ActiveCfg = Release|Any CPU
		{A65F46E0-9884-410A-ABAF-075DB1CB07FC}.Release|iPhoneSimulator.Build.0 = Release|Any CPU
		{A65F46E0-9884-410A-ABAF-075DB1CB07FC}.Release|iPhoneSimulator.Deploy.0 = Release|Any CPU
		{A65F46E0-9884-410A-ABAF-075DB1CB07FC}.Release|x64.ActiveCfg = Release|Any CPU
		{A65F46E0-9884-410A-ABAF-075DB1CB07FC}.Release|x64.Build.0 = Release|Any CPU
		{A65F46E0-9884-410A-ABAF-075DB1CB07FC}.Release|x64.Deploy.0 = Release|Any CPU
		{A65F46E0-9884-410A-ABAF-075DB1CB07FC}.Release|x86.ActiveCfg = Release|Any CPU
		{A65F46E0-9884-410A-ABAF-075DB1CB07FC}.Release|x86.Build.0 = Release|Any CPU
		{A65F46E0-9884-410A-ABAF-075DB1CB07FC}.Release|x86.Deploy.0 = Release|Any CPU
		{2321E7B4-749E-443E-868D-B9D6543304D9}.Debug|Any CPU.ActiveCfg = Debug|iPhoneSimulator
		{2321E7B4-749E-443E-868D-B9D6543304D9}.Debug|Any CPU.Build.0 = Debug|iPhoneSimulator
		{2321E7B4-749E-443E-868D-B9D6543304D9}.Debug|Any CPU.Deploy.0 = Debug|iPhoneSimulator
		{2321E7B4-749E-443E-868D-B9D6543304D9}.Debug|ARM.ActiveCfg = Debug|iPhone
		{2321E7B4-749E-443E-868D-B9D6543304D9}.Debug|ARM.Build.0 = Debug|iPhone
		{2321E7B4-749E-443E-868D-B9D6543304D9}.Debug|ARM.Deploy.0 = Debug|iPhone
		{2321E7B4-749E-443E-868D-B9D6543304D9}.Debug|ARM64.ActiveCfg = Debug|iPhoneSimulator
		{2321E7B4-749E-443E-868D-B9D6543304D9}.Debug|iPhone.ActiveCfg = Debug|iPhone
		{2321E7B4-749E-443E-868D-B9D6543304D9}.Debug|iPhone.Build.0 = Debug|iPhone
		{2321E7B4-749E-443E-868D-B9D6543304D9}.Debug|iPhone.Deploy.0 = Debug|iPhone
		{2321E7B4-749E-443E-868D-B9D6543304D9}.Debug|iPhoneSimulator.ActiveCfg = Debug|iPhoneSimulator
		{2321E7B4-749E-443E-868D-B9D6543304D9}.Debug|iPhoneSimulator.Build.0 = Debug|iPhoneSimulator
		{2321E7B4-749E-443E-868D-B9D6543304D9}.Debug|iPhoneSimulator.Deploy.0 = Debug|iPhoneSimulator
		{2321E7B4-749E-443E-868D-B9D6543304D9}.Debug|x64.ActiveCfg = Debug|iPhoneSimulator
		{2321E7B4-749E-443E-868D-B9D6543304D9}.Debug|x64.Build.0 = Debug|iPhoneSimulator
		{2321E7B4-749E-443E-868D-B9D6543304D9}.Debug|x64.Deploy.0 = Debug|iPhoneSimulator
		{2321E7B4-749E-443E-868D-B9D6543304D9}.Debug|x86.ActiveCfg = Debug|iPhoneSimulator
		{2321E7B4-749E-443E-868D-B9D6543304D9}.Debug|x86.Build.0 = Debug|iPhoneSimulator
		{2321E7B4-749E-443E-868D-B9D6543304D9}.Debug|x86.Deploy.0 = Debug|iPhoneSimulator
		{2321E7B4-749E-443E-868D-B9D6543304D9}.Release|Any CPU.ActiveCfg = Release|iPhoneSimulator
		{2321E7B4-749E-443E-868D-B9D6543304D9}.Release|Any CPU.Build.0 = Release|iPhoneSimulator
		{2321E7B4-749E-443E-868D-B9D6543304D9}.Release|Any CPU.Deploy.0 = Release|iPhoneSimulator
		{2321E7B4-749E-443E-868D-B9D6543304D9}.Release|ARM.ActiveCfg = Release|iPhoneSimulator
		{2321E7B4-749E-443E-868D-B9D6543304D9}.Release|ARM.Build.0 = Release|iPhoneSimulator
		{2321E7B4-749E-443E-868D-B9D6543304D9}.Release|ARM.Deploy.0 = Release|iPhoneSimulator
		{2321E7B4-749E-443E-868D-B9D6543304D9}.Release|ARM64.ActiveCfg = Release|iPhoneSimulator
		{2321E7B4-749E-443E-868D-B9D6543304D9}.Release|iPhone.ActiveCfg = Release|iPhone
		{2321E7B4-749E-443E-868D-B9D6543304D9}.Release|iPhone.Build.0 = Release|iPhone
		{2321E7B4-749E-443E-868D-B9D6543304D9}.Release|iPhone.Deploy.0 = Release|iPhone
		{2321E7B4-749E-443E-868D-B9D6543304D9}.Release|iPhoneSimulator.ActiveCfg = Release|iPhoneSimulator
		{2321E7B4-749E-443E-868D-B9D6543304D9}.Release|iPhoneSimulator.Build.0 = Release|iPhoneSimulator
		{2321E7B4-749E-443E-868D-B9D6543304D9}.Release|iPhoneSimulator.Deploy.0 = Release|iPhoneSimulator
		{2321E7B4-749E-443E-868D-B9D6543304D9}.Release|x64.ActiveCfg = Release|iPhoneSimulator
		{2321E7B4-749E-443E-868D-B9D6543304D9}.Release|x64.Build.0 = Release|iPhoneSimulator
		{2321E7B4-749E-443E-868D-B9D6543304D9}.Release|x64.Deploy.0 = Release|iPhoneSimulator
		{2321E7B4-749E-443E-868D-B9D6543304D9}.Release|x86.ActiveCfg = Release|iPhoneSimulator
		{2321E7B4-749E-443E-868D-B9D6543304D9}.Release|x86.Build.0 = Release|iPhoneSimulator
		{2321E7B4-749E-443E-868D-B9D6543304D9}.Release|x86.Deploy.0 = Release|iPhoneSimulator
		{C4A94D57-C146-4DE5-A133-30704425FCE7}.Debug|Any CPU.ActiveCfg = Debug|Any CPU
		{C4A94D57-C146-4DE5-A133-30704425FCE7}.Debug|Any CPU.Build.0 = Debug|Any CPU
		{C4A94D57-C146-4DE5-A133-30704425FCE7}.Debug|Any CPU.Deploy.0 = Debug|Any CPU
		{C4A94D57-C146-4DE5-A133-30704425FCE7}.Debug|ARM.ActiveCfg = Debug|Any CPU
		{C4A94D57-C146-4DE5-A133-30704425FCE7}.Debug|ARM.Build.0 = Debug|Any CPU
		{C4A94D57-C146-4DE5-A133-30704425FCE7}.Debug|ARM.Deploy.0 = Debug|Any CPU
		{C4A94D57-C146-4DE5-A133-30704425FCE7}.Debug|ARM64.ActiveCfg = Debug|Any CPU
		{C4A94D57-C146-4DE5-A133-30704425FCE7}.Debug|ARM64.Build.0 = Debug|Any CPU
		{C4A94D57-C146-4DE5-A133-30704425FCE7}.Debug|iPhone.ActiveCfg = Debug|Any CPU
		{C4A94D57-C146-4DE5-A133-30704425FCE7}.Debug|iPhone.Build.0 = Debug|Any CPU
		{C4A94D57-C146-4DE5-A133-30704425FCE7}.Debug|iPhone.Deploy.0 = Debug|Any CPU
		{C4A94D57-C146-4DE5-A133-30704425FCE7}.Debug|iPhoneSimulator.ActiveCfg = Debug|Any CPU
		{C4A94D57-C146-4DE5-A133-30704425FCE7}.Debug|iPhoneSimulator.Build.0 = Debug|Any CPU
		{C4A94D57-C146-4DE5-A133-30704425FCE7}.Debug|iPhoneSimulator.Deploy.0 = Debug|Any CPU
		{C4A94D57-C146-4DE5-A133-30704425FCE7}.Debug|x64.ActiveCfg = Debug|Any CPU
		{C4A94D57-C146-4DE5-A133-30704425FCE7}.Debug|x64.Build.0 = Debug|Any CPU
		{C4A94D57-C146-4DE5-A133-30704425FCE7}.Debug|x64.Deploy.0 = Debug|Any CPU
		{C4A94D57-C146-4DE5-A133-30704425FCE7}.Debug|x86.ActiveCfg = Debug|Any CPU
		{C4A94D57-C146-4DE5-A133-30704425FCE7}.Debug|x86.Build.0 = Debug|Any CPU
		{C4A94D57-C146-4DE5-A133-30704425FCE7}.Debug|x86.Deploy.0 = Debug|Any CPU
		{C4A94D57-C146-4DE5-A133-30704425FCE7}.Release|Any CPU.ActiveCfg = Release|Any CPU
		{C4A94D57-C146-4DE5-A133-30704425FCE7}.Release|Any CPU.Build.0 = Release|Any CPU
		{C4A94D57-C146-4DE5-A133-30704425FCE7}.Release|Any CPU.Deploy.0 = Release|Any CPU
		{C4A94D57-C146-4DE5-A133-30704425FCE7}.Release|ARM.ActiveCfg = Release|Any CPU
		{C4A94D57-C146-4DE5-A133-30704425FCE7}.Release|ARM.Build.0 = Release|Any CPU
		{C4A94D57-C146-4DE5-A133-30704425FCE7}.Release|ARM.Deploy.0 = Release|Any CPU
		{C4A94D57-C146-4DE5-A133-30704425FCE7}.Release|ARM64.ActiveCfg = Release|Any CPU
		{C4A94D57-C146-4DE5-A133-30704425FCE7}.Release|ARM64.Build.0 = Release|Any CPU
		{C4A94D57-C146-4DE5-A133-30704425FCE7}.Release|iPhone.ActiveCfg = Release|Any CPU
		{C4A94D57-C146-4DE5-A133-30704425FCE7}.Release|iPhone.Build.0 = Release|Any CPU
		{C4A94D57-C146-4DE5-A133-30704425FCE7}.Release|iPhone.Deploy.0 = Release|Any CPU
		{C4A94D57-C146-4DE5-A133-30704425FCE7}.Release|iPhoneSimulator.ActiveCfg = Release|Any CPU
		{C4A94D57-C146-4DE5-A133-30704425FCE7}.Release|iPhoneSimulator.Build.0 = Release|Any CPU
		{C4A94D57-C146-4DE5-A133-30704425FCE7}.Release|iPhoneSimulator.Deploy.0 = Release|Any CPU
		{C4A94D57-C146-4DE5-A133-30704425FCE7}.Release|x64.ActiveCfg = Release|Any CPU
		{C4A94D57-C146-4DE5-A133-30704425FCE7}.Release|x64.Build.0 = Release|Any CPU
		{C4A94D57-C146-4DE5-A133-30704425FCE7}.Release|x64.Deploy.0 = Release|Any CPU
		{C4A94D57-C146-4DE5-A133-30704425FCE7}.Release|x86.ActiveCfg = Release|Any CPU
		{C4A94D57-C146-4DE5-A133-30704425FCE7}.Release|x86.Build.0 = Release|Any CPU
		{C4A94D57-C146-4DE5-A133-30704425FCE7}.Release|x86.Deploy.0 = Release|Any CPU
		{05F5828A-1C33-43AF-A6F5-08746C71DD60}.Debug|Any CPU.ActiveCfg = Debug|Any CPU
		{05F5828A-1C33-43AF-A6F5-08746C71DD60}.Debug|Any CPU.Build.0 = Debug|Any CPU
		{05F5828A-1C33-43AF-A6F5-08746C71DD60}.Debug|ARM.ActiveCfg = Debug|Any CPU
		{05F5828A-1C33-43AF-A6F5-08746C71DD60}.Debug|ARM.Build.0 = Debug|Any CPU
		{05F5828A-1C33-43AF-A6F5-08746C71DD60}.Debug|ARM64.ActiveCfg = Debug|Any CPU
		{05F5828A-1C33-43AF-A6F5-08746C71DD60}.Debug|ARM64.Build.0 = Debug|Any CPU
		{05F5828A-1C33-43AF-A6F5-08746C71DD60}.Debug|iPhone.ActiveCfg = Debug|Any CPU
		{05F5828A-1C33-43AF-A6F5-08746C71DD60}.Debug|iPhone.Build.0 = Debug|Any CPU
		{05F5828A-1C33-43AF-A6F5-08746C71DD60}.Debug|iPhoneSimulator.ActiveCfg = Debug|Any CPU
		{05F5828A-1C33-43AF-A6F5-08746C71DD60}.Debug|iPhoneSimulator.Build.0 = Debug|Any CPU
		{05F5828A-1C33-43AF-A6F5-08746C71DD60}.Debug|x64.ActiveCfg = Debug|Any CPU
		{05F5828A-1C33-43AF-A6F5-08746C71DD60}.Debug|x64.Build.0 = Debug|Any CPU
		{05F5828A-1C33-43AF-A6F5-08746C71DD60}.Debug|x86.ActiveCfg = Debug|Any CPU
		{05F5828A-1C33-43AF-A6F5-08746C71DD60}.Debug|x86.Build.0 = Debug|Any CPU
		{05F5828A-1C33-43AF-A6F5-08746C71DD60}.Release|Any CPU.ActiveCfg = Release|Any CPU
		{05F5828A-1C33-43AF-A6F5-08746C71DD60}.Release|Any CPU.Build.0 = Release|Any CPU
		{05F5828A-1C33-43AF-A6F5-08746C71DD60}.Release|ARM.ActiveCfg = Release|Any CPU
		{05F5828A-1C33-43AF-A6F5-08746C71DD60}.Release|ARM.Build.0 = Release|Any CPU
		{05F5828A-1C33-43AF-A6F5-08746C71DD60}.Release|ARM64.ActiveCfg = Release|Any CPU
		{05F5828A-1C33-43AF-A6F5-08746C71DD60}.Release|ARM64.Build.0 = Release|Any CPU
		{05F5828A-1C33-43AF-A6F5-08746C71DD60}.Release|iPhone.ActiveCfg = Release|Any CPU
		{05F5828A-1C33-43AF-A6F5-08746C71DD60}.Release|iPhone.Build.0 = Release|Any CPU
		{05F5828A-1C33-43AF-A6F5-08746C71DD60}.Release|iPhoneSimulator.ActiveCfg = Release|Any CPU
		{05F5828A-1C33-43AF-A6F5-08746C71DD60}.Release|iPhoneSimulator.Build.0 = Release|Any CPU
		{05F5828A-1C33-43AF-A6F5-08746C71DD60}.Release|x64.ActiveCfg = Release|Any CPU
		{05F5828A-1C33-43AF-A6F5-08746C71DD60}.Release|x64.Build.0 = Release|Any CPU
		{05F5828A-1C33-43AF-A6F5-08746C71DD60}.Release|x86.ActiveCfg = Release|Any CPU
		{05F5828A-1C33-43AF-A6F5-08746C71DD60}.Release|x86.Build.0 = Release|Any CPU
		{2267C81F-C271-4C4D-9742-9BACC151E1CA}.Debug|Any CPU.ActiveCfg = Debug|Any CPU
		{2267C81F-C271-4C4D-9742-9BACC151E1CA}.Debug|Any CPU.Build.0 = Debug|Any CPU
		{2267C81F-C271-4C4D-9742-9BACC151E1CA}.Debug|ARM.ActiveCfg = Debug|Any CPU
		{2267C81F-C271-4C4D-9742-9BACC151E1CA}.Debug|ARM.Build.0 = Debug|Any CPU
		{2267C81F-C271-4C4D-9742-9BACC151E1CA}.Debug|ARM64.ActiveCfg = Debug|Any CPU
		{2267C81F-C271-4C4D-9742-9BACC151E1CA}.Debug|ARM64.Build.0 = Debug|Any CPU
		{2267C81F-C271-4C4D-9742-9BACC151E1CA}.Debug|iPhone.ActiveCfg = Debug|Any CPU
		{2267C81F-C271-4C4D-9742-9BACC151E1CA}.Debug|iPhone.Build.0 = Debug|Any CPU
		{2267C81F-C271-4C4D-9742-9BACC151E1CA}.Debug|iPhoneSimulator.ActiveCfg = Debug|Any CPU
		{2267C81F-C271-4C4D-9742-9BACC151E1CA}.Debug|iPhoneSimulator.Build.0 = Debug|Any CPU
		{2267C81F-C271-4C4D-9742-9BACC151E1CA}.Debug|x64.ActiveCfg = Debug|Any CPU
		{2267C81F-C271-4C4D-9742-9BACC151E1CA}.Debug|x64.Build.0 = Debug|Any CPU
		{2267C81F-C271-4C4D-9742-9BACC151E1CA}.Debug|x86.ActiveCfg = Debug|Any CPU
		{2267C81F-C271-4C4D-9742-9BACC151E1CA}.Debug|x86.Build.0 = Debug|Any CPU
		{2267C81F-C271-4C4D-9742-9BACC151E1CA}.Release|Any CPU.ActiveCfg = Release|Any CPU
		{2267C81F-C271-4C4D-9742-9BACC151E1CA}.Release|Any CPU.Build.0 = Release|Any CPU
		{2267C81F-C271-4C4D-9742-9BACC151E1CA}.Release|ARM.ActiveCfg = Release|Any CPU
		{2267C81F-C271-4C4D-9742-9BACC151E1CA}.Release|ARM.Build.0 = Release|Any CPU
		{2267C81F-C271-4C4D-9742-9BACC151E1CA}.Release|ARM64.ActiveCfg = Release|Any CPU
		{2267C81F-C271-4C4D-9742-9BACC151E1CA}.Release|ARM64.Build.0 = Release|Any CPU
		{2267C81F-C271-4C4D-9742-9BACC151E1CA}.Release|iPhone.ActiveCfg = Release|Any CPU
		{2267C81F-C271-4C4D-9742-9BACC151E1CA}.Release|iPhone.Build.0 = Release|Any CPU
		{2267C81F-C271-4C4D-9742-9BACC151E1CA}.Release|iPhoneSimulator.ActiveCfg = Release|Any CPU
		{2267C81F-C271-4C4D-9742-9BACC151E1CA}.Release|iPhoneSimulator.Build.0 = Release|Any CPU
		{2267C81F-C271-4C4D-9742-9BACC151E1CA}.Release|x64.ActiveCfg = Release|Any CPU
		{2267C81F-C271-4C4D-9742-9BACC151E1CA}.Release|x64.Build.0 = Release|Any CPU
		{2267C81F-C271-4C4D-9742-9BACC151E1CA}.Release|x86.ActiveCfg = Release|Any CPU
		{2267C81F-C271-4C4D-9742-9BACC151E1CA}.Release|x86.Build.0 = Release|Any CPU
		{174F83DD-D823-4C60-B323-6894CAA52FD8}.Debug|Any CPU.ActiveCfg = Debug|Any CPU
		{174F83DD-D823-4C60-B323-6894CAA52FD8}.Debug|Any CPU.Build.0 = Debug|Any CPU
		{174F83DD-D823-4C60-B323-6894CAA52FD8}.Debug|ARM.ActiveCfg = Debug|Any CPU
		{174F83DD-D823-4C60-B323-6894CAA52FD8}.Debug|ARM.Build.0 = Debug|Any CPU
		{174F83DD-D823-4C60-B323-6894CAA52FD8}.Debug|ARM64.ActiveCfg = Debug|Any CPU
		{174F83DD-D823-4C60-B323-6894CAA52FD8}.Debug|ARM64.Build.0 = Debug|Any CPU
		{174F83DD-D823-4C60-B323-6894CAA52FD8}.Debug|iPhone.ActiveCfg = Debug|Any CPU
		{174F83DD-D823-4C60-B323-6894CAA52FD8}.Debug|iPhone.Build.0 = Debug|Any CPU
		{174F83DD-D823-4C60-B323-6894CAA52FD8}.Debug|iPhoneSimulator.ActiveCfg = Debug|Any CPU
		{174F83DD-D823-4C60-B323-6894CAA52FD8}.Debug|iPhoneSimulator.Build.0 = Debug|Any CPU
		{174F83DD-D823-4C60-B323-6894CAA52FD8}.Debug|x64.ActiveCfg = Debug|Any CPU
		{174F83DD-D823-4C60-B323-6894CAA52FD8}.Debug|x64.Build.0 = Debug|Any CPU
		{174F83DD-D823-4C60-B323-6894CAA52FD8}.Debug|x86.ActiveCfg = Debug|Any CPU
		{174F83DD-D823-4C60-B323-6894CAA52FD8}.Debug|x86.Build.0 = Debug|Any CPU
		{174F83DD-D823-4C60-B323-6894CAA52FD8}.Release|Any CPU.ActiveCfg = Release|Any CPU
		{174F83DD-D823-4C60-B323-6894CAA52FD8}.Release|Any CPU.Build.0 = Release|Any CPU
		{174F83DD-D823-4C60-B323-6894CAA52FD8}.Release|ARM.ActiveCfg = Release|Any CPU
		{174F83DD-D823-4C60-B323-6894CAA52FD8}.Release|ARM.Build.0 = Release|Any CPU
		{174F83DD-D823-4C60-B323-6894CAA52FD8}.Release|ARM64.ActiveCfg = Release|Any CPU
		{174F83DD-D823-4C60-B323-6894CAA52FD8}.Release|ARM64.Build.0 = Release|Any CPU
		{174F83DD-D823-4C60-B323-6894CAA52FD8}.Release|iPhone.ActiveCfg = Release|Any CPU
		{174F83DD-D823-4C60-B323-6894CAA52FD8}.Release|iPhone.Build.0 = Release|Any CPU
		{174F83DD-D823-4C60-B323-6894CAA52FD8}.Release|iPhoneSimulator.ActiveCfg = Release|Any CPU
		{174F83DD-D823-4C60-B323-6894CAA52FD8}.Release|iPhoneSimulator.Build.0 = Release|Any CPU
		{174F83DD-D823-4C60-B323-6894CAA52FD8}.Release|x64.ActiveCfg = Release|Any CPU
		{174F83DD-D823-4C60-B323-6894CAA52FD8}.Release|x64.Build.0 = Release|Any CPU
		{174F83DD-D823-4C60-B323-6894CAA52FD8}.Release|x86.ActiveCfg = Release|Any CPU
		{174F83DD-D823-4C60-B323-6894CAA52FD8}.Release|x86.Build.0 = Release|Any CPU
		{67A6CDC7-7164-463A-B5AB-98BA4B0D359B}.Debug|Any CPU.ActiveCfg = Debug|Any CPU
		{67A6CDC7-7164-463A-B5AB-98BA4B0D359B}.Debug|Any CPU.Build.0 = Debug|Any CPU
		{67A6CDC7-7164-463A-B5AB-98BA4B0D359B}.Debug|ARM.ActiveCfg = Debug|Any CPU
		{67A6CDC7-7164-463A-B5AB-98BA4B0D359B}.Debug|ARM.Build.0 = Debug|Any CPU
		{67A6CDC7-7164-463A-B5AB-98BA4B0D359B}.Debug|ARM64.ActiveCfg = Debug|Any CPU
		{67A6CDC7-7164-463A-B5AB-98BA4B0D359B}.Debug|ARM64.Build.0 = Debug|Any CPU
		{67A6CDC7-7164-463A-B5AB-98BA4B0D359B}.Debug|iPhone.ActiveCfg = Debug|Any CPU
		{67A6CDC7-7164-463A-B5AB-98BA4B0D359B}.Debug|iPhone.Build.0 = Debug|Any CPU
		{67A6CDC7-7164-463A-B5AB-98BA4B0D359B}.Debug|iPhoneSimulator.ActiveCfg = Debug|Any CPU
		{67A6CDC7-7164-463A-B5AB-98BA4B0D359B}.Debug|iPhoneSimulator.Build.0 = Debug|Any CPU
		{67A6CDC7-7164-463A-B5AB-98BA4B0D359B}.Debug|x64.ActiveCfg = Debug|Any CPU
		{67A6CDC7-7164-463A-B5AB-98BA4B0D359B}.Debug|x64.Build.0 = Debug|Any CPU
		{67A6CDC7-7164-463A-B5AB-98BA4B0D359B}.Debug|x86.ActiveCfg = Debug|Any CPU
		{67A6CDC7-7164-463A-B5AB-98BA4B0D359B}.Debug|x86.Build.0 = Debug|Any CPU
		{67A6CDC7-7164-463A-B5AB-98BA4B0D359B}.Release|Any CPU.ActiveCfg = Release|Any CPU
		{67A6CDC7-7164-463A-B5AB-98BA4B0D359B}.Release|Any CPU.Build.0 = Release|Any CPU
		{67A6CDC7-7164-463A-B5AB-98BA4B0D359B}.Release|ARM.ActiveCfg = Release|Any CPU
		{67A6CDC7-7164-463A-B5AB-98BA4B0D359B}.Release|ARM.Build.0 = Release|Any CPU
		{67A6CDC7-7164-463A-B5AB-98BA4B0D359B}.Release|ARM64.ActiveCfg = Release|Any CPU
		{67A6CDC7-7164-463A-B5AB-98BA4B0D359B}.Release|ARM64.Build.0 = Release|Any CPU
		{67A6CDC7-7164-463A-B5AB-98BA4B0D359B}.Release|iPhone.ActiveCfg = Release|Any CPU
		{67A6CDC7-7164-463A-B5AB-98BA4B0D359B}.Release|iPhone.Build.0 = Release|Any CPU
		{67A6CDC7-7164-463A-B5AB-98BA4B0D359B}.Release|iPhoneSimulator.ActiveCfg = Release|Any CPU
		{67A6CDC7-7164-463A-B5AB-98BA4B0D359B}.Release|iPhoneSimulator.Build.0 = Release|Any CPU
		{67A6CDC7-7164-463A-B5AB-98BA4B0D359B}.Release|x64.ActiveCfg = Release|Any CPU
		{67A6CDC7-7164-463A-B5AB-98BA4B0D359B}.Release|x64.Build.0 = Release|Any CPU
		{67A6CDC7-7164-463A-B5AB-98BA4B0D359B}.Release|x86.ActiveCfg = Release|Any CPU
		{67A6CDC7-7164-463A-B5AB-98BA4B0D359B}.Release|x86.Build.0 = Release|Any CPU
	EndGlobalSection
	GlobalSection(SolutionProperties) = preSolution
		HideSolutionNode = FALSE
	EndGlobalSection
	GlobalSection(NestedProjects) = preSolution
		{2267C81F-C271-4C4D-9742-9BACC151E1CA} = {B138D595-DB4C-408C-B3E8-A85E722C1AD0}
		{174F83DD-D823-4C60-B323-6894CAA52FD8} = {B138D595-DB4C-408C-B3E8-A85E722C1AD0}
		{67A6CDC7-7164-463A-B5AB-98BA4B0D359B} = {B138D595-DB4C-408C-B3E8-A85E722C1AD0}
	EndGlobalSection
	GlobalSection(ExtensibilityGlobals) = postSolution
		SolutionGuid = {F774770C-EF90-4F19-A2DB-DD0100B6ACF7}
	EndGlobalSection
EndGlobal
