
Microsoft Visual Studio Solution File, Format Version 12.00
# Visual Studio Version 17
VisualStudioVersion = 17.0.31825.309
MinimumVisualStudioVersion = 10.0.40219.1
Project("{FAE04EC0-301F-11D3-BF4B-00C04F79EFBC}") = "Sample.Android", "Sample.Android\Sample.Android.csproj", "{A65F46E0-9884-410A-ABAF-075DB1CB07FC}"
EndProject
Project("{FAE04EC0-301F-11D3-BF4B-00C04F79EFBC}") = "Sample.iOS", "Sample.iOS\Sample.iOS.csproj", "{2321E7B4-749E-443E-868D-B9D6543304D9}"
EndProject
Project("{9A19103F-16F7-4668-BE54-9A1E7A4F7556}") = "Sample", "Sample\Sample.csproj", "{C4A94D57-C146-4DE5-A133-30704425FCE7}"
EndProject
Project("{2150E333-8FDC-42A3-9474-1A3956D46DE8}") = "Solution Items", "Solution Items", "{3D65F7B5-71F5-4A09-B9BD-F402FB22F957}"
	ProjectSection(SolutionItems) = preProject
		Directory.build.props = Directory.build.props
		Directory.build.targets = Directory.build.targets
		readme.md = readme.md
	EndProjectSection
EndProject
Project("{2150E333-8FDC-42A3-9474-1A3956D46DE8}") = "libs", "libs", "{B138D595-DB4C-408C-B3E8-A85E722C1AD0}"
EndProject
Project("{9A19103F-16F7-4668-BE54-9A1E7A4F7556}") = "Shiny.Core", "..\..\shiny2\src\Shiny.Core\Shiny.Core.csproj", "{D8AA6765-AFFF-4927-B3AE-84156246BF1A}"
EndProject
Project("{9A19103F-16F7-4668-BE54-9A1E7A4F7556}") = "Shiny.Locations.Common", "..\..\shiny2\src\Shiny.Locations.Common\Shiny.Locations.Common.csproj", "{D9593577-5590-4AE6-86B9-ED0D1181AD88}"
EndProject
Project("{9A19103F-16F7-4668-BE54-9A1E7A4F7556}") = "Shiny.Locations", "..\..\shiny2\src\Shiny.Locations\Shiny.Locations.csproj", "{77E130A9-6C4A-44C4-982C-86DD6E37E671}"
EndProject
Project("{9A19103F-16F7-4668-BE54-9A1E7A4F7556}") = "Shiny.Notifications", "..\..\shiny2\src\Shiny.Notifications\Shiny.Notifications.csproj", "{6ABF790B-F120-4FE8-BCCA-C9BDE376FF3B}"
EndProject
Project("{9A19103F-16F7-4668-BE54-9A1E7A4F7556}") = "Shiny.Jobs", "..\..\shiny2\src\Shiny.Jobs\Shiny.Jobs.csproj", "{860E7265-954D-4107-8DDF-4EFFD19BCBAF}"
EndProject
Global
	GlobalSection(SolutionConfigurationPlatforms) = preSolution
		Debug|Any CPU = Debug|Any CPU
		Debug|ARM = Debug|ARM
		Debug|ARM64 = Debug|ARM64
		Debug|iPhone = Debug|iPhone
		Debug|iPhoneSimulator = Debug|iPhoneSimulator
		Debug|x64 = Debug|x64
		Debug|x86 = Debug|x86
		Release|Any CPU = Release|Any CPU
		Release|ARM = Release|ARM
		Release|ARM64 = Release|ARM64
		Release|iPhone = Release|iPhone
		Release|iPhoneSimulator = Release|iPhoneSimulator
		Release|x64 = Release|x64
		Release|x86 = Release|x86
	EndGlobalSection
	GlobalSection(ProjectConfigurationPlatforms) = postSolution
		{A65F46E0-9884-410A-ABAF-075DB1CB07FC}.Debug|Any CPU.ActiveCfg = Debug|Any CPU
		{A65F46E0-9884-410A-ABAF-075DB1CB07FC}.Debug|Any CPU.Build.0 = Debug|Any CPU
		{A65F46E0-9884-410A-ABAF-075DB1CB07FC}.Debug|Any CPU.Deploy.0 = Debug|Any CPU
		{A65F46E0-9884-410A-ABAF-075DB1CB07FC}.Debug|ARM.ActiveCfg = Debug|Any CPU
		{A65F46E0-9884-410A-ABAF-075DB1CB07FC}.Debug|ARM.Build.0 = Debug|Any CPU
		{A65F46E0-9884-410A-ABAF-075DB1CB07FC}.Debug|ARM.Deploy.0 = Debug|Any CPU
		{A65F46E0-9884-410A-ABAF-075DB1CB07FC}.Debug|ARM64.ActiveCfg = Debug|Any CPU
		{A65F46E0-9884-410A-ABAF-075DB1CB07FC}.Debug|ARM64.Build.0 = Debug|Any CPU
		{A65F46E0-9884-410A-ABAF-075DB1CB07FC}.Debug|ARM64.Deploy.0 = Debug|Any CPU
		{A65F46E0-9884-410A-ABAF-075DB1CB07FC}.Debug|iPhone.ActiveCfg = Debug|Any CPU
		{A65F46E0-9884-410A-ABAF-075DB1CB07FC}.Debug|iPhone.Build.0 = Debug|Any CPU
		{A65F46E0-9884-410A-ABAF-075DB1CB07FC}.Debug|iPhone.Deploy.0 = Debug|Any CPU
		{A65F46E0-9884-410A-ABAF-075DB1CB07FC}.Debug|iPhoneSimulator.ActiveCfg = Debug|Any CPU
		{A65F46E0-9884-410A-ABAF-075DB1CB07FC}.Debug|iPhoneSimulator.Build.0 = Debug|Any CPU
		{A65F46E0-9884-410A-ABAF-075DB1CB07FC}.Debug|iPhoneSimulator.Deploy.0 = Debug|Any CPU
		{A65F46E0-9884-410A-ABAF-075DB1CB07FC}.Debug|x64.ActiveCfg = Debug|Any CPU
		{A65F46E0-9884-410A-ABAF-075DB1CB07FC}.Debug|x64.Build.0 = Debug|Any CPU
		{A65F46E0-9884-410A-ABAF-075DB1CB07FC}.Debug|x64.Deploy.0 = Debug|Any CPU
		{A65F46E0-9884-410A-ABAF-075DB1CB07FC}.Debug|x86.ActiveCfg = Debug|Any CPU
		{A65F46E0-9884-410A-ABAF-075DB1CB07FC}.Debug|x86.Build.0 = Debug|Any CPU
		{A65F46E0-9884-410A-ABAF-075DB1CB07FC}.Debug|x86.Deploy.0 = Debug|Any CPU
		{A65F46E0-9884-410A-ABAF-075DB1CB07FC}.Release|Any CPU.ActiveCfg = Release|Any CPU
		{A65F46E0-9884-410A-ABAF-075DB1CB07FC}.Release|Any CPU.Build.0 = Release|Any CPU
		{A65F46E0-9884-410A-ABAF-075DB1CB07FC}.Release|Any CPU.Deploy.0 = Release|Any CPU
		{A65F46E0-9884-410A-ABAF-075DB1CB07FC}.Release|ARM.ActiveCfg = Release|Any CPU
		{A65F46E0-9884-410A-ABAF-075DB1CB07FC}.Release|ARM.Build.0 = Release|Any CPU
		{A65F46E0-9884-410A-ABAF-075DB1CB07FC}.Release|ARM.Deploy.0 = Release|Any CPU
		{A65F46E0-9884-410A-ABAF-075DB1CB07FC}.Release|ARM64.ActiveCfg = Release|Any CPU
		{A65F46E0-9884-410A-ABAF-075DB1CB07FC}.Release|ARM64.Build.0 = Release|Any CPU
		{A65F46E0-9884-410A-ABAF-075DB1CB07FC}.Release|ARM64.Deploy.0 = Release|Any CPU
		{A65F46E0-9884-410A-ABAF-075DB1CB07FC}.Release|iPhone.ActiveCfg = Release|Any CPU
		{A65F46E0-9884-410A-ABAF-075DB1CB07FC}.Release|iPhone.Build.0 = Release|Any CPU
		{A65F46E0-9884-410A-ABAF-075DB1CB07FC}.Release|iPhone.Deploy.0 = Release|Any CPU
		{A65F46E0-9884-410A-ABAF-075DB1CB07FC}.Release|iPhoneSimulator.ActiveCfg = Release|Any CPU
		{A65F46E0-9884-410A-ABAF-075DB1CB07FC}.Release|iPhoneSimulator.Build.0 = Release|Any CPU
		{A65F46E0-9884-410A-ABAF-075DB1CB07FC}.Release|iPhoneSimulator.Deploy.0 = Release|Any CPU
		{A65F46E0-9884-410A-ABAF-075DB1CB07FC}.Release|x64.ActiveCfg = Release|Any CPU
		{A65F46E0-9884-410A-ABAF-075DB1CB07FC}.Release|x64.Build.0 = Release|Any CPU
		{A65F46E0-9884-410A-ABAF-075DB1CB07FC}.Release|x64.Deploy.0 = Release|Any CPU
		{A65F46E0-9884-410A-ABAF-075DB1CB07FC}.Release|x86.ActiveCfg = Release|Any CPU
		{A65F46E0-9884-410A-ABAF-075DB1CB07FC}.Release|x86.Build.0 = Release|Any CPU
		{A65F46E0-9884-410A-ABAF-075DB1CB07FC}.Release|x86.Deploy.0 = Release|Any CPU
		{2321E7B4-749E-443E-868D-B9D6543304D9}.Debug|Any CPU.ActiveCfg = Debug|iPhoneSimulator
		{2321E7B4-749E-443E-868D-B9D6543304D9}.Debug|Any CPU.Build.0 = Debug|iPhoneSimulator
		{2321E7B4-749E-443E-868D-B9D6543304D9}.Debug|Any CPU.Deploy.0 = Debug|iPhoneSimulator
		{2321E7B4-749E-443E-868D-B9D6543304D9}.Debug|ARM.ActiveCfg = Debug|iPhone
		{2321E7B4-749E-443E-868D-B9D6543304D9}.Debug|ARM.Build.0 = Debug|iPhone
		{2321E7B4-749E-443E-868D-B9D6543304D9}.Debug|ARM.Deploy.0 = Debug|iPhone
		{2321E7B4-749E-443E-868D-B9D6543304D9}.Debug|ARM64.ActiveCfg = Debug|iPhoneSimulator
		{2321E7B4-749E-443E-868D-B9D6543304D9}.Debug|iPhone.ActiveCfg = Debug|iPhone
		{2321E7B4-749E-443E-868D-B9D6543304D9}.Debug|iPhone.Build.0 = Debug|iPhone
		{2321E7B4-749E-443E-868D-B9D6543304D9}.Debug|iPhone.Deploy.0 = Debug|iPhone
		{2321E7B4-749E-443E-868D-B9D6543304D9}.Debug|iPhoneSimulator.ActiveCfg = Debug|iPhoneSimulator
		{2321E7B4-749E-443E-868D-B9D6543304D9}.Debug|iPhoneSimulator.Build.0 = Debug|iPhoneSimulator
		{2321E7B4-749E-443E-868D-B9D6543304D9}.Debug|iPhoneSimulator.Deploy.0 = Debug|iPhoneSimulator
		{2321E7B4-749E-443E-868D-B9D6543304D9}.Debug|x64.ActiveCfg = Debug|iPhoneSimulator
		{2321E7B4-749E-443E-868D-B9D6543304D9}.Debug|x64.Build.0 = Debug|iPhoneSimulator
		{2321E7B4-749E-443E-868D-B9D6543304D9}.Debug|x64.Deploy.0 = Debug|iPhoneSimulator
		{2321E7B4-749E-443E-868D-B9D6543304D9}.Debug|x86.ActiveCfg = Debug|iPhoneSimulator
		{2321E7B4-749E-443E-868D-B9D6543304D9}.Debug|x86.Build.0 = Debug|iPhoneSimulator
		{2321E7B4-749E-443E-868D-B9D6543304D9}.Debug|x86.Deploy.0 = Debug|iPhoneSimulator
		{2321E7B4-749E-443E-868D-B9D6543304D9}.Release|Any CPU.ActiveCfg = Release|iPhoneSimulator
		{2321E7B4-749E-443E-868D-B9D6543304D9}.Release|Any CPU.Build.0 = Release|iPhoneSimulator
		{2321E7B4-749E-443E-868D-B9D6543304D9}.Release|Any CPU.Deploy.0 = Release|iPhoneSimulator
		{2321E7B4-749E-443E-868D-B9D6543304D9}.Release|ARM.ActiveCfg = Release|iPhoneSimulator
		{2321E7B4-749E-443E-868D-B9D6543304D9}.Release|ARM.Build.0 = Release|iPhoneSimulator
		{2321E7B4-749E-443E-868D-B9D6543304D9}.Release|ARM.Deploy.0 = Release|iPhoneSimulator
		{2321E7B4-749E-443E-868D-B9D6543304D9}.Release|ARM64.ActiveCfg = Release|iPhoneSimulator
		{2321E7B4-749E-443E-868D-B9D6543304D9}.Release|iPhone.ActiveCfg = Release|iPhone
		{2321E7B4-749E-443E-868D-B9D6543304D9}.Release|iPhone.Build.0 = Release|iPhone
		{2321E7B4-749E-443E-868D-B9D6543304D9}.Release|iPhone.Deploy.0 = Release|iPhone
		{2321E7B4-749E-443E-868D-B9D6543304D9}.Release|iPhoneSimulator.ActiveCfg = Release|iPhoneSimulator
		{2321E7B4-749E-443E-868D-B9D6543304D9}.Release|iPhoneSimulator.Build.0 = Release|iPhoneSimulator
		{2321E7B4-749E-443E-868D-B9D6543304D9}.Release|iPhoneSimulator.Deploy.0 = Release|iPhoneSimulator
		{2321E7B4-749E-443E-868D-B9D6543304D9}.Release|x64.ActiveCfg = Release|iPhoneSimulator
		{2321E7B4-749E-443E-868D-B9D6543304D9}.Release|x64.Build.0 = Release|iPhoneSimulator
		{2321E7B4-749E-443E-868D-B9D6543304D9}.Release|x64.Deploy.0 = Release|iPhoneSimulator
		{2321E7B4-749E-443E-868D-B9D6543304D9}.Release|x86.ActiveCfg = Release|iPhoneSimulator
		{2321E7B4-749E-443E-868D-B9D6543304D9}.Release|x86.Build.0 = Release|iPhoneSimulator
		{2321E7B4-749E-443E-868D-B9D6543304D9}.Release|x86.Deploy.0 = Release|iPhoneSimulator
		{C4A94D57-C146-4DE5-A133-30704425FCE7}.Debug|Any CPU.ActiveCfg = Debug|Any CPU
		{C4A94D57-C146-4DE5-A133-30704425FCE7}.Debug|Any CPU.Build.0 = Debug|Any CPU
		{C4A94D57-C146-4DE5-A133-30704425FCE7}.Debug|Any CPU.Deploy.0 = Debug|Any CPU
		{C4A94D57-C146-4DE5-A133-30704425FCE7}.Debug|ARM.ActiveCfg = Debug|Any CPU
		{C4A94D57-C146-4DE5-A133-30704425FCE7}.Debug|ARM.Build.0 = Debug|Any CPU
		{C4A94D57-C146-4DE5-A133-30704425FCE7}.Debug|ARM.Deploy.0 = Debug|Any CPU
		{C4A94D57-C146-4DE5-A133-30704425FCE7}.Debug|ARM64.ActiveCfg = Debug|Any CPU
		{C4A94D57-C146-4DE5-A133-30704425FCE7}.Debug|ARM64.Build.0 = Debug|Any CPU
		{C4A94D57-C146-4DE5-A133-30704425FCE7}.Debug|iPhone.ActiveCfg = Debug|Any CPU
		{C4A94D57-C146-4DE5-A133-30704425FCE7}.Debug|iPhone.Build.0 = Debug|Any CPU
		{C4A94D57-C146-4DE5-A133-30704425FCE7}.Debug|iPhone.Deploy.0 = Debug|Any CPU
		{C4A94D57-C146-4DE5-A133-30704425FCE7}.Debug|iPhoneSimulator.ActiveCfg = Debug|Any CPU
		{C4A94D57-C146-4DE5-A133-30704425FCE7}.Debug|iPhoneSimulator.Build.0 = Debug|Any CPU
		{C4A94D57-C146-4DE5-A133-30704425FCE7}.Debug|iPhoneSimulator.Deploy.0 = Debug|Any CPU
		{C4A94D57-C146-4DE5-A133-30704425FCE7}.Debug|x64.ActiveCfg = Debug|Any CPU
		{C4A94D57-C146-4DE5-A133-30704425FCE7}.Debug|x64.Build.0 = Debug|Any CPU
		{C4A94D57-C146-4DE5-A133-30704425FCE7}.Debug|x64.Deploy.0 = Debug|Any CPU
		{C4A94D57-C146-4DE5-A133-30704425FCE7}.Debug|x86.ActiveCfg = Debug|Any CPU
		{C4A94D57-C146-4DE5-A133-30704425FCE7}.Debug|x86.Build.0 = Debug|Any CPU
		{C4A94D57-C146-4DE5-A133-30704425FCE7}.Debug|x86.Deploy.0 = Debug|Any CPU
		{C4A94D57-C146-4DE5-A133-30704425FCE7}.Release|Any CPU.ActiveCfg = Release|Any CPU
		{C4A94D57-C146-4DE5-A133-30704425FCE7}.Release|Any CPU.Build.0 = Release|Any CPU
		{C4A94D57-C146-4DE5-A133-30704425FCE7}.Release|Any CPU.Deploy.0 = Release|Any CPU
		{C4A94D57-C146-4DE5-A133-30704425FCE7}.Release|ARM.ActiveCfg = Release|Any CPU
		{C4A94D57-C146-4DE5-A133-30704425FCE7}.Release|ARM.Build.0 = Release|Any CPU
		{C4A94D57-C146-4DE5-A133-30704425FCE7}.Release|ARM.Deploy.0 = Release|Any CPU
		{C4A94D57-C146-4DE5-A133-30704425FCE7}.Release|ARM64.ActiveCfg = Release|Any CPU
		{C4A94D57-C146-4DE5-A133-30704425FCE7}.Release|ARM64.Build.0 = Release|Any CPU
		{C4A94D57-C146-4DE5-A133-30704425FCE7}.Release|iPhone.ActiveCfg = Release|Any CPU
		{C4A94D57-C146-4DE5-A133-30704425FCE7}.Release|iPhone.Build.0 = Release|Any CPU
		{C4A94D57-C146-4DE5-A133-30704425FCE7}.Release|iPhone.Deploy.0 = Release|Any CPU
		{C4A94D57-C146-4DE5-A133-30704425FCE7}.Release|iPhoneSimulator.ActiveCfg = Release|Any CPU
		{C4A94D57-C146-4DE5-A133-30704425FCE7}.Release|iPhoneSimulator.Build.0 = Release|Any CPU
		{C4A94D57-C146-4DE5-A133-30704425FCE7}.Release|iPhoneSimulator.Deploy.0 = Release|Any CPU
		{C4A94D57-C146-4DE5-A133-30704425FCE7}.Release|x64.ActiveCfg = Release|Any CPU
		{C4A94D57-C146-4DE5-A133-30704425FCE7}.Release|x64.Build.0 = Release|Any CPU
		{C4A94D57-C146-4DE5-A133-30704425FCE7}.Release|x64.Deploy.0 = Release|Any CPU
		{C4A94D57-C146-4DE5-A133-30704425FCE7}.Release|x86.ActiveCfg = Release|Any CPU
		{C4A94D57-C146-4DE5-A133-30704425FCE7}.Release|x86.Build.0 = Release|Any CPU
		{C4A94D57-C146-4DE5-A133-30704425FCE7}.Release|x86.Deploy.0 = Release|Any CPU
		{D8AA6765-AFFF-4927-B3AE-84156246BF1A}.Debug|Any CPU.ActiveCfg = Debug|Any CPU
		{D8AA6765-AFFF-4927-B3AE-84156246BF1A}.Debug|Any CPU.Build.0 = Debug|Any CPU
		{D8AA6765-AFFF-4927-B3AE-84156246BF1A}.Debug|ARM.ActiveCfg = Debug|Any CPU
		{D8AA6765-AFFF-4927-B3AE-84156246BF1A}.Debug|ARM.Build.0 = Debug|Any CPU
		{D8AA6765-AFFF-4927-B3AE-84156246BF1A}.Debug|ARM64.ActiveCfg = Debug|Any CPU
		{D8AA6765-AFFF-4927-B3AE-84156246BF1A}.Debug|ARM64.Build.0 = Debug|Any CPU
		{D8AA6765-AFFF-4927-B3AE-84156246BF1A}.Debug|iPhone.ActiveCfg = Debug|Any CPU
		{D8AA6765-AFFF-4927-B3AE-84156246BF1A}.Debug|iPhone.Build.0 = Debug|Any CPU
		{D8AA6765-AFFF-4927-B3AE-84156246BF1A}.Debug|iPhoneSimulator.ActiveCfg = Debug|Any CPU
		{D8AA6765-AFFF-4927-B3AE-84156246BF1A}.Debug|iPhoneSimulator.Build.0 = Debug|Any CPU
		{D8AA6765-AFFF-4927-B3AE-84156246BF1A}.Debug|x64.ActiveCfg = Debug|Any CPU
		{D8AA6765-AFFF-4927-B3AE-84156246BF1A}.Debug|x64.Build.0 = Debug|Any CPU
		{D8AA6765-AFFF-4927-B3AE-84156246BF1A}.Debug|x86.ActiveCfg = Debug|Any CPU
		{D8AA6765-AFFF-4927-B3AE-84156246BF1A}.Debug|x86.Build.0 = Debug|Any CPU
		{D8AA6765-AFFF-4927-B3AE-84156246BF1A}.Release|Any CPU.ActiveCfg = Release|Any CPU
		{D8AA6765-AFFF-4927-B3AE-84156246BF1A}.Release|Any CPU.Build.0 = Release|Any CPU
		{D8AA6765-AFFF-4927-B3AE-84156246BF1A}.Release|ARM.ActiveCfg = Release|Any CPU
		{D8AA6765-AFFF-4927-B3AE-84156246BF1A}.Release|ARM.Build.0 = Release|Any CPU
		{D8AA6765-AFFF-4927-B3AE-84156246BF1A}.Release|ARM64.ActiveCfg = Release|Any CPU
		{D8AA6765-AFFF-4927-B3AE-84156246BF1A}.Release|ARM64.Build.0 = Release|Any CPU
		{D8AA6765-AFFF-4927-B3AE-84156246BF1A}.Release|iPhone.ActiveCfg = Release|Any CPU
		{D8AA6765-AFFF-4927-B3AE-84156246BF1A}.Release|iPhone.Build.0 = Release|Any CPU
		{D8AA6765-AFFF-4927-B3AE-84156246BF1A}.Release|iPhoneSimulator.ActiveCfg = Release|Any CPU
		{D8AA6765-AFFF-4927-B3AE-84156246BF1A}.Release|iPhoneSimulator.Build.0 = Release|Any CPU
		{D8AA6765-AFFF-4927-B3AE-84156246BF1A}.Release|x64.ActiveCfg = Release|Any CPU
		{D8AA6765-AFFF-4927-B3AE-84156246BF1A}.Release|x64.Build.0 = Release|Any CPU
		{D8AA6765-AFFF-4927-B3AE-84156246BF1A}.Release|x86.ActiveCfg = Release|Any CPU
		{D8AA6765-AFFF-4927-B3AE-84156246BF1A}.Release|x86.Build.0 = Release|Any CPU
		{D9593577-5590-4AE6-86B9-ED0D1181AD88}.Debug|Any CPU.ActiveCfg = Debug|Any CPU
		{D9593577-5590-4AE6-86B9-ED0D1181AD88}.Debug|Any CPU.Build.0 = Debug|Any CPU
		{D9593577-5590-4AE6-86B9-ED0D1181AD88}.Debug|ARM.ActiveCfg = Debug|Any CPU
		{D9593577-5590-4AE6-86B9-ED0D1181AD88}.Debug|ARM.Build.0 = Debug|Any CPU
		{D9593577-5590-4AE6-86B9-ED0D1181AD88}.Debug|ARM64.ActiveCfg = Debug|Any CPU
		{D9593577-5590-4AE6-86B9-ED0D1181AD88}.Debug|ARM64.Build.0 = Debug|Any CPU
		{D9593577-5590-4AE6-86B9-ED0D1181AD88}.Debug|iPhone.ActiveCfg = Debug|Any CPU
		{D9593577-5590-4AE6-86B9-ED0D1181AD88}.Debug|iPhone.Build.0 = Debug|Any CPU
		{D9593577-5590-4AE6-86B9-ED0D1181AD88}.Debug|iPhoneSimulator.ActiveCfg = Debug|Any CPU
		{D9593577-5590-4AE6-86B9-ED0D1181AD88}.Debug|iPhoneSimulator.Build.0 = Debug|Any CPU
		{D9593577-5590-4AE6-86B9-ED0D1181AD88}.Debug|x64.ActiveCfg = Debug|Any CPU
		{D9593577-5590-4AE6-86B9-ED0D1181AD88}.Debug|x64.Build.0 = Debug|Any CPU
		{D9593577-5590-4AE6-86B9-ED0D1181AD88}.Debug|x86.ActiveCfg = Debug|Any CPU
		{D9593577-5590-4AE6-86B9-ED0D1181AD88}.Debug|x86.Build.0 = Debug|Any CPU
		{D9593577-5590-4AE6-86B9-ED0D1181AD88}.Release|Any CPU.ActiveCfg = Release|Any CPU
		{D9593577-5590-4AE6-86B9-ED0D1181AD88}.Release|Any CPU.Build.0 = Release|Any CPU
		{D9593577-5590-4AE6-86B9-ED0D1181AD88}.Release|ARM.ActiveCfg = Release|Any CPU
		{D9593577-5590-4AE6-86B9-ED0D1181AD88}.Release|ARM.Build.0 = Release|Any CPU
		{D9593577-5590-4AE6-86B9-ED0D1181AD88}.Release|ARM64.ActiveCfg = Release|Any CPU
		{D9593577-5590-4AE6-86B9-ED0D1181AD88}.Release|ARM64.Build.0 = Release|Any CPU
		{D9593577-5590-4AE6-86B9-ED0D1181AD88}.Release|iPhone.ActiveCfg = Release|Any CPU
		{D9593577-5590-4AE6-86B9-ED0D1181AD88}.Release|iPhone.Build.0 = Release|Any CPU
		{D9593577-5590-4AE6-86B9-ED0D1181AD88}.Release|iPhoneSimulator.ActiveCfg = Release|Any CPU
		{D9593577-5590-4AE6-86B9-ED0D1181AD88}.Release|iPhoneSimulator.Build.0 = Release|Any CPU
		{D9593577-5590-4AE6-86B9-ED0D1181AD88}.Release|x64.ActiveCfg = Release|Any CPU
		{D9593577-5590-4AE6-86B9-ED0D1181AD88}.Release|x64.Build.0 = Release|Any CPU
		{D9593577-5590-4AE6-86B9-ED0D1181AD88}.Release|x86.ActiveCfg = Release|Any CPU
		{D9593577-5590-4AE6-86B9-ED0D1181AD88}.Release|x86.Build.0 = Release|Any CPU
		{77E130A9-6C4A-44C4-982C-86DD6E37E671}.Debug|Any CPU.ActiveCfg = Debug|Any CPU
		{77E130A9-6C4A-44C4-982C-86DD6E37E671}.Debug|Any CPU.Build.0 = Debug|Any CPU
		{77E130A9-6C4A-44C4-982C-86DD6E37E671}.Debug|ARM.ActiveCfg = Debug|Any CPU
		{77E130A9-6C4A-44C4-982C-86DD6E37E671}.Debug|ARM.Build.0 = Debug|Any CPU
		{77E130A9-6C4A-44C4-982C-86DD6E37E671}.Debug|ARM64.ActiveCfg = Debug|Any CPU
		{77E130A9-6C4A-44C4-982C-86DD6E37E671}.Debug|ARM64.Build.0 = Debug|Any CPU
		{77E130A9-6C4A-44C4-982C-86DD6E37E671}.Debug|iPhone.ActiveCfg = Debug|Any CPU
		{77E130A9-6C4A-44C4-982C-86DD6E37E671}.Debug|iPhone.Build.0 = Debug|Any CPU
		{77E130A9-6C4A-44C4-982C-86DD6E37E671}.Debug|iPhoneSimulator.ActiveCfg = Debug|Any CPU
		{77E130A9-6C4A-44C4-982C-86DD6E37E671}.Debug|iPhoneSimulator.Build.0 = Debug|Any CPU
		{77E130A9-6C4A-44C4-982C-86DD6E37E671}.Debug|x64.ActiveCfg = Debug|Any CPU
		{77E130A9-6C4A-44C4-982C-86DD6E37E671}.Debug|x64.Build.0 = Debug|Any CPU
		{77E130A9-6C4A-44C4-982C-86DD6E37E671}.Debug|x86.ActiveCfg = Debug|Any CPU
		{77E130A9-6C4A-44C4-982C-86DD6E37E671}.Debug|x86.Build.0 = Debug|Any CPU
		{77E130A9-6C4A-44C4-982C-86DD6E37E671}.Release|Any CPU.ActiveCfg = Release|Any CPU
		{77E130A9-6C4A-44C4-982C-86DD6E37E671}.Release|Any CPU.Build.0 = Release|Any CPU
		{77E130A9-6C4A-44C4-982C-86DD6E37E671}.Release|ARM.ActiveCfg = Release|Any CPU
		{77E130A9-6C4A-44C4-982C-86DD6E37E671}.Release|ARM.Build.0 = Release|Any CPU
		{77E130A9-6C4A-44C4-982C-86DD6E37E671}.Release|ARM64.ActiveCfg = Release|Any CPU
		{77E130A9-6C4A-44C4-982C-86DD6E37E671}.Release|ARM64.Build.0 = Release|Any CPU
		{77E130A9-6C4A-44C4-982C-86DD6E37E671}.Release|iPhone.ActiveCfg = Release|Any CPU
		{77E130A9-6C4A-44C4-982C-86DD6E37E671}.Release|iPhone.Build.0 = Release|Any CPU
		{77E130A9-6C4A-44C4-982C-86DD6E37E671}.Release|iPhoneSimulator.ActiveCfg = Release|Any CPU
		{77E130A9-6C4A-44C4-982C-86DD6E37E671}.Release|iPhoneSimulator.Build.0 = Release|Any CPU
		{77E130A9-6C4A-44C4-982C-86DD6E37E671}.Release|x64.ActiveCfg = Release|Any CPU
		{77E130A9-6C4A-44C4-982C-86DD6E37E671}.Release|x64.Build.0 = Release|Any CPU
		{77E130A9-6C4A-44C4-982C-86DD6E37E671}.Release|x86.ActiveCfg = Release|Any CPU
		{77E130A9-6C4A-44C4-982C-86DD6E37E671}.Release|x86.Build.0 = Release|Any CPU
		{6ABF790B-F120-4FE8-BCCA-C9BDE376FF3B}.Debug|Any CPU.ActiveCfg = Debug|Any CPU
		{6ABF790B-F120-4FE8-BCCA-C9BDE376FF3B}.Debug|Any CPU.Build.0 = Debug|Any CPU
		{6ABF790B-F120-4FE8-BCCA-C9BDE376FF3B}.Debug|ARM.ActiveCfg = Debug|Any CPU
		{6ABF790B-F120-4FE8-BCCA-C9BDE376FF3B}.Debug|ARM.Build.0 = Debug|Any CPU
		{6ABF790B-F120-4FE8-BCCA-C9BDE376FF3B}.Debug|ARM64.ActiveCfg = Debug|Any CPU
		{6ABF790B-F120-4FE8-BCCA-C9BDE376FF3B}.Debug|ARM64.Build.0 = Debug|Any CPU
		{6ABF790B-F120-4FE8-BCCA-C9BDE376FF3B}.Debug|iPhone.ActiveCfg = Debug|Any CPU
		{6ABF790B-F120-4FE8-BCCA-C9BDE376FF3B}.Debug|iPhone.Build.0 = Debug|Any CPU
		{6ABF790B-F120-4FE8-BCCA-C9BDE376FF3B}.Debug|iPhoneSimulator.ActiveCfg = Debug|Any CPU
		{6ABF790B-F120-4FE8-BCCA-C9BDE376FF3B}.Debug|iPhoneSimulator.Build.0 = Debug|Any CPU
		{6ABF790B-F120-4FE8-BCCA-C9BDE376FF3B}.Debug|x64.ActiveCfg = Debug|Any CPU
		{6ABF790B-F120-4FE8-BCCA-C9BDE376FF3B}.Debug|x64.Build.0 = Debug|Any CPU
		{6ABF790B-F120-4FE8-BCCA-C9BDE376FF3B}.Debug|x86.ActiveCfg = Debug|Any CPU
		{6ABF790B-F120-4FE8-BCCA-C9BDE376FF3B}.Debug|x86.Build.0 = Debug|Any CPU
		{6ABF790B-F120-4FE8-BCCA-C9BDE376FF3B}.Release|Any CPU.ActiveCfg = Release|Any CPU
		{6ABF790B-F120-4FE8-BCCA-C9BDE376FF3B}.Release|Any CPU.Build.0 = Release|Any CPU
		{6ABF790B-F120-4FE8-BCCA-C9BDE376FF3B}.Release|ARM.ActiveCfg = Release|Any CPU
		{6ABF790B-F120-4FE8-BCCA-C9BDE376FF3B}.Release|ARM.Build.0 = Release|Any CPU
		{6ABF790B-F120-4FE8-BCCA-C9BDE376FF3B}.Release|ARM64.ActiveCfg = Release|Any CPU
		{6ABF790B-F120-4FE8-BCCA-C9BDE376FF3B}.Release|ARM64.Build.0 = Release|Any CPU
		{6ABF790B-F120-4FE8-BCCA-C9BDE376FF3B}.Release|iPhone.ActiveCfg = Release|Any CPU
		{6ABF790B-F120-4FE8-BCCA-C9BDE376FF3B}.Release|iPhone.Build.0 = Release|Any CPU
		{6ABF790B-F120-4FE8-BCCA-C9BDE376FF3B}.Release|iPhoneSimulator.ActiveCfg = Release|Any CPU
		{6ABF790B-F120-4FE8-BCCA-C9BDE376FF3B}.Release|iPhoneSimulator.Build.0 = Release|Any CPU
		{6ABF790B-F120-4FE8-BCCA-C9BDE376FF3B}.Release|x64.ActiveCfg = Release|Any CPU
		{6ABF790B-F120-4FE8-BCCA-C9BDE376FF3B}.Release|x64.Build.0 = Release|Any CPU
		{6ABF790B-F120-4FE8-BCCA-C9BDE376FF3B}.Release|x86.ActiveCfg = Release|Any CPU
		{6ABF790B-F120-4FE8-BCCA-C9BDE376FF3B}.Release|x86.Build.0 = Release|Any CPU
		{860E7265-954D-4107-8DDF-4EFFD19BCBAF}.Debug|Any CPU.ActiveCfg = Debug|Any CPU
		{860E7265-954D-4107-8DDF-4EFFD19BCBAF}.Debug|Any CPU.Build.0 = Debug|Any CPU
		{860E7265-954D-4107-8DDF-4EFFD19BCBAF}.Debug|ARM.ActiveCfg = Debug|Any CPU
		{860E7265-954D-4107-8DDF-4EFFD19BCBAF}.Debug|ARM.Build.0 = Debug|Any CPU
		{860E7265-954D-4107-8DDF-4EFFD19BCBAF}.Debug|ARM64.ActiveCfg = Debug|Any CPU
		{860E7265-954D-4107-8DDF-4EFFD19BCBAF}.Debug|ARM64.Build.0 = Debug|Any CPU
		{860E7265-954D-4107-8DDF-4EFFD19BCBAF}.Debug|iPhone.ActiveCfg = Debug|Any CPU
		{860E7265-954D-4107-8DDF-4EFFD19BCBAF}.Debug|iPhone.Build.0 = Debug|Any CPU
		{860E7265-954D-4107-8DDF-4EFFD19BCBAF}.Debug|iPhoneSimulator.ActiveCfg = Debug|Any CPU
		{860E7265-954D-4107-8DDF-4EFFD19BCBAF}.Debug|iPhoneSimulator.Build.0 = Debug|Any CPU
		{860E7265-954D-4107-8DDF-4EFFD19BCBAF}.Debug|x64.ActiveCfg = Debug|Any CPU
		{860E7265-954D-4107-8DDF-4EFFD19BCBAF}.Debug|x64.Build.0 = Debug|Any CPU
		{860E7265-954D-4107-8DDF-4EFFD19BCBAF}.Debug|x86.ActiveCfg = Debug|Any CPU
		{860E7265-954D-4107-8DDF-4EFFD19BCBAF}.Debug|x86.Build.0 = Debug|Any CPU
		{860E7265-954D-4107-8DDF-4EFFD19BCBAF}.Release|Any CPU.ActiveCfg = Release|Any CPU
		{860E7265-954D-4107-8DDF-4EFFD19BCBAF}.Release|Any CPU.Build.0 = Release|Any CPU
		{860E7265-954D-4107-8DDF-4EFFD19BCBAF}.Release|ARM.ActiveCfg = Release|Any CPU
		{860E7265-954D-4107-8DDF-4EFFD19BCBAF}.Release|ARM.Build.0 = Release|Any CPU
		{860E7265-954D-4107-8DDF-4EFFD19BCBAF}.Release|ARM64.ActiveCfg = Release|Any CPU
		{860E7265-954D-4107-8DDF-4EFFD19BCBAF}.Release|ARM64.Build.0 = Release|Any CPU
		{860E7265-954D-4107-8DDF-4EFFD19BCBAF}.Release|iPhone.ActiveCfg = Release|Any CPU
		{860E7265-954D-4107-8DDF-4EFFD19BCBAF}.Release|iPhone.Build.0 = Release|Any CPU
		{860E7265-954D-4107-8DDF-4EFFD19BCBAF}.Release|iPhoneSimulator.ActiveCfg = Release|Any CPU
		{860E7265-954D-4107-8DDF-4EFFD19BCBAF}.Release|iPhoneSimulator.Build.0 = Release|Any CPU
		{860E7265-954D-4107-8DDF-4EFFD19BCBAF}.Release|x64.ActiveCfg = Release|Any CPU
		{860E7265-954D-4107-8DDF-4EFFD19BCBAF}.Release|x64.Build.0 = Release|Any CPU
		{860E7265-954D-4107-8DDF-4EFFD19BCBAF}.Release|x86.ActiveCfg = Release|Any CPU
		{860E7265-954D-4107-8DDF-4EFFD19BCBAF}.Release|x86.Build.0 = Release|Any CPU
	EndGlobalSection
	GlobalSection(SolutionProperties) = preSolution
		HideSolutionNode = FALSE
	EndGlobalSection
	GlobalSection(NestedProjects) = preSolution
		{D8AA6765-AFFF-4927-B3AE-84156246BF1A} = {B138D595-DB4C-408C-B3E8-A85E722C1AD0}
		{D9593577-5590-4AE6-86B9-ED0D1181AD88} = {B138D595-DB4C-408C-B3E8-A85E722C1AD0}
		{77E130A9-6C4A-44C4-982C-86DD6E37E671} = {B138D595-DB4C-408C-B3E8-A85E722C1AD0}
		{6ABF790B-F120-4FE8-BCCA-C9BDE376FF3B} = {B138D595-DB4C-408C-B3E8-A85E722C1AD0}
		{860E7265-954D-4107-8DDF-4EFFD19BCBAF} = {B138D595-DB4C-408C-B3E8-A85E722C1AD0}
	EndGlobalSection
	GlobalSection(ExtensibilityGlobals) = postSolution
		SolutionGuid = {F774770C-EF90-4F19-A2DB-DD0100B6ACF7}
	EndGlobalSection
EndGlobal
