
Microsoft Visual Studio Solution File, Format Version 12.00
# Visual Studio Version 17
VisualStudioVersion = 17.0.31825.309
MinimumVisualStudioVersion = 10.0.40219.1
Project("{FAE04EC0-301F-11D3-BF4B-00C04F79EFBC}") = "Sample.Android", "Sample.Android\Sample.Android.csproj", "{A65F46E0-9884-410A-ABAF-075DB1CB07FC}"
EndProject
Project("{FAE04EC0-301F-11D3-BF4B-00C04F79EFBC}") = "Sample.iOS", "Sample.iOS\Sample.iOS.csproj", "{2321E7B4-749E-443E-868D-B9D6543304D9}"
EndProject
Project("{9A19103F-16F7-4668-BE54-9A1E7A4F7556}") = "Sample", "Sample\Sample.csproj", "{C4A94D57-C146-4DE5-A133-30704425FCE7}"
EndProject
Project("{2150E333-8FDC-42A3-9474-1A3956D46DE8}") = "Solution Items", "Solution Items", "{3D65F7B5-71F5-4A09-B9BD-F402FB22F957}"
	ProjectSection(SolutionItems) = preProject
		readme.md = readme.md
	EndProjectSection
EndProject
Project("{9A19103F-16F7-4668-BE54-9A1E7A4F7556}") = "Sample.Web", "Sample.Web\Sample.Web.csproj", "{9B3D9C88-34BB-4CAB-9C19-78B0C803A850}"
EndProject
Project("{9A19103F-16F7-4668-BE54-9A1E7A4F7556}") = "Sample.Shared", "..\_Template\Sample.Shared\Sample.Shared.csproj", "{954EAC86-7781-4A2C-AAED-48A1FE1822BB}"
EndProject
Project("{2150E333-8FDC-42A3-9474-1A3956D46DE8}") = "libs", "libs", "{AED45A3B-8650-4F63-9332-D063D2456C66}"
EndProject
Project("{9A19103F-16F7-4668-BE54-9A1E7A4F7556}") = "Shiny.Core", "..\..\shinylibs\shiny\src\Shiny.Core\Shiny.Core.csproj", "{DEF5C29E-0B65-423C-A590-76D8FFECDE44}"
EndProject
Project("{9A19103F-16F7-4668-BE54-9A1E7A4F7556}") = "Shiny.Net.Http", "..\..\shinylibs\shiny\src\Shiny.Net.Http\Shiny.Net.Http.csproj", "{55D21533-3710-4C7B-83B7-1DA6A386367C}"
EndProject
Project("{9A19103F-16F7-4668-BE54-9A1E7A4F7556}") = "Shiny.Notifications", "..\..\shinylibs\shiny\src\Shiny.Notifications\Shiny.Notifications.csproj", "{1850E76C-DFCA-426D-A6B0-E55E4FD81E79}"
EndProject
Global
	GlobalSection(SolutionConfigurationPlatforms) = preSolution
		Debug|Any CPU = Debug|Any CPU
		Debug|ARM = Debug|ARM
		Debug|ARM64 = Debug|ARM64
		Debug|iPhone = Debug|iPhone
		Debug|iPhoneSimulator = Debug|iPhoneSimulator
		Debug|x64 = Debug|x64
		Debug|x86 = Debug|x86
		Release|Any CPU = Release|Any CPU
		Release|ARM = Release|ARM
		Release|ARM64 = Release|ARM64
		Release|iPhone = Release|iPhone
		Release|iPhoneSimulator = Release|iPhoneSimulator
		Release|x64 = Release|x64
		Release|x86 = Release|x86
	EndGlobalSection
	GlobalSection(ProjectConfigurationPlatforms) = postSolution
		{A65F46E0-9884-410A-ABAF-075DB1CB07FC}.Debug|Any CPU.ActiveCfg = Debug|Any CPU
		{A65F46E0-9884-410A-ABAF-075DB1CB07FC}.Debug|Any CPU.Build.0 = Debug|Any CPU
		{A65F46E0-9884-410A-ABAF-075DB1CB07FC}.Debug|Any CPU.Deploy.0 = Debug|Any CPU
		{A65F46E0-9884-410A-ABAF-075DB1CB07FC}.Debug|ARM.ActiveCfg = Debug|Any CPU
		{A65F46E0-9884-410A-ABAF-075DB1CB07FC}.Debug|ARM.Build.0 = Debug|Any CPU
		{A65F46E0-9884-410A-ABAF-075DB1CB07FC}.Debug|ARM.Deploy.0 = Debug|Any CPU
		{A65F46E0-9884-410A-ABAF-075DB1CB07FC}.Debug|ARM64.ActiveCfg = Debug|Any CPU
		{A65F46E0-9884-410A-ABAF-075DB1CB07FC}.Debug|ARM64.Build.0 = Debug|Any CPU
		{A65F46E0-9884-410A-ABAF-075DB1CB07FC}.Debug|ARM64.Deploy.0 = Debug|Any CPU
		{A65F46E0-9884-410A-ABAF-075DB1CB07FC}.Debug|iPhone.ActiveCfg = Debug|Any CPU
		{A65F46E0-9884-410A-ABAF-075DB1CB07FC}.Debug|iPhone.Build.0 = Debug|Any CPU
		{A65F46E0-9884-410A-ABAF-075DB1CB07FC}.Debug|iPhone.Deploy.0 = Debug|Any CPU
		{A65F46E0-9884-410A-ABAF-075DB1CB07FC}.Debug|iPhoneSimulator.ActiveCfg = Debug|Any CPU
		{A65F46E0-9884-410A-ABAF-075DB1CB07FC}.Debug|iPhoneSimulator.Build.0 = Debug|Any CPU
		{A65F46E0-9884-410A-ABAF-075DB1CB07FC}.Debug|iPhoneSimulator.Deploy.0 = Debug|Any CPU
		{A65F46E0-9884-410A-ABAF-075DB1CB07FC}.Debug|x64.ActiveCfg = Debug|Any CPU
		{A65F46E0-9884-410A-ABAF-075DB1CB07FC}.Debug|x64.Build.0 = Debug|Any CPU
		{A65F46E0-9884-410A-ABAF-075DB1CB07FC}.Debug|x64.Deploy.0 = Debug|Any CPU
		{A65F46E0-9884-410A-ABAF-075DB1CB07FC}.Debug|x86.ActiveCfg = Debug|Any CPU
		{A65F46E0-9884-410A-ABAF-075DB1CB07FC}.Debug|x86.Build.0 = Debug|Any CPU
		{A65F46E0-9884-410A-ABAF-075DB1CB07FC}.Debug|x86.Deploy.0 = Debug|Any CPU
		{A65F46E0-9884-410A-ABAF-075DB1CB07FC}.Release|Any CPU.ActiveCfg = Release|Any CPU
		{A65F46E0-9884-410A-ABAF-075DB1CB07FC}.Release|Any CPU.Build.0 = Release|Any CPU
		{A65F46E0-9884-410A-ABAF-075DB1CB07FC}.Release|Any CPU.Deploy.0 = Release|Any CPU
		{A65F46E0-9884-410A-ABAF-075DB1CB07FC}.Release|ARM.ActiveCfg = Release|Any CPU
		{A65F46E0-9884-410A-ABAF-075DB1CB07FC}.Release|ARM.Build.0 = Release|Any CPU
		{A65F46E0-9884-410A-ABAF-075DB1CB07FC}.Release|ARM.Deploy.0 = Release|Any CPU
		{A65F46E0-9884-410A-ABAF-075DB1CB07FC}.Release|ARM64.ActiveCfg = Release|Any CPU
		{A65F46E0-9884-410A-ABAF-075DB1CB07FC}.Release|ARM64.Build.0 = Release|Any CPU
		{A65F46E0-9884-410A-ABAF-075DB1CB07FC}.Release|ARM64.Deploy.0 = Release|Any CPU
		{A65F46E0-9884-410A-ABAF-075DB1CB07FC}.Release|iPhone.ActiveCfg = Release|Any CPU
		{A65F46E0-9884-410A-ABAF-075DB1CB07FC}.Release|iPhone.Build.0 = Release|Any CPU
		{A65F46E0-9884-410A-ABAF-075DB1CB07FC}.Release|iPhone.Deploy.0 = Release|Any CPU
		{A65F46E0-9884-410A-ABAF-075DB1CB07FC}.Release|iPhoneSimulator.ActiveCfg = Release|Any CPU
		{A65F46E0-9884-410A-ABAF-075DB1CB07FC}.Release|iPhoneSimulator.Build.0 = Release|Any CPU
		{A65F46E0-9884-410A-ABAF-075DB1CB07FC}.Release|iPhoneSimulator.Deploy.0 = Release|Any CPU
		{A65F46E0-9884-410A-ABAF-075DB1CB07FC}.Release|x64.ActiveCfg = Release|Any CPU
		{A65F46E0-9884-410A-ABAF-075DB1CB07FC}.Release|x64.Build.0 = Release|Any CPU
		{A65F46E0-9884-410A-ABAF-075DB1CB07FC}.Release|x64.Deploy.0 = Release|Any CPU
		{A65F46E0-9884-410A-ABAF-075DB1CB07FC}.Release|x86.ActiveCfg = Release|Any CPU
		{A65F46E0-9884-410A-ABAF-075DB1CB07FC}.Release|x86.Build.0 = Release|Any CPU
		{A65F46E0-9884-410A-ABAF-075DB1CB07FC}.Release|x86.Deploy.0 = Release|Any CPU
		{2321E7B4-749E-443E-868D-B9D6543304D9}.Debug|Any CPU.ActiveCfg = Debug|iPhoneSimulator
		{2321E7B4-749E-443E-868D-B9D6543304D9}.Debug|Any CPU.Build.0 = Debug|iPhoneSimulator
		{2321E7B4-749E-443E-868D-B9D6543304D9}.Debug|Any CPU.Deploy.0 = Debug|iPhoneSimulator
		{2321E7B4-749E-443E-868D-B9D6543304D9}.Debug|ARM.ActiveCfg = Debug|iPhone
		{2321E7B4-749E-443E-868D-B9D6543304D9}.Debug|ARM.Build.0 = Debug|iPhone
		{2321E7B4-749E-443E-868D-B9D6543304D9}.Debug|ARM.Deploy.0 = Debug|iPhone
		{2321E7B4-749E-443E-868D-B9D6543304D9}.Debug|ARM64.ActiveCfg = Debug|iPhoneSimulator
		{2321E7B4-749E-443E-868D-B9D6543304D9}.Debug|iPhone.ActiveCfg = Debug|iPhone
		{2321E7B4-749E-443E-868D-B9D6543304D9}.Debug|iPhone.Build.0 = Debug|iPhone
		{2321E7B4-749E-443E-868D-B9D6543304D9}.Debug|iPhone.Deploy.0 = Debug|iPhone
		{2321E7B4-749E-443E-868D-B9D6543304D9}.Debug|iPhoneSimulator.ActiveCfg = Debug|iPhoneSimulator
		{2321E7B4-749E-443E-868D-B9D6543304D9}.Debug|iPhoneSimulator.Build.0 = Debug|iPhoneSimulator
		{2321E7B4-749E-443E-868D-B9D6543304D9}.Debug|iPhoneSimulator.Deploy.0 = Debug|iPhoneSimulator
		{2321E7B4-749E-443E-868D-B9D6543304D9}.Debug|x64.ActiveCfg = Debug|iPhoneSimulator
		{2321E7B4-749E-443E-868D-B9D6543304D9}.Debug|x64.Build.0 = Debug|iPhoneSimulator
		{2321E7B4-749E-443E-868D-B9D6543304D9}.Debug|x64.Deploy.0 = Debug|iPhoneSimulator
		{2321E7B4-749E-443E-868D-B9D6543304D9}.Debug|x86.ActiveCfg = Debug|iPhoneSimulator
		{2321E7B4-749E-443E-868D-B9D6543304D9}.Debug|x86.Build.0 = Debug|iPhoneSimulator
		{2321E7B4-749E-443E-868D-B9D6543304D9}.Debug|x86.Deploy.0 = Debug|iPhoneSimulator
		{2321E7B4-749E-443E-868D-B9D6543304D9}.Release|Any CPU.ActiveCfg = Release|iPhoneSimulator
		{2321E7B4-749E-443E-868D-B9D6543304D9}.Release|Any CPU.Build.0 = Release|iPhoneSimulator
		{2321E7B4-749E-443E-868D-B9D6543304D9}.Release|Any CPU.Deploy.0 = Release|iPhoneSimulator
		{2321E7B4-749E-443E-868D-B9D6543304D9}.Release|ARM.ActiveCfg = Release|iPhoneSimulator
		{2321E7B4-749E-443E-868D-B9D6543304D9}.Release|ARM.Build.0 = Release|iPhoneSimulator
		{2321E7B4-749E-443E-868D-B9D6543304D9}.Release|ARM.Deploy.0 = Release|iPhoneSimulator
		{2321E7B4-749E-443E-868D-B9D6543304D9}.Release|ARM64.ActiveCfg = Release|iPhoneSimulator
		{2321E7B4-749E-443E-868D-B9D6543304D9}.Release|iPhone.ActiveCfg = Release|iPhone
		{2321E7B4-749E-443E-868D-B9D6543304D9}.Release|iPhone.Build.0 = Release|iPhone
		{2321E7B4-749E-443E-868D-B9D6543304D9}.Release|iPhone.Deploy.0 = Release|iPhone
		{2321E7B4-749E-443E-868D-B9D6543304D9}.Release|iPhoneSimulator.ActiveCfg = Release|iPhoneSimulator
		{2321E7B4-749E-443E-868D-B9D6543304D9}.Release|iPhoneSimulator.Build.0 = Release|iPhoneSimulator
		{2321E7B4-749E-443E-868D-B9D6543304D9}.Release|iPhoneSimulator.Deploy.0 = Release|iPhoneSimulator
		{2321E7B4-749E-443E-868D-B9D6543304D9}.Release|x64.ActiveCfg = Release|iPhoneSimulator
		{2321E7B4-749E-443E-868D-B9D6543304D9}.Release|x64.Build.0 = Release|iPhoneSimulator
		{2321E7B4-749E-443E-868D-B9D6543304D9}.Release|x64.Deploy.0 = Release|iPhoneSimulator
		{2321E7B4-749E-443E-868D-B9D6543304D9}.Release|x86.ActiveCfg = Release|iPhoneSimulator
		{2321E7B4-749E-443E-868D-B9D6543304D9}.Release|x86.Build.0 = Release|iPhoneSimulator
		{2321E7B4-749E-443E-868D-B9D6543304D9}.Release|x86.Deploy.0 = Release|iPhoneSimulator
		{C4A94D57-C146-4DE5-A133-30704425FCE7}.Debug|Any CPU.ActiveCfg = Debug|Any CPU
		{C4A94D57-C146-4DE5-A133-30704425FCE7}.Debug|Any CPU.Build.0 = Debug|Any CPU
		{C4A94D57-C146-4DE5-A133-30704425FCE7}.Debug|Any CPU.Deploy.0 = Debug|Any CPU
		{C4A94D57-C146-4DE5-A133-30704425FCE7}.Debug|ARM.ActiveCfg = Debug|Any CPU
		{C4A94D57-C146-4DE5-A133-30704425FCE7}.Debug|ARM.Build.0 = Debug|Any CPU
		{C4A94D57-C146-4DE5-A133-30704425FCE7}.Debug|ARM.Deploy.0 = Debug|Any CPU
		{C4A94D57-C146-4DE5-A133-30704425FCE7}.Debug|ARM64.ActiveCfg = Debug|Any CPU
		{C4A94D57-C146-4DE5-A133-30704425FCE7}.Debug|ARM64.Build.0 = Debug|Any CPU
		{C4A94D57-C146-4DE5-A133-30704425FCE7}.Debug|iPhone.ActiveCfg = Debug|Any CPU
		{C4A94D57-C146-4DE5-A133-30704425FCE7}.Debug|iPhone.Build.0 = Debug|Any CPU
		{C4A94D57-C146-4DE5-A133-30704425FCE7}.Debug|iPhone.Deploy.0 = Debug|Any CPU
		{C4A94D57-C146-4DE5-A133-30704425FCE7}.Debug|iPhoneSimulator.ActiveCfg = Debug|Any CPU
		{C4A94D57-C146-4DE5-A133-30704425FCE7}.Debug|iPhoneSimulator.Build.0 = Debug|Any CPU
		{C4A94D57-C146-4DE5-A133-30704425FCE7}.Debug|iPhoneSimulator.Deploy.0 = Debug|Any CPU
		{C4A94D57-C146-4DE5-A133-30704425FCE7}.Debug|x64.ActiveCfg = Debug|Any CPU
		{C4A94D57-C146-4DE5-A133-30704425FCE7}.Debug|x64.Build.0 = Debug|Any CPU
		{C4A94D57-C146-4DE5-A133-30704425FCE7}.Debug|x64.Deploy.0 = Debug|Any CPU
		{C4A94D57-C146-4DE5-A133-30704425FCE7}.Debug|x86.ActiveCfg = Debug|Any CPU
		{C4A94D57-C146-4DE5-A133-30704425FCE7}.Debug|x86.Build.0 = Debug|Any CPU
		{C4A94D57-C146-4DE5-A133-30704425FCE7}.Debug|x86.Deploy.0 = Debug|Any CPU
		{C4A94D57-C146-4DE5-A133-30704425FCE7}.Release|Any CPU.ActiveCfg = Release|Any CPU
		{C4A94D57-C146-4DE5-A133-30704425FCE7}.Release|Any CPU.Build.0 = Release|Any CPU
		{C4A94D57-C146-4DE5-A133-30704425FCE7}.Release|Any CPU.Deploy.0 = Release|Any CPU
		{C4A94D57-C146-4DE5-A133-30704425FCE7}.Release|ARM.ActiveCfg = Release|Any CPU
		{C4A94D57-C146-4DE5-A133-30704425FCE7}.Release|ARM.Build.0 = Release|Any CPU
		{C4A94D57-C146-4DE5-A133-30704425FCE7}.Release|ARM.Deploy.0 = Release|Any CPU
		{C4A94D57-C146-4DE5-A133-30704425FCE7}.Release|ARM64.ActiveCfg = Release|Any CPU
		{C4A94D57-C146-4DE5-A133-30704425FCE7}.Release|ARM64.Build.0 = Release|Any CPU
		{C4A94D57-C146-4DE5-A133-30704425FCE7}.Release|iPhone.ActiveCfg = Release|Any CPU
		{C4A94D57-C146-4DE5-A133-30704425FCE7}.Release|iPhone.Build.0 = Release|Any CPU
		{C4A94D57-C146-4DE5-A133-30704425FCE7}.Release|iPhone.Deploy.0 = Release|Any CPU
		{C4A94D57-C146-4DE5-A133-30704425FCE7}.Release|iPhoneSimulator.ActiveCfg = Release|Any CPU
		{C4A94D57-C146-4DE5-A133-30704425FCE7}.Release|iPhoneSimulator.Build.0 = Release|Any CPU
		{C4A94D57-C146-4DE5-A133-30704425FCE7}.Release|iPhoneSimulator.Deploy.0 = Release|Any CPU
		{C4A94D57-C146-4DE5-A133-30704425FCE7}.Release|x64.ActiveCfg = Release|Any CPU
		{C4A94D57-C146-4DE5-A133-30704425FCE7}.Release|x64.Build.0 = Release|Any CPU
		{C4A94D57-C146-4DE5-A133-30704425FCE7}.Release|x64.Deploy.0 = Release|Any CPU
		{C4A94D57-C146-4DE5-A133-30704425FCE7}.Release|x86.ActiveCfg = Release|Any CPU
		{C4A94D57-C146-4DE5-A133-30704425FCE7}.Release|x86.Build.0 = Release|Any CPU
		{C4A94D57-C146-4DE5-A133-30704425FCE7}.Release|x86.Deploy.0 = Release|Any CPU
		{9B3D9C88-34BB-4CAB-9C19-78B0C803A850}.Debug|Any CPU.ActiveCfg = Debug|Any CPU
		{9B3D9C88-34BB-4CAB-9C19-78B0C803A850}.Debug|Any CPU.Build.0 = Debug|Any CPU
		{9B3D9C88-34BB-4CAB-9C19-78B0C803A850}.Debug|ARM.ActiveCfg = Debug|Any CPU
		{9B3D9C88-34BB-4CAB-9C19-78B0C803A850}.Debug|ARM.Build.0 = Debug|Any CPU
		{9B3D9C88-34BB-4CAB-9C19-78B0C803A850}.Debug|ARM64.ActiveCfg = Debug|Any CPU
		{9B3D9C88-34BB-4CAB-9C19-78B0C803A850}.Debug|ARM64.Build.0 = Debug|Any CPU
		{9B3D9C88-34BB-4CAB-9C19-78B0C803A850}.Debug|iPhone.ActiveCfg = Debug|Any CPU
		{9B3D9C88-34BB-4CAB-9C19-78B0C803A850}.Debug|iPhone.Build.0 = Debug|Any CPU
		{9B3D9C88-34BB-4CAB-9C19-78B0C803A850}.Debug|iPhoneSimulator.ActiveCfg = Debug|Any CPU
		{9B3D9C88-34BB-4CAB-9C19-78B0C803A850}.Debug|iPhoneSimulator.Build.0 = Debug|Any CPU
		{9B3D9C88-34BB-4CAB-9C19-78B0C803A850}.Debug|x64.ActiveCfg = Debug|Any CPU
		{9B3D9C88-34BB-4CAB-9C19-78B0C803A850}.Debug|x64.Build.0 = Debug|Any CPU
		{9B3D9C88-34BB-4CAB-9C19-78B0C803A850}.Debug|x86.ActiveCfg = Debug|Any CPU
		{9B3D9C88-34BB-4CAB-9C19-78B0C803A850}.Debug|x86.Build.0 = Debug|Any CPU
		{9B3D9C88-34BB-4CAB-9C19-78B0C803A850}.Release|Any CPU.ActiveCfg = Release|Any CPU
		{9B3D9C88-34BB-4CAB-9C19-78B0C803A850}.Release|Any CPU.Build.0 = Release|Any CPU
		{9B3D9C88-34BB-4CAB-9C19-78B0C803A850}.Release|ARM.ActiveCfg = Release|Any CPU
		{9B3D9C88-34BB-4CAB-9C19-78B0C803A850}.Release|ARM.Build.0 = Release|Any CPU
		{9B3D9C88-34BB-4CAB-9C19-78B0C803A850}.Release|ARM64.ActiveCfg = Release|Any CPU
		{9B3D9C88-34BB-4CAB-9C19-78B0C803A850}.Release|ARM64.Build.0 = Release|Any CPU
		{9B3D9C88-34BB-4CAB-9C19-78B0C803A850}.Release|iPhone.ActiveCfg = Release|Any CPU
		{9B3D9C88-34BB-4CAB-9C19-78B0C803A850}.Release|iPhone.Build.0 = Release|Any CPU
		{9B3D9C88-34BB-4CAB-9C19-78B0C803A850}.Release|iPhoneSimulator.ActiveCfg = Release|Any CPU
		{9B3D9C88-34BB-4CAB-9C19-78B0C803A850}.Release|iPhoneSimulator.Build.0 = Release|Any CPU
		{9B3D9C88-34BB-4CAB-9C19-78B0C803A850}.Release|x64.ActiveCfg = Release|Any CPU
		{9B3D9C88-34BB-4CAB-9C19-78B0C803A850}.Release|x64.Build.0 = Release|Any CPU
		{9B3D9C88-34BB-4CAB-9C19-78B0C803A850}.Release|x86.ActiveCfg = Release|Any CPU
		{9B3D9C88-34BB-4CAB-9C19-78B0C803A850}.Release|x86.Build.0 = Release|Any CPU
		{954EAC86-7781-4A2C-AAED-48A1FE1822BB}.Debug|Any CPU.ActiveCfg = Debug|Any CPU
		{954EAC86-7781-4A2C-AAED-48A1FE1822BB}.Debug|Any CPU.Build.0 = Debug|Any CPU
		{954EAC86-7781-4A2C-AAED-48A1FE1822BB}.Debug|ARM.ActiveCfg = Debug|Any CPU
		{954EAC86-7781-4A2C-AAED-48A1FE1822BB}.Debug|ARM.Build.0 = Debug|Any CPU
		{954EAC86-7781-4A2C-AAED-48A1FE1822BB}.Debug|ARM64.ActiveCfg = Debug|Any CPU
		{954EAC86-7781-4A2C-AAED-48A1FE1822BB}.Debug|ARM64.Build.0 = Debug|Any CPU
		{954EAC86-7781-4A2C-AAED-48A1FE1822BB}.Debug|iPhone.ActiveCfg = Debug|Any CPU
		{954EAC86-7781-4A2C-AAED-48A1FE1822BB}.Debug|iPhone.Build.0 = Debug|Any CPU
		{954EAC86-7781-4A2C-AAED-48A1FE1822BB}.Debug|iPhoneSimulator.ActiveCfg = Debug|Any CPU
		{954EAC86-7781-4A2C-AAED-48A1FE1822BB}.Debug|iPhoneSimulator.Build.0 = Debug|Any CPU
		{954EAC86-7781-4A2C-AAED-48A1FE1822BB}.Debug|x64.ActiveCfg = Debug|Any CPU
		{954EAC86-7781-4A2C-AAED-48A1FE1822BB}.Debug|x64.Build.0 = Debug|Any CPU
		{954EAC86-7781-4A2C-AAED-48A1FE1822BB}.Debug|x86.ActiveCfg = Debug|Any CPU
		{954EAC86-7781-4A2C-AAED-48A1FE1822BB}.Debug|x86.Build.0 = Debug|Any CPU
		{954EAC86-7781-4A2C-AAED-48A1FE1822BB}.Release|Any CPU.ActiveCfg = Release|Any CPU
		{954EAC86-7781-4A2C-AAED-48A1FE1822BB}.Release|Any CPU.Build.0 = Release|Any CPU
		{954EAC86-7781-4A2C-AAED-48A1FE1822BB}.Release|ARM.ActiveCfg = Release|Any CPU
		{954EAC86-7781-4A2C-AAED-48A1FE1822BB}.Release|ARM.Build.0 = Release|Any CPU
		{954EAC86-7781-4A2C-AAED-48A1FE1822BB}.Release|ARM64.ActiveCfg = Release|Any CPU
		{954EAC86-7781-4A2C-AAED-48A1FE1822BB}.Release|ARM64.Build.0 = Release|Any CPU
		{954EAC86-7781-4A2C-AAED-48A1FE1822BB}.Release|iPhone.ActiveCfg = Release|Any CPU
		{954EAC86-7781-4A2C-AAED-48A1FE1822BB}.Release|iPhone.Build.0 = Release|Any CPU
		{954EAC86-7781-4A2C-AAED-48A1FE1822BB}.Release|iPhoneSimulator.ActiveCfg = Release|Any CPU
		{954EAC86-7781-4A2C-AAED-48A1FE1822BB}.Release|iPhoneSimulator.Build.0 = Release|Any CPU
		{954EAC86-7781-4A2C-AAED-48A1FE1822BB}.Release|x64.ActiveCfg = Release|Any CPU
		{954EAC86-7781-4A2C-AAED-48A1FE1822BB}.Release|x64.Build.0 = Release|Any CPU
		{954EAC86-7781-4A2C-AAED-48A1FE1822BB}.Release|x86.ActiveCfg = Release|Any CPU
		{954EAC86-7781-4A2C-AAED-48A1FE1822BB}.Release|x86.Build.0 = Release|Any CPU
		{DEF5C29E-0B65-423C-A590-76D8FFECDE44}.Debug|Any CPU.ActiveCfg = Debug|Any CPU
		{DEF5C29E-0B65-423C-A590-76D8FFECDE44}.Debug|Any CPU.Build.0 = Debug|Any CPU
		{DEF5C29E-0B65-423C-A590-76D8FFECDE44}.Debug|ARM.ActiveCfg = Debug|Any CPU
		{DEF5C29E-0B65-423C-A590-76D8FFECDE44}.Debug|ARM.Build.0 = Debug|Any CPU
		{DEF5C29E-0B65-423C-A590-76D8FFECDE44}.Debug|ARM64.ActiveCfg = Debug|Any CPU
		{DEF5C29E-0B65-423C-A590-76D8FFECDE44}.Debug|ARM64.Build.0 = Debug|Any CPU
		{DEF5C29E-0B65-423C-A590-76D8FFECDE44}.Debug|iPhone.ActiveCfg = Debug|Any CPU
		{DEF5C29E-0B65-423C-A590-76D8FFECDE44}.Debug|iPhone.Build.0 = Debug|Any CPU
		{DEF5C29E-0B65-423C-A590-76D8FFECDE44}.Debug|iPhoneSimulator.ActiveCfg = Debug|Any CPU
		{DEF5C29E-0B65-423C-A590-76D8FFECDE44}.Debug|iPhoneSimulator.Build.0 = Debug|Any CPU
		{DEF5C29E-0B65-423C-A590-76D8FFECDE44}.Debug|x64.ActiveCfg = Debug|Any CPU
		{DEF5C29E-0B65-423C-A590-76D8FFECDE44}.Debug|x64.Build.0 = Debug|Any CPU
		{DEF5C29E-0B65-423C-A590-76D8FFECDE44}.Debug|x86.ActiveCfg = Debug|Any CPU
		{DEF5C29E-0B65-423C-A590-76D8FFECDE44}.Debug|x86.Build.0 = Debug|Any CPU
		{DEF5C29E-0B65-423C-A590-76D8FFECDE44}.Release|Any CPU.ActiveCfg = Release|Any CPU
		{DEF5C29E-0B65-423C-A590-76D8FFECDE44}.Release|Any CPU.Build.0 = Release|Any CPU
		{DEF5C29E-0B65-423C-A590-76D8FFECDE44}.Release|ARM.ActiveCfg = Release|Any CPU
		{DEF5C29E-0B65-423C-A590-76D8FFECDE44}.Release|ARM.Build.0 = Release|Any CPU
		{DEF5C29E-0B65-423C-A590-76D8FFECDE44}.Release|ARM64.ActiveCfg = Release|Any CPU
		{DEF5C29E-0B65-423C-A590-76D8FFECDE44}.Release|ARM64.Build.0 = Release|Any CPU
		{DEF5C29E-0B65-423C-A590-76D8FFECDE44}.Release|iPhone.ActiveCfg = Release|Any CPU
		{DEF5C29E-0B65-423C-A590-76D8FFECDE44}.Release|iPhone.Build.0 = Release|Any CPU
		{DEF5C29E-0B65-423C-A590-76D8FFECDE44}.Release|iPhoneSimulator.ActiveCfg = Release|Any CPU
		{DEF5C29E-0B65-423C-A590-76D8FFECDE44}.Release|iPhoneSimulator.Build.0 = Release|Any CPU
		{DEF5C29E-0B65-423C-A590-76D8FFECDE44}.Release|x64.ActiveCfg = Release|Any CPU
		{DEF5C29E-0B65-423C-A590-76D8FFECDE44}.Release|x64.Build.0 = Release|Any CPU
		{DEF5C29E-0B65-423C-A590-76D8FFECDE44}.Release|x86.ActiveCfg = Release|Any CPU
		{DEF5C29E-0B65-423C-A590-76D8FFECDE44}.Release|x86.Build.0 = Release|Any CPU
		{55D21533-3710-4C7B-83B7-1DA6A386367C}.Debug|Any CPU.ActiveCfg = Debug|Any CPU
		{55D21533-3710-4C7B-83B7-1DA6A386367C}.Debug|Any CPU.Build.0 = Debug|Any CPU
		{55D21533-3710-4C7B-83B7-1DA6A386367C}.Debug|ARM.ActiveCfg = Debug|Any CPU
		{55D21533-3710-4C7B-83B7-1DA6A386367C}.Debug|ARM.Build.0 = Debug|Any CPU
		{55D21533-3710-4C7B-83B7-1DA6A386367C}.Debug|ARM64.ActiveCfg = Debug|Any CPU
		{55D21533-3710-4C7B-83B7-1DA6A386367C}.Debug|ARM64.Build.0 = Debug|Any CPU
		{55D21533-3710-4C7B-83B7-1DA6A386367C}.Debug|iPhone.ActiveCfg = Debug|Any CPU
		{55D21533-3710-4C7B-83B7-1DA6A386367C}.Debug|iPhone.Build.0 = Debug|Any CPU
		{55D21533-3710-4C7B-83B7-1DA6A386367C}.Debug|iPhoneSimulator.ActiveCfg = Debug|Any CPU
		{55D21533-3710-4C7B-83B7-1DA6A386367C}.Debug|iPhoneSimulator.Build.0 = Debug|Any CPU
		{55D21533-3710-4C7B-83B7-1DA6A386367C}.Debug|x64.ActiveCfg = Debug|Any CPU
		{55D21533-3710-4C7B-83B7-1DA6A386367C}.Debug|x64.Build.0 = Debug|Any CPU
		{55D21533-3710-4C7B-83B7-1DA6A386367C}.Debug|x86.ActiveCfg = Debug|Any CPU
		{55D21533-3710-4C7B-83B7-1DA6A386367C}.Debug|x86.Build.0 = Debug|Any CPU
		{55D21533-3710-4C7B-83B7-1DA6A386367C}.Release|Any CPU.ActiveCfg = Release|Any CPU
		{55D21533-3710-4C7B-83B7-1DA6A386367C}.Release|Any CPU.Build.0 = Release|Any CPU
		{55D21533-3710-4C7B-83B7-1DA6A386367C}.Release|ARM.ActiveCfg = Release|Any CPU
		{55D21533-3710-4C7B-83B7-1DA6A386367C}.Release|ARM.Build.0 = Release|Any CPU
		{55D21533-3710-4C7B-83B7-1DA6A386367C}.Release|ARM64.ActiveCfg = Release|Any CPU
		{55D21533-3710-4C7B-83B7-1DA6A386367C}.Release|ARM64.Build.0 = Release|Any CPU
		{55D21533-3710-4C7B-83B7-1DA6A386367C}.Release|iPhone.ActiveCfg = Release|Any CPU
		{55D21533-3710-4C7B-83B7-1DA6A386367C}.Release|iPhone.Build.0 = Release|Any CPU
		{55D21533-3710-4C7B-83B7-1DA6A386367C}.Release|iPhoneSimulator.ActiveCfg = Release|Any CPU
		{55D21533-3710-4C7B-83B7-1DA6A386367C}.Release|iPhoneSimulator.Build.0 = Release|Any CPU
		{55D21533-3710-4C7B-83B7-1DA6A386367C}.Release|x64.ActiveCfg = Release|Any CPU
		{55D21533-3710-4C7B-83B7-1DA6A386367C}.Release|x64.Build.0 = Release|Any CPU
		{55D21533-3710-4C7B-83B7-1DA6A386367C}.Release|x86.ActiveCfg = Release|Any CPU
		{55D21533-3710-4C7B-83B7-1DA6A386367C}.Release|x86.Build.0 = Release|Any CPU
		{1850E76C-DFCA-426D-A6B0-E55E4FD81E79}.Debug|Any CPU.ActiveCfg = Debug|Any CPU
		{1850E76C-DFCA-426D-A6B0-E55E4FD81E79}.Debug|Any CPU.Build.0 = Debug|Any CPU
		{1850E76C-DFCA-426D-A6B0-E55E4FD81E79}.Debug|ARM.ActiveCfg = Debug|Any CPU
		{1850E76C-DFCA-426D-A6B0-E55E4FD81E79}.Debug|ARM.Build.0 = Debug|Any CPU
		{1850E76C-DFCA-426D-A6B0-E55E4FD81E79}.Debug|ARM64.ActiveCfg = Debug|Any CPU
		{1850E76C-DFCA-426D-A6B0-E55E4FD81E79}.Debug|ARM64.Build.0 = Debug|Any CPU
		{1850E76C-DFCA-426D-A6B0-E55E4FD81E79}.Debug|iPhone.ActiveCfg = Debug|Any CPU
		{1850E76C-DFCA-426D-A6B0-E55E4FD81E79}.Debug|iPhone.Build.0 = Debug|Any CPU
		{1850E76C-DFCA-426D-A6B0-E55E4FD81E79}.Debug|iPhoneSimulator.ActiveCfg = Debug|Any CPU
		{1850E76C-DFCA-426D-A6B0-E55E4FD81E79}.Debug|iPhoneSimulator.Build.0 = Debug|Any CPU
		{1850E76C-DFCA-426D-A6B0-E55E4FD81E79}.Debug|x64.ActiveCfg = Debug|Any CPU
		{1850E76C-DFCA-426D-A6B0-E55E4FD81E79}.Debug|x64.Build.0 = Debug|Any CPU
		{1850E76C-DFCA-426D-A6B0-E55E4FD81E79}.Debug|x86.ActiveCfg = Debug|Any CPU
		{1850E76C-DFCA-426D-A6B0-E55E4FD81E79}.Debug|x86.Build.0 = Debug|Any CPU
		{1850E76C-DFCA-426D-A6B0-E55E4FD81E79}.Release|Any CPU.ActiveCfg = Release|Any CPU
		{1850E76C-DFCA-426D-A6B0-E55E4FD81E79}.Release|Any CPU.Build.0 = Release|Any CPU
		{1850E76C-DFCA-426D-A6B0-E55E4FD81E79}.Release|ARM.ActiveCfg = Release|Any CPU
		{1850E76C-DFCA-426D-A6B0-E55E4FD81E79}.Release|ARM.Build.0 = Release|Any CPU
		{1850E76C-DFCA-426D-A6B0-E55E4FD81E79}.Release|ARM64.ActiveCfg = Release|Any CPU
		{1850E76C-DFCA-426D-A6B0-E55E4FD81E79}.Release|ARM64.Build.0 = Release|Any CPU
		{1850E76C-DFCA-426D-A6B0-E55E4FD81E79}.Release|iPhone.ActiveCfg = Release|Any CPU
		{1850E76C-DFCA-426D-A6B0-E55E4FD81E79}.Release|iPhone.Build.0 = Release|Any CPU
		{1850E76C-DFCA-426D-A6B0-E55E4FD81E79}.Release|iPhoneSimulator.ActiveCfg = Release|Any CPU
		{1850E76C-DFCA-426D-A6B0-E55E4FD81E79}.Release|iPhoneSimulator.Build.0 = Release|Any CPU
		{1850E76C-DFCA-426D-A6B0-E55E4FD81E79}.Release|x64.ActiveCfg = Release|Any CPU
		{1850E76C-DFCA-426D-A6B0-E55E4FD81E79}.Release|x64.Build.0 = Release|Any CPU
		{1850E76C-DFCA-426D-A6B0-E55E4FD81E79}.Release|x86.ActiveCfg = Release|Any CPU
		{1850E76C-DFCA-426D-A6B0-E55E4FD81E79}.Release|x86.Build.0 = Release|Any CPU
	EndGlobalSection
	GlobalSection(SolutionProperties) = preSolution
		HideSolutionNode = FALSE
	EndGlobalSection
	GlobalSection(NestedProjects) = preSolution
		{DEF5C29E-0B65-423C-A590-76D8FFECDE44} = {AED45A3B-8650-4F63-9332-D063D2456C66}
		{55D21533-3710-4C7B-83B7-1DA6A386367C} = {AED45A3B-8650-4F63-9332-D063D2456C66}
		{1850E76C-DFCA-426D-A6B0-E55E4FD81E79} = {AED45A3B-8650-4F63-9332-D063D2456C66}
	EndGlobalSection
	GlobalSection(ExtensibilityGlobals) = postSolution
		SolutionGuid = {F774770C-EF90-4F19-A2DB-DD0100B6ACF7}
	EndGlobalSection
EndGlobal
