
Microsoft Visual Studio Solution File, Format Version 12.00
# Visual Studio Version 17
VisualStudioVersion = 17.2.32210.308
MinimumVisualStudioVersion = 10.0.40219.1
Project("{FAE04EC0-301F-11D3-BF4B-00C04F79EFBC}") = "Sample.Android", "Sample.Android\Sample.Android.csproj", "{A65F46E0-9884-410A-ABAF-075DB1CB07FC}"
EndProject
Project("{FAE04EC0-301F-11D3-BF4B-00C04F79EFBC}") = "Sample.iOS", "Sample.iOS\Sample.iOS.csproj", "{2321E7B4-749E-443E-868D-B9D6543304D9}"
EndProject
Project("{9A19103F-16F7-4668-BE54-9A1E7A4F7556}") = "Sample", "Sample\Sample.csproj", "{C4A94D57-C146-4DE5-A133-30704425FCE7}"
EndProject
Project("{2150E333-8FDC-42A3-9474-1A3956D46DE8}") = "Solution Items", "Solution Items", "{3D65F7B5-71F5-4A09-B9BD-F402FB22F957}"
	ProjectSection(SolutionItems) = preProject
		Directory.build.props = Directory.build.props
		Directory.build.targets = Directory.build.targets
		readme.md = readme.md
	EndProjectSection
EndProject
Project("{9A19103F-16F7-4668-BE54-9A1E7A4F7556}") = "Shiny.Core", "..\..\shiny2\src\Shiny.Core\Shiny.Core.csproj", "{9C012FDF-7B0F-49C9-A3FC-186528B0FD0C}"
EndProject
Project("{2150E333-8FDC-42A3-9474-1A3956D46DE8}") = "libs", "libs", "{4B933461-A6FB-4F36-89B7-8242C447555D}"
EndProject
Project("{9A19103F-16F7-4668-BE54-9A1E7A4F7556}") = "Shiny.Jobs", "..\..\shiny2\src\Shiny.Jobs\Shiny.Jobs.csproj", "{27B7DDC8-07A4-4287-8B64-887366FEE5E2}"
EndProject
Project("{9A19103F-16F7-4668-BE54-9A1E7A4F7556}") = "Shiny.Locations.Common", "..\..\shiny2\src\Shiny.Locations.Common\Shiny.Locations.Common.csproj", "{F4325FA9-5953-46FF-95FC-042B857FF23B}"
EndProject
Project("{9A19103F-16F7-4668-BE54-9A1E7A4F7556}") = "Shiny.Locations", "..\..\shiny2\src\Shiny.Locations\Shiny.Locations.csproj", "{092727C6-FFF2-4B4D-9010-38823AE2B771}"
EndProject
Project("{9A19103F-16F7-4668-BE54-9A1E7A4F7556}") = "Shiny.Notifications", "..\..\shiny2\src\Shiny.Notifications\Shiny.Notifications.csproj", "{6AE7F022-792E-4BF3-9846-3CEC0E83DC21}"
EndProject
Global
	GlobalSection(SolutionConfigurationPlatforms) = preSolution
		Debug|Any CPU = Debug|Any CPU
		Debug|ARM = Debug|ARM
		Debug|ARM64 = Debug|ARM64
		Debug|iPhone = Debug|iPhone
		Debug|iPhoneSimulator = Debug|iPhoneSimulator
		Debug|x64 = Debug|x64
		Debug|x86 = Debug|x86
		Release|Any CPU = Release|Any CPU
		Release|ARM = Release|ARM
		Release|ARM64 = Release|ARM64
		Release|iPhone = Release|iPhone
		Release|iPhoneSimulator = Release|iPhoneSimulator
		Release|x64 = Release|x64
		Release|x86 = Release|x86
	EndGlobalSection
	GlobalSection(ProjectConfigurationPlatforms) = postSolution
		{A65F46E0-9884-410A-ABAF-075DB1CB07FC}.Debug|Any CPU.ActiveCfg = Debug|Any CPU
		{A65F46E0-9884-410A-ABAF-075DB1CB07FC}.Debug|Any CPU.Build.0 = Debug|Any CPU
		{A65F46E0-9884-410A-ABAF-075DB1CB07FC}.Debug|Any CPU.Deploy.0 = Debug|Any CPU
		{A65F46E0-9884-410A-ABAF-075DB1CB07FC}.Debug|ARM.ActiveCfg = Debug|Any CPU
		{A65F46E0-9884-410A-ABAF-075DB1CB07FC}.Debug|ARM.Build.0 = Debug|Any CPU
		{A65F46E0-9884-410A-ABAF-075DB1CB07FC}.Debug|ARM.Deploy.0 = Debug|Any CPU
		{A65F46E0-9884-410A-ABAF-075DB1CB07FC}.Debug|ARM64.ActiveCfg = Debug|Any CPU
		{A65F46E0-9884-410A-ABAF-075DB1CB07FC}.Debug|ARM64.Build.0 = Debug|Any CPU
		{A65F46E0-9884-410A-ABAF-075DB1CB07FC}.Debug|ARM64.Deploy.0 = Debug|Any CPU
		{A65F46E0-9884-410A-ABAF-075DB1CB07FC}.Debug|iPhone.ActiveCfg = Debug|Any CPU
		{A65F46E0-9884-410A-ABAF-075DB1CB07FC}.Debug|iPhone.Build.0 = Debug|Any CPU
		{A65F46E0-9884-410A-ABAF-075DB1CB07FC}.Debug|iPhone.Deploy.0 = Debug|Any CPU
		{A65F46E0-9884-410A-ABAF-075DB1CB07FC}.Debug|iPhoneSimulator.ActiveCfg = Debug|Any CPU
		{A65F46E0-9884-410A-ABAF-075DB1CB07FC}.Debug|iPhoneSimulator.Build.0 = Debug|Any CPU
		{A65F46E0-9884-410A-ABAF-075DB1CB07FC}.Debug|iPhoneSimulator.Deploy.0 = Debug|Any CPU
		{A65F46E0-9884-410A-ABAF-075DB1CB07FC}.Debug|x64.ActiveCfg = Debug|Any CPU
		{A65F46E0-9884-410A-ABAF-075DB1CB07FC}.Debug|x64.Build.0 = Debug|Any CPU
		{A65F46E0-9884-410A-ABAF-075DB1CB07FC}.Debug|x64.Deploy.0 = Debug|Any CPU
		{A65F46E0-9884-410A-ABAF-075DB1CB07FC}.Debug|x86.ActiveCfg = Debug|Any CPU
		{A65F46E0-9884-410A-ABAF-075DB1CB07FC}.Debug|x86.Build.0 = Debug|Any CPU
		{A65F46E0-9884-410A-ABAF-075DB1CB07FC}.Debug|x86.Deploy.0 = Debug|Any CPU
		{A65F46E0-9884-410A-ABAF-075DB1CB07FC}.Release|Any CPU.ActiveCfg = Release|Any CPU
		{A65F46E0-9884-410A-ABAF-075DB1CB07FC}.Release|Any CPU.Build.0 = Release|Any CPU
		{A65F46E0-9884-410A-ABAF-075DB1CB07FC}.Release|Any CPU.Deploy.0 = Release|Any CPU
		{A65F46E0-9884-410A-ABAF-075DB1CB07FC}.Release|ARM.ActiveCfg = Release|Any CPU
		{A65F46E0-9884-410A-ABAF-075DB1CB07FC}.Release|ARM.Build.0 = Release|Any CPU
		{A65F46E0-9884-410A-ABAF-075DB1CB07FC}.Release|ARM.Deploy.0 = Release|Any CPU
		{A65F46E0-9884-410A-ABAF-075DB1CB07FC}.Release|ARM64.ActiveCfg = Release|Any CPU
		{A65F46E0-9884-410A-ABAF-075DB1CB07FC}.Release|ARM64.Build.0 = Release|Any CPU
		{A65F46E0-9884-410A-ABAF-075DB1CB07FC}.Release|ARM64.Deploy.0 = Release|Any CPU
		{A65F46E0-9884-410A-ABAF-075DB1CB07FC}.Release|iPhone.ActiveCfg = Release|Any CPU
		{A65F46E0-9884-410A-ABAF-075DB1CB07FC}.Release|iPhone.Build.0 = Release|Any CPU
		{A65F46E0-9884-410A-ABAF-075DB1CB07FC}.Release|iPhone.Deploy.0 = Release|Any CPU
		{A65F46E0-9884-410A-ABAF-075DB1CB07FC}.Release|iPhoneSimulator.ActiveCfg = Release|Any CPU
		{A65F46E0-9884-410A-ABAF-075DB1CB07FC}.Release|iPhoneSimulator.Build.0 = Release|Any CPU
		{A65F46E0-9884-410A-ABAF-075DB1CB07FC}.Release|iPhoneSimulator.Deploy.0 = Release|Any CPU
		{A65F46E0-9884-410A-ABAF-075DB1CB07FC}.Release|x64.ActiveCfg = Release|Any CPU
		{A65F46E0-9884-410A-ABAF-075DB1CB07FC}.Release|x64.Build.0 = Release|Any CPU
		{A65F46E0-9884-410A-ABAF-075DB1CB07FC}.Release|x64.Deploy.0 = Release|Any CPU
		{A65F46E0-9884-410A-ABAF-075DB1CB07FC}.Release|x86.ActiveCfg = Release|Any CPU
		{A65F46E0-9884-410A-ABAF-075DB1CB07FC}.Release|x86.Build.0 = Release|Any CPU
		{A65F46E0-9884-410A-ABAF-075DB1CB07FC}.Release|x86.Deploy.0 = Release|Any CPU
		{2321E7B4-749E-443E-868D-B9D6543304D9}.Debug|Any CPU.ActiveCfg = Debug|iPhoneSimulator
		{2321E7B4-749E-443E-868D-B9D6543304D9}.Debug|Any CPU.Build.0 = Debug|iPhoneSimulator
		{2321E7B4-749E-443E-868D-B9D6543304D9}.Debug|Any CPU.Deploy.0 = Debug|iPhoneSimulator
		{2321E7B4-749E-443E-868D-B9D6543304D9}.Debug|ARM.ActiveCfg = Debug|iPhone
		{2321E7B4-749E-443E-868D-B9D6543304D9}.Debug|ARM.Build.0 = Debug|iPhone
		{2321E7B4-749E-443E-868D-B9D6543304D9}.Debug|ARM.Deploy.0 = Debug|iPhone
		{2321E7B4-749E-443E-868D-B9D6543304D9}.Debug|ARM64.ActiveCfg = Debug|iPhoneSimulator
		{2321E7B4-749E-443E-868D-B9D6543304D9}.Debug|iPhone.ActiveCfg = Debug|iPhone
		{2321E7B4-749E-443E-868D-B9D6543304D9}.Debug|iPhone.Build.0 = Debug|iPhone
		{2321E7B4-749E-443E-868D-B9D6543304D9}.Debug|iPhone.Deploy.0 = Debug|iPhone
		{2321E7B4-749E-443E-868D-B9D6543304D9}.Debug|iPhoneSimulator.ActiveCfg = Debug|iPhoneSimulator
		{2321E7B4-749E-443E-868D-B9D6543304D9}.Debug|iPhoneSimulator.Build.0 = Debug|iPhoneSimulator
		{2321E7B4-749E-443E-868D-B9D6543304D9}.Debug|iPhoneSimulator.Deploy.0 = Debug|iPhoneSimulator
		{2321E7B4-749E-443E-868D-B9D6543304D9}.Debug|x64.ActiveCfg = Debug|iPhoneSimulator
		{2321E7B4-749E-443E-868D-B9D6543304D9}.Debug|x64.Build.0 = Debug|iPhoneSimulator
		{2321E7B4-749E-443E-868D-B9D6543304D9}.Debug|x64.Deploy.0 = Debug|iPhoneSimulator
		{2321E7B4-749E-443E-868D-B9D6543304D9}.Debug|x86.ActiveCfg = Debug|iPhoneSimulator
		{2321E7B4-749E-443E-868D-B9D6543304D9}.Debug|x86.Build.0 = Debug|iPhoneSimulator
		{2321E7B4-749E-443E-868D-B9D6543304D9}.Debug|x86.Deploy.0 = Debug|iPhoneSimulator
		{2321E7B4-749E-443E-868D-B9D6543304D9}.Release|Any CPU.ActiveCfg = Release|iPhoneSimulator
		{2321E7B4-749E-443E-868D-B9D6543304D9}.Release|Any CPU.Build.0 = Release|iPhoneSimulator
		{2321E7B4-749E-443E-868D-B9D6543304D9}.Release|Any CPU.Deploy.0 = Release|iPhoneSimulator
		{2321E7B4-749E-443E-868D-B9D6543304D9}.Release|ARM.ActiveCfg = Release|iPhoneSimulator
		{2321E7B4-749E-443E-868D-B9D6543304D9}.Release|ARM.Build.0 = Release|iPhoneSimulator
		{2321E7B4-749E-443E-868D-B9D6543304D9}.Release|ARM.Deploy.0 = Release|iPhoneSimulator
		{2321E7B4-749E-443E-868D-B9D6543304D9}.Release|ARM64.ActiveCfg = Release|iPhoneSimulator
		{2321E7B4-749E-443E-868D-B9D6543304D9}.Release|iPhone.ActiveCfg = Release|iPhone
		{2321E7B4-749E-443E-868D-B9D6543304D9}.Release|iPhone.Build.0 = Release|iPhone
		{2321E7B4-749E-443E-868D-B9D6543304D9}.Release|iPhone.Deploy.0 = Release|iPhone
		{2321E7B4-749E-443E-868D-B9D6543304D9}.Release|iPhoneSimulator.ActiveCfg = Release|iPhoneSimulator
		{2321E7B4-749E-443E-868D-B9D6543304D9}.Release|iPhoneSimulator.Build.0 = Release|iPhoneSimulator
		{2321E7B4-749E-443E-868D-B9D6543304D9}.Release|iPhoneSimulator.Deploy.0 = Release|iPhoneSimulator
		{2321E7B4-749E-443E-868D-B9D6543304D9}.Release|x64.ActiveCfg = Release|iPhoneSimulator
		{2321E7B4-749E-443E-868D-B9D6543304D9}.Release|x64.Build.0 = Release|iPhoneSimulator
		{2321E7B4-749E-443E-868D-B9D6543304D9}.Release|x64.Deploy.0 = Release|iPhoneSimulator
		{2321E7B4-749E-443E-868D-B9D6543304D9}.Release|x86.ActiveCfg = Release|iPhoneSimulator
		{2321E7B4-749E-443E-868D-B9D6543304D9}.Release|x86.Build.0 = Release|iPhoneSimulator
		{2321E7B4-749E-443E-868D-B9D6543304D9}.Release|x86.Deploy.0 = Release|iPhoneSimulator
		{C4A94D57-C146-4DE5-A133-30704425FCE7}.Debug|Any CPU.ActiveCfg = Debug|Any CPU
		{C4A94D57-C146-4DE5-A133-30704425FCE7}.Debug|Any CPU.Build.0 = Debug|Any CPU
		{C4A94D57-C146-4DE5-A133-30704425FCE7}.Debug|Any CPU.Deploy.0 = Debug|Any CPU
		{C4A94D57-C146-4DE5-A133-30704425FCE7}.Debug|ARM.ActiveCfg = Debug|Any CPU
		{C4A94D57-C146-4DE5-A133-30704425FCE7}.Debug|ARM.Build.0 = Debug|Any CPU
		{C4A94D57-C146-4DE5-A133-30704425FCE7}.Debug|ARM.Deploy.0 = Debug|Any CPU
		{C4A94D57-C146-4DE5-A133-30704425FCE7}.Debug|ARM64.ActiveCfg = Debug|Any CPU
		{C4A94D57-C146-4DE5-A133-30704425FCE7}.Debug|ARM64.Build.0 = Debug|Any CPU
		{C4A94D57-C146-4DE5-A133-30704425FCE7}.Debug|iPhone.ActiveCfg = Debug|Any CPU
		{C4A94D57-C146-4DE5-A133-30704425FCE7}.Debug|iPhone.Build.0 = Debug|Any CPU
		{C4A94D57-C146-4DE5-A133-30704425FCE7}.Debug|iPhone.Deploy.0 = Debug|Any CPU
		{C4A94D57-C146-4DE5-A133-30704425FCE7}.Debug|iPhoneSimulator.ActiveCfg = Debug|Any CPU
		{C4A94D57-C146-4DE5-A133-30704425FCE7}.Debug|iPhoneSimulator.Build.0 = Debug|Any CPU
		{C4A94D57-C146-4DE5-A133-30704425FCE7}.Debug|iPhoneSimulator.Deploy.0 = Debug|Any CPU
		{C4A94D57-C146-4DE5-A133-30704425FCE7}.Debug|x64.ActiveCfg = Debug|Any CPU
		{C4A94D57-C146-4DE5-A133-30704425FCE7}.Debug|x64.Build.0 = Debug|Any CPU
		{C4A94D57-C146-4DE5-A133-30704425FCE7}.Debug|x64.Deploy.0 = Debug|Any CPU
		{C4A94D57-C146-4DE5-A133-30704425FCE7}.Debug|x86.ActiveCfg = Debug|Any CPU
		{C4A94D57-C146-4DE5-A133-30704425FCE7}.Debug|x86.Build.0 = Debug|Any CPU
		{C4A94D57-C146-4DE5-A133-30704425FCE7}.Debug|x86.Deploy.0 = Debug|Any CPU
		{C4A94D57-C146-4DE5-A133-30704425FCE7}.Release|Any CPU.ActiveCfg = Release|Any CPU
		{C4A94D57-C146-4DE5-A133-30704425FCE7}.Release|Any CPU.Build.0 = Release|Any CPU
		{C4A94D57-C146-4DE5-A133-30704425FCE7}.Release|Any CPU.Deploy.0 = Release|Any CPU
		{C4A94D57-C146-4DE5-A133-30704425FCE7}.Release|ARM.ActiveCfg = Release|Any CPU
		{C4A94D57-C146-4DE5-A133-30704425FCE7}.Release|ARM.Build.0 = Release|Any CPU
		{C4A94D57-C146-4DE5-A133-30704425FCE7}.Release|ARM.Deploy.0 = Release|Any CPU
		{C4A94D57-C146-4DE5-A133-30704425FCE7}.Release|ARM64.ActiveCfg = Release|Any CPU
		{C4A94D57-C146-4DE5-A133-30704425FCE7}.Release|ARM64.Build.0 = Release|Any CPU
		{C4A94D57-C146-4DE5-A133-30704425FCE7}.Release|iPhone.ActiveCfg = Release|Any CPU
		{C4A94D57-C146-4DE5-A133-30704425FCE7}.Release|iPhone.Build.0 = Release|Any CPU
		{C4A94D57-C146-4DE5-A133-30704425FCE7}.Release|iPhone.Deploy.0 = Release|Any CPU
		{C4A94D57-C146-4DE5-A133-30704425FCE7}.Release|iPhoneSimulator.ActiveCfg = Release|Any CPU
		{C4A94D57-C146-4DE5-A133-30704425FCE7}.Release|iPhoneSimulator.Build.0 = Release|Any CPU
		{C4A94D57-C146-4DE5-A133-30704425FCE7}.Release|iPhoneSimulator.Deploy.0 = Release|Any CPU
		{C4A94D57-C146-4DE5-A133-30704425FCE7}.Release|x64.ActiveCfg = Release|Any CPU
		{C4A94D57-C146-4DE5-A133-30704425FCE7}.Release|x64.Build.0 = Release|Any CPU
		{C4A94D57-C146-4DE5-A133-30704425FCE7}.Release|x64.Deploy.0 = Release|Any CPU
		{C4A94D57-C146-4DE5-A133-30704425FCE7}.Release|x86.ActiveCfg = Release|Any CPU
		{C4A94D57-C146-4DE5-A133-30704425FCE7}.Release|x86.Build.0 = Release|Any CPU
		{C4A94D57-C146-4DE5-A133-30704425FCE7}.Release|x86.Deploy.0 = Release|Any CPU
		{9C012FDF-7B0F-49C9-A3FC-186528B0FD0C}.Debug|Any CPU.ActiveCfg = Debug|Any CPU
		{9C012FDF-7B0F-49C9-A3FC-186528B0FD0C}.Debug|Any CPU.Build.0 = Debug|Any CPU
		{9C012FDF-7B0F-49C9-A3FC-186528B0FD0C}.Debug|ARM.ActiveCfg = Debug|Any CPU
		{9C012FDF-7B0F-49C9-A3FC-186528B0FD0C}.Debug|ARM.Build.0 = Debug|Any CPU
		{9C012FDF-7B0F-49C9-A3FC-186528B0FD0C}.Debug|ARM64.ActiveCfg = Debug|Any CPU
		{9C012FDF-7B0F-49C9-A3FC-186528B0FD0C}.Debug|ARM64.Build.0 = Debug|Any CPU
		{9C012FDF-7B0F-49C9-A3FC-186528B0FD0C}.Debug|iPhone.ActiveCfg = Debug|Any CPU
		{9C012FDF-7B0F-49C9-A3FC-186528B0FD0C}.Debug|iPhone.Build.0 = Debug|Any CPU
		{9C012FDF-7B0F-49C9-A3FC-186528B0FD0C}.Debug|iPhoneSimulator.ActiveCfg = Debug|Any CPU
		{9C012FDF-7B0F-49C9-A3FC-186528B0FD0C}.Debug|iPhoneSimulator.Build.0 = Debug|Any CPU
		{9C012FDF-7B0F-49C9-A3FC-186528B0FD0C}.Debug|x64.ActiveCfg = Debug|Any CPU
		{9C012FDF-7B0F-49C9-A3FC-186528B0FD0C}.Debug|x64.Build.0 = Debug|Any CPU
		{9C012FDF-7B0F-49C9-A3FC-186528B0FD0C}.Debug|x86.ActiveCfg = Debug|Any CPU
		{9C012FDF-7B0F-49C9-A3FC-186528B0FD0C}.Debug|x86.Build.0 = Debug|Any CPU
		{9C012FDF-7B0F-49C9-A3FC-186528B0FD0C}.Release|Any CPU.ActiveCfg = Release|Any CPU
		{9C012FDF-7B0F-49C9-A3FC-186528B0FD0C}.Release|Any CPU.Build.0 = Release|Any CPU
		{9C012FDF-7B0F-49C9-A3FC-186528B0FD0C}.Release|ARM.ActiveCfg = Release|Any CPU
		{9C012FDF-7B0F-49C9-A3FC-186528B0FD0C}.Release|ARM.Build.0 = Release|Any CPU
		{9C012FDF-7B0F-49C9-A3FC-186528B0FD0C}.Release|ARM64.ActiveCfg = Release|Any CPU
		{9C012FDF-7B0F-49C9-A3FC-186528B0FD0C}.Release|ARM64.Build.0 = Release|Any CPU
		{9C012FDF-7B0F-49C9-A3FC-186528B0FD0C}.Release|iPhone.ActiveCfg = Release|Any CPU
		{9C012FDF-7B0F-49C9-A3FC-186528B0FD0C}.Release|iPhone.Build.0 = Release|Any CPU
		{9C012FDF-7B0F-49C9-A3FC-186528B0FD0C}.Release|iPhoneSimulator.ActiveCfg = Release|Any CPU
		{9C012FDF-7B0F-49C9-A3FC-186528B0FD0C}.Release|iPhoneSimulator.Build.0 = Release|Any CPU
		{9C012FDF-7B0F-49C9-A3FC-186528B0FD0C}.Release|x64.ActiveCfg = Release|Any CPU
		{9C012FDF-7B0F-49C9-A3FC-186528B0FD0C}.Release|x64.Build.0 = Release|Any CPU
		{9C012FDF-7B0F-49C9-A3FC-186528B0FD0C}.Release|x86.ActiveCfg = Release|Any CPU
		{9C012FDF-7B0F-49C9-A3FC-186528B0FD0C}.Release|x86.Build.0 = Release|Any CPU
		{27B7DDC8-07A4-4287-8B64-887366FEE5E2}.Debug|Any CPU.ActiveCfg = Debug|Any CPU
		{27B7DDC8-07A4-4287-8B64-887366FEE5E2}.Debug|Any CPU.Build.0 = Debug|Any CPU
		{27B7DDC8-07A4-4287-8B64-887366FEE5E2}.Debug|ARM.ActiveCfg = Debug|Any CPU
		{27B7DDC8-07A4-4287-8B64-887366FEE5E2}.Debug|ARM.Build.0 = Debug|Any CPU
		{27B7DDC8-07A4-4287-8B64-887366FEE5E2}.Debug|ARM64.ActiveCfg = Debug|Any CPU
		{27B7DDC8-07A4-4287-8B64-887366FEE5E2}.Debug|ARM64.Build.0 = Debug|Any CPU
		{27B7DDC8-07A4-4287-8B64-887366FEE5E2}.Debug|iPhone.ActiveCfg = Debug|Any CPU
		{27B7DDC8-07A4-4287-8B64-887366FEE5E2}.Debug|iPhone.Build.0 = Debug|Any CPU
		{27B7DDC8-07A4-4287-8B64-887366FEE5E2}.Debug|iPhoneSimulator.ActiveCfg = Debug|Any CPU
		{27B7DDC8-07A4-4287-8B64-887366FEE5E2}.Debug|iPhoneSimulator.Build.0 = Debug|Any CPU
		{27B7DDC8-07A4-4287-8B64-887366FEE5E2}.Debug|x64.ActiveCfg = Debug|Any CPU
		{27B7DDC8-07A4-4287-8B64-887366FEE5E2}.Debug|x64.Build.0 = Debug|Any CPU
		{27B7DDC8-07A4-4287-8B64-887366FEE5E2}.Debug|x86.ActiveCfg = Debug|Any CPU
		{27B7DDC8-07A4-4287-8B64-887366FEE5E2}.Debug|x86.Build.0 = Debug|Any CPU
		{27B7DDC8-07A4-4287-8B64-887366FEE5E2}.Release|Any CPU.ActiveCfg = Release|Any CPU
		{27B7DDC8-07A4-4287-8B64-887366FEE5E2}.Release|Any CPU.Build.0 = Release|Any CPU
		{27B7DDC8-07A4-4287-8B64-887366FEE5E2}.Release|ARM.ActiveCfg = Release|Any CPU
		{27B7DDC8-07A4-4287-8B64-887366FEE5E2}.Release|ARM.Build.0 = Release|Any CPU
		{27B7DDC8-07A4-4287-8B64-887366FEE5E2}.Release|ARM64.ActiveCfg = Release|Any CPU
		{27B7DDC8-07A4-4287-8B64-887366FEE5E2}.Release|ARM64.Build.0 = Release|Any CPU
		{27B7DDC8-07A4-4287-8B64-887366FEE5E2}.Release|iPhone.ActiveCfg = Release|Any CPU
		{27B7DDC8-07A4-4287-8B64-887366FEE5E2}.Release|iPhone.Build.0 = Release|Any CPU
		{27B7DDC8-07A4-4287-8B64-887366FEE5E2}.Release|iPhoneSimulator.ActiveCfg = Release|Any CPU
		{27B7DDC8-07A4-4287-8B64-887366FEE5E2}.Release|iPhoneSimulator.Build.0 = Release|Any CPU
		{27B7DDC8-07A4-4287-8B64-887366FEE5E2}.Release|x64.ActiveCfg = Release|Any CPU
		{27B7DDC8-07A4-4287-8B64-887366FEE5E2}.Release|x64.Build.0 = Release|Any CPU
		{27B7DDC8-07A4-4287-8B64-887366FEE5E2}.Release|x86.ActiveCfg = Release|Any CPU
		{27B7DDC8-07A4-4287-8B64-887366FEE5E2}.Release|x86.Build.0 = Release|Any CPU
		{F4325FA9-5953-46FF-95FC-042B857FF23B}.Debug|Any CPU.ActiveCfg = Debug|Any CPU
		{F4325FA9-5953-46FF-95FC-042B857FF23B}.Debug|Any CPU.Build.0 = Debug|Any CPU
		{F4325FA9-5953-46FF-95FC-042B857FF23B}.Debug|ARM.ActiveCfg = Debug|Any CPU
		{F4325FA9-5953-46FF-95FC-042B857FF23B}.Debug|ARM.Build.0 = Debug|Any CPU
		{F4325FA9-5953-46FF-95FC-042B857FF23B}.Debug|ARM64.ActiveCfg = Debug|Any CPU
		{F4325FA9-5953-46FF-95FC-042B857FF23B}.Debug|ARM64.Build.0 = Debug|Any CPU
		{F4325FA9-5953-46FF-95FC-042B857FF23B}.Debug|iPhone.ActiveCfg = Debug|Any CPU
		{F4325FA9-5953-46FF-95FC-042B857FF23B}.Debug|iPhone.Build.0 = Debug|Any CPU
		{F4325FA9-5953-46FF-95FC-042B857FF23B}.Debug|iPhoneSimulator.ActiveCfg = Debug|Any CPU
		{F4325FA9-5953-46FF-95FC-042B857FF23B}.Debug|iPhoneSimulator.Build.0 = Debug|Any CPU
		{F4325FA9-5953-46FF-95FC-042B857FF23B}.Debug|x64.ActiveCfg = Debug|Any CPU
		{F4325FA9-5953-46FF-95FC-042B857FF23B}.Debug|x64.Build.0 = Debug|Any CPU
		{F4325FA9-5953-46FF-95FC-042B857FF23B}.Debug|x86.ActiveCfg = Debug|Any CPU
		{F4325FA9-5953-46FF-95FC-042B857FF23B}.Debug|x86.Build.0 = Debug|Any CPU
		{F4325FA9-5953-46FF-95FC-042B857FF23B}.Release|Any CPU.ActiveCfg = Release|Any CPU
		{F4325FA9-5953-46FF-95FC-042B857FF23B}.Release|Any CPU.Build.0 = Release|Any CPU
		{F4325FA9-5953-46FF-95FC-042B857FF23B}.Release|ARM.ActiveCfg = Release|Any CPU
		{F4325FA9-5953-46FF-95FC-042B857FF23B}.Release|ARM.Build.0 = Release|Any CPU
		{F4325FA9-5953-46FF-95FC-042B857FF23B}.Release|ARM64.ActiveCfg = Release|Any CPU
		{F4325FA9-5953-46FF-95FC-042B857FF23B}.Release|ARM64.Build.0 = Release|Any CPU
		{F4325FA9-5953-46FF-95FC-042B857FF23B}.Release|iPhone.ActiveCfg = Release|Any CPU
		{F4325FA9-5953-46FF-95FC-042B857FF23B}.Release|iPhone.Build.0 = Release|Any CPU
		{F4325FA9-5953-46FF-95FC-042B857FF23B}.Release|iPhoneSimulator.ActiveCfg = Release|Any CPU
		{F4325FA9-5953-46FF-95FC-042B857FF23B}.Release|iPhoneSimulator.Build.0 = Release|Any CPU
		{F4325FA9-5953-46FF-95FC-042B857FF23B}.Release|x64.ActiveCfg = Release|Any CPU
		{F4325FA9-5953-46FF-95FC-042B857FF23B}.Release|x64.Build.0 = Release|Any CPU
		{F4325FA9-5953-46FF-95FC-042B857FF23B}.Release|x86.ActiveCfg = Release|Any CPU
		{F4325FA9-5953-46FF-95FC-042B857FF23B}.Release|x86.Build.0 = Release|Any CPU
		{092727C6-FFF2-4B4D-9010-38823AE2B771}.Debug|Any CPU.ActiveCfg = Debug|Any CPU
		{092727C6-FFF2-4B4D-9010-38823AE2B771}.Debug|Any CPU.Build.0 = Debug|Any CPU
		{092727C6-FFF2-4B4D-9010-38823AE2B771}.Debug|ARM.ActiveCfg = Debug|Any CPU
		{092727C6-FFF2-4B4D-9010-38823AE2B771}.Debug|ARM.Build.0 = Debug|Any CPU
		{092727C6-FFF2-4B4D-9010-38823AE2B771}.Debug|ARM64.ActiveCfg = Debug|Any CPU
		{092727C6-FFF2-4B4D-9010-38823AE2B771}.Debug|ARM64.Build.0 = Debug|Any CPU
		{092727C6-FFF2-4B4D-9010-38823AE2B771}.Debug|iPhone.ActiveCfg = Debug|Any CPU
		{092727C6-FFF2-4B4D-9010-38823AE2B771}.Debug|iPhone.Build.0 = Debug|Any CPU
		{092727C6-FFF2-4B4D-9010-38823AE2B771}.Debug|iPhoneSimulator.ActiveCfg = Debug|Any CPU
		{092727C6-FFF2-4B4D-9010-38823AE2B771}.Debug|iPhoneSimulator.Build.0 = Debug|Any CPU
		{092727C6-FFF2-4B4D-9010-38823AE2B771}.Debug|x64.ActiveCfg = Debug|Any CPU
		{092727C6-FFF2-4B4D-9010-38823AE2B771}.Debug|x64.Build.0 = Debug|Any CPU
		{092727C6-FFF2-4B4D-9010-38823AE2B771}.Debug|x86.ActiveCfg = Debug|Any CPU
		{092727C6-FFF2-4B4D-9010-38823AE2B771}.Debug|x86.Build.0 = Debug|Any CPU
		{092727C6-FFF2-4B4D-9010-38823AE2B771}.Release|Any CPU.ActiveCfg = Release|Any CPU
		{092727C6-FFF2-4B4D-9010-38823AE2B771}.Release|Any CPU.Build.0 = Release|Any CPU
		{092727C6-FFF2-4B4D-9010-38823AE2B771}.Release|ARM.ActiveCfg = Release|Any CPU
		{092727C6-FFF2-4B4D-9010-38823AE2B771}.Release|ARM.Build.0 = Release|Any CPU
		{092727C6-FFF2-4B4D-9010-38823AE2B771}.Release|ARM64.ActiveCfg = Release|Any CPU
		{092727C6-FFF2-4B4D-9010-38823AE2B771}.Release|ARM64.Build.0 = Release|Any CPU
		{092727C6-FFF2-4B4D-9010-38823AE2B771}.Release|iPhone.ActiveCfg = Release|Any CPU
		{092727C6-FFF2-4B4D-9010-38823AE2B771}.Release|iPhone.Build.0 = Release|Any CPU
		{092727C6-FFF2-4B4D-9010-38823AE2B771}.Release|iPhoneSimulator.ActiveCfg = Release|Any CPU
		{092727C6-FFF2-4B4D-9010-38823AE2B771}.Release|iPhoneSimulator.Build.0 = Release|Any CPU
		{092727C6-FFF2-4B4D-9010-38823AE2B771}.Release|x64.ActiveCfg = Release|Any CPU
		{092727C6-FFF2-4B4D-9010-38823AE2B771}.Release|x64.Build.0 = Release|Any CPU
		{092727C6-FFF2-4B4D-9010-38823AE2B771}.Release|x86.ActiveCfg = Release|Any CPU
		{092727C6-FFF2-4B4D-9010-38823AE2B771}.Release|x86.Build.0 = Release|Any CPU
		{6AE7F022-792E-4BF3-9846-3CEC0E83DC21}.Debug|Any CPU.ActiveCfg = Debug|Any CPU
		{6AE7F022-792E-4BF3-9846-3CEC0E83DC21}.Debug|Any CPU.Build.0 = Debug|Any CPU
		{6AE7F022-792E-4BF3-9846-3CEC0E83DC21}.Debug|ARM.ActiveCfg = Debug|Any CPU
		{6AE7F022-792E-4BF3-9846-3CEC0E83DC21}.Debug|ARM.Build.0 = Debug|Any CPU
		{6AE7F022-792E-4BF3-9846-3CEC0E83DC21}.Debug|ARM64.ActiveCfg = Debug|Any CPU
		{6AE7F022-792E-4BF3-9846-3CEC0E83DC21}.Debug|ARM64.Build.0 = Debug|Any CPU
		{6AE7F022-792E-4BF3-9846-3CEC0E83DC21}.Debug|iPhone.ActiveCfg = Debug|Any CPU
		{6AE7F022-792E-4BF3-9846-3CEC0E83DC21}.Debug|iPhone.Build.0 = Debug|Any CPU
		{6AE7F022-792E-4BF3-9846-3CEC0E83DC21}.Debug|iPhoneSimulator.ActiveCfg = Debug|Any CPU
		{6AE7F022-792E-4BF3-9846-3CEC0E83DC21}.Debug|iPhoneSimulator.Build.0 = Debug|Any CPU
		{6AE7F022-792E-4BF3-9846-3CEC0E83DC21}.Debug|x64.ActiveCfg = Debug|Any CPU
		{6AE7F022-792E-4BF3-9846-3CEC0E83DC21}.Debug|x64.Build.0 = Debug|Any CPU
		{6AE7F022-792E-4BF3-9846-3CEC0E83DC21}.Debug|x86.ActiveCfg = Debug|Any CPU
		{6AE7F022-792E-4BF3-9846-3CEC0E83DC21}.Debug|x86.Build.0 = Debug|Any CPU
		{6AE7F022-792E-4BF3-9846-3CEC0E83DC21}.Release|Any CPU.ActiveCfg = Release|Any CPU
		{6AE7F022-792E-4BF3-9846-3CEC0E83DC21}.Release|Any CPU.Build.0 = Release|Any CPU
		{6AE7F022-792E-4BF3-9846-3CEC0E83DC21}.Release|ARM.ActiveCfg = Release|Any CPU
		{6AE7F022-792E-4BF3-9846-3CEC0E83DC21}.Release|ARM.Build.0 = Release|Any CPU
		{6AE7F022-792E-4BF3-9846-3CEC0E83DC21}.Release|ARM64.ActiveCfg = Release|Any CPU
		{6AE7F022-792E-4BF3-9846-3CEC0E83DC21}.Release|ARM64.Build.0 = Release|Any CPU
		{6AE7F022-792E-4BF3-9846-3CEC0E83DC21}.Release|iPhone.ActiveCfg = Release|Any CPU
		{6AE7F022-792E-4BF3-9846-3CEC0E83DC21}.Release|iPhone.Build.0 = Release|Any CPU
		{6AE7F022-792E-4BF3-9846-3CEC0E83DC21}.Release|iPhoneSimulator.ActiveCfg = Release|Any CPU
		{6AE7F022-792E-4BF3-9846-3CEC0E83DC21}.Release|iPhoneSimulator.Build.0 = Release|Any CPU
		{6AE7F022-792E-4BF3-9846-3CEC0E83DC21}.Release|x64.ActiveCfg = Release|Any CPU
		{6AE7F022-792E-4BF3-9846-3CEC0E83DC21}.Release|x64.Build.0 = Release|Any CPU
		{6AE7F022-792E-4BF3-9846-3CEC0E83DC21}.Release|x86.ActiveCfg = Release|Any CPU
		{6AE7F022-792E-4BF3-9846-3CEC0E83DC21}.Release|x86.Build.0 = Release|Any CPU
	EndGlobalSection
	GlobalSection(SolutionProperties) = preSolution
		HideSolutionNode = FALSE
	EndGlobalSection
	GlobalSection(NestedProjects) = preSolution
		{9C012FDF-7B0F-49C9-A3FC-186528B0FD0C} = {4B933461-A6FB-4F36-89B7-8242C447555D}
		{27B7DDC8-07A4-4287-8B64-887366FEE5E2} = {4B933461-A6FB-4F36-89B7-8242C447555D}
		{F4325FA9-5953-46FF-95FC-042B857FF23B} = {4B933461-A6FB-4F36-89B7-8242C447555D}
		{092727C6-FFF2-4B4D-9010-38823AE2B771} = {4B933461-A6FB-4F36-89B7-8242C447555D}
		{6AE7F022-792E-4BF3-9846-3CEC0E83DC21} = {4B933461-A6FB-4F36-89B7-8242C447555D}
	EndGlobalSection
	GlobalSection(ExtensibilityGlobals) = postSolution
		SolutionGuid = {F774770C-EF90-4F19-A2DB-DD0100B6ACF7}
	EndGlobalSection
EndGlobal
