
Microsoft Visual Studio Solution File, Format Version 12.00
# Visual Studio Version 17
VisualStudioVersion = 17.0.31825.309
MinimumVisualStudioVersion = 10.0.40219.1
Project("{FAE04EC0-301F-11D3-BF4B-00C04F79EFBC}") = "Sample.Android", "Sample.Android\Sample.Android.csproj", "{A65F46E0-9884-410A-ABAF-075DB1CB07FC}"
EndProject
Project("{FAE04EC0-301F-11D3-BF4B-00C04F79EFBC}") = "Sample.iOS", "Sample.iOS\Sample.iOS.csproj", "{2321E7B4-749E-443E-868D-B9D6543304D9}"
EndProject
Project("{9A19103F-16F7-4668-BE54-9A1E7A4F7556}") = "Sample", "Sample\Sample.csproj", "{C4A94D57-C146-4DE5-A133-30704425FCE7}"
EndProject
Project("{2150E333-8FDC-42A3-9474-1A3956D46DE8}") = "Solution Items", "Solution Items", "{3D65F7B5-71F5-4A09-B9BD-F402FB22F957}"
	ProjectSection(SolutionItems) = preProject
		readme.md = readme.md
	EndProjectSection
EndProject
Project("{9A19103F-16F7-4668-BE54-9A1E7A4F7556}") = "Sample.Shared", "..\_Template\Sample.Shared\Sample.Shared.csproj", "{358D7E5F-9081-4318-87F2-B5D0FF099964}"
EndProject
Project("{9A19103F-16F7-4668-BE54-9A1E7A4F7556}") = "Shiny.Core", "..\..\shinylibs\shiny\src\Shiny.Core\Shiny.Core.csproj", "{ED0DED8A-24F1-441E-AB90-92CD07CE776B}"
EndProject
Project("{9A19103F-16F7-4668-BE54-9A1E7A4F7556}") = "Shiny.Locations.Common", "..\..\shinylibs\shiny\src\Shiny.Locations.Common\Shiny.Locations.Common.csproj", "{DE7043E2-AF23-4E48-950D-91352998F51D}"
EndProject
Project("{9A19103F-16F7-4668-BE54-9A1E7A4F7556}") = "Shiny.Locations", "..\..\shinylibs\shiny\src\Shiny.Locations\Shiny.Locations.csproj", "{61E35552-B4CF-4F2B-A592-A8F04BC78830}"
EndProject
Project("{9A19103F-16F7-4668-BE54-9A1E7A4F7556}") = "Shiny.Notifications", "..\..\shinylibs\shiny\src\Shiny.Notifications\Shiny.Notifications.csproj", "{68DE213C-DF8A-475B-BCD0-8E733C24C424}"
EndProject
Project("{2150E333-8FDC-42A3-9474-1A3956D46DE8}") = "lib", "lib", "{53C8831D-4A71-4882-ACD7-6AACF55CA9E0}"
EndProject
Project("{FAE04EC0-301F-11D3-BF4B-00C04F79EFBC}") = "Shiny.Jobs", "..\..\shinylibs\shiny\src\Shiny.Jobs\Shiny.Jobs.csproj", "{808892CB-8DA2-4389-95BA-693B8F3E8C9A}"
EndProject
Global
	GlobalSection(SolutionConfigurationPlatforms) = preSolution
		Debug|Any CPU = Debug|Any CPU
		Debug|ARM = Debug|ARM
		Debug|ARM64 = Debug|ARM64
		Debug|iPhone = Debug|iPhone
		Debug|iPhoneSimulator = Debug|iPhoneSimulator
		Debug|x64 = Debug|x64
		Debug|x86 = Debug|x86
		Release|Any CPU = Release|Any CPU
		Release|ARM = Release|ARM
		Release|ARM64 = Release|ARM64
		Release|iPhone = Release|iPhone
		Release|iPhoneSimulator = Release|iPhoneSimulator
		Release|x64 = Release|x64
		Release|x86 = Release|x86
	EndGlobalSection
	GlobalSection(ProjectConfigurationPlatforms) = postSolution
		{A65F46E0-9884-410A-ABAF-075DB1CB07FC}.Debug|Any CPU.ActiveCfg = Debug|Any CPU
		{A65F46E0-9884-410A-ABAF-075DB1CB07FC}.Debug|Any CPU.Build.0 = Debug|Any CPU
		{A65F46E0-9884-410A-ABAF-075DB1CB07FC}.Debug|Any CPU.Deploy.0 = Debug|Any CPU
		{A65F46E0-9884-410A-ABAF-075DB1CB07FC}.Debug|ARM.ActiveCfg = Debug|Any CPU
		{A65F46E0-9884-410A-ABAF-075DB1CB07FC}.Debug|ARM.Build.0 = Debug|Any CPU
		{A65F46E0-9884-410A-ABAF-075DB1CB07FC}.Debug|ARM.Deploy.0 = Debug|Any CPU
		{A65F46E0-9884-410A-ABAF-075DB1CB07FC}.Debug|ARM64.ActiveCfg = Debug|Any CPU
		{A65F46E0-9884-410A-ABAF-075DB1CB07FC}.Debug|ARM64.Build.0 = Debug|Any CPU
		{A65F46E0-9884-410A-ABAF-075DB1CB07FC}.Debug|ARM64.Deploy.0 = Debug|Any CPU
		{A65F46E0-9884-410A-ABAF-075DB1CB07FC}.Debug|iPhone.ActiveCfg = Debug|Any CPU
		{A65F46E0-9884-410A-ABAF-075DB1CB07FC}.Debug|iPhone.Build.0 = Debug|Any CPU
		{A65F46E0-9884-410A-ABAF-075DB1CB07FC}.Debug|iPhone.Deploy.0 = Debug|Any CPU
		{A65F46E0-9884-410A-ABAF-075DB1CB07FC}.Debug|iPhoneSimulator.ActiveCfg = Debug|Any CPU
		{A65F46E0-9884-410A-ABAF-075DB1CB07FC}.Debug|iPhoneSimulator.Build.0 = Debug|Any CPU
		{A65F46E0-9884-410A-ABAF-075DB1CB07FC}.Debug|iPhoneSimulator.Deploy.0 = Debug|Any CPU
		{A65F46E0-9884-410A-ABAF-075DB1CB07FC}.Debug|x64.ActiveCfg = Debug|Any CPU
		{A65F46E0-9884-410A-ABAF-075DB1CB07FC}.Debug|x64.Build.0 = Debug|Any CPU
		{A65F46E0-9884-410A-ABAF-075DB1CB07FC}.Debug|x64.Deploy.0 = Debug|Any CPU
		{A65F46E0-9884-410A-ABAF-075DB1CB07FC}.Debug|x86.ActiveCfg = Debug|Any CPU
		{A65F46E0-9884-410A-ABAF-075DB1CB07FC}.Debug|x86.Build.0 = Debug|Any CPU
		{A65F46E0-9884-410A-ABAF-075DB1CB07FC}.Debug|x86.Deploy.0 = Debug|Any CPU
		{A65F46E0-9884-410A-ABAF-075DB1CB07FC}.Release|Any CPU.ActiveCfg = Release|Any CPU
		{A65F46E0-9884-410A-ABAF-075DB1CB07FC}.Release|Any CPU.Build.0 = Release|Any CPU
		{A65F46E0-9884-410A-ABAF-075DB1CB07FC}.Release|Any CPU.Deploy.0 = Release|Any CPU
		{A65F46E0-9884-410A-ABAF-075DB1CB07FC}.Release|ARM.ActiveCfg = Release|Any CPU
		{A65F46E0-9884-410A-ABAF-075DB1CB07FC}.Release|ARM.Build.0 = Release|Any CPU
		{A65F46E0-9884-410A-ABAF-075DB1CB07FC}.Release|ARM.Deploy.0 = Release|Any CPU
		{A65F46E0-9884-410A-ABAF-075DB1CB07FC}.Release|ARM64.ActiveCfg = Release|Any CPU
		{A65F46E0-9884-410A-ABAF-075DB1CB07FC}.Release|ARM64.Build.0 = Release|Any CPU
		{A65F46E0-9884-410A-ABAF-075DB1CB07FC}.Release|ARM64.Deploy.0 = Release|Any CPU
		{A65F46E0-9884-410A-ABAF-075DB1CB07FC}.Release|iPhone.ActiveCfg = Release|Any CPU
		{A65F46E0-9884-410A-ABAF-075DB1CB07FC}.Release|iPhone.Build.0 = Release|Any CPU
		{A65F46E0-9884-410A-ABAF-075DB1CB07FC}.Release|iPhone.Deploy.0 = Release|Any CPU
		{A65F46E0-9884-410A-ABAF-075DB1CB07FC}.Release|iPhoneSimulator.ActiveCfg = Release|Any CPU
		{A65F46E0-9884-410A-ABAF-075DB1CB07FC}.Release|iPhoneSimulator.Build.0 = Release|Any CPU
		{A65F46E0-9884-410A-ABAF-075DB1CB07FC}.Release|iPhoneSimulator.Deploy.0 = Release|Any CPU
		{A65F46E0-9884-410A-ABAF-075DB1CB07FC}.Release|x64.ActiveCfg = Release|Any CPU
		{A65F46E0-9884-410A-ABAF-075DB1CB07FC}.Release|x64.Build.0 = Release|Any CPU
		{A65F46E0-9884-410A-ABAF-075DB1CB07FC}.Release|x64.Deploy.0 = Release|Any CPU
		{A65F46E0-9884-410A-ABAF-075DB1CB07FC}.Release|x86.ActiveCfg = Release|Any CPU
		{A65F46E0-9884-410A-ABAF-075DB1CB07FC}.Release|x86.Build.0 = Release|Any CPU
		{A65F46E0-9884-410A-ABAF-075DB1CB07FC}.Release|x86.Deploy.0 = Release|Any CPU
		{2321E7B4-749E-443E-868D-B9D6543304D9}.Debug|Any CPU.ActiveCfg = Debug|iPhoneSimulator
		{2321E7B4-749E-443E-868D-B9D6543304D9}.Debug|Any CPU.Build.0 = Debug|iPhoneSimulator
		{2321E7B4-749E-443E-868D-B9D6543304D9}.Debug|Any CPU.Deploy.0 = Debug|iPhoneSimulator
		{2321E7B4-749E-443E-868D-B9D6543304D9}.Debug|ARM.ActiveCfg = Debug|iPhone
		{2321E7B4-749E-443E-868D-B9D6543304D9}.Debug|ARM.Build.0 = Debug|iPhone
		{2321E7B4-749E-443E-868D-B9D6543304D9}.Debug|ARM.Deploy.0 = Debug|iPhone
		{2321E7B4-749E-443E-868D-B9D6543304D9}.Debug|ARM64.ActiveCfg = Debug|iPhoneSimulator
		{2321E7B4-749E-443E-868D-B9D6543304D9}.Debug|iPhone.ActiveCfg = Debug|iPhone
		{2321E7B4-749E-443E-868D-B9D6543304D9}.Debug|iPhone.Build.0 = Debug|iPhone
		{2321E7B4-749E-443E-868D-B9D6543304D9}.Debug|iPhone.Deploy.0 = Debug|iPhone
		{2321E7B4-749E-443E-868D-B9D6543304D9}.Debug|iPhoneSimulator.ActiveCfg = Debug|iPhoneSimulator
		{2321E7B4-749E-443E-868D-B9D6543304D9}.Debug|iPhoneSimulator.Build.0 = Debug|iPhoneSimulator
		{2321E7B4-749E-443E-868D-B9D6543304D9}.Debug|iPhoneSimulator.Deploy.0 = Debug|iPhoneSimulator
		{2321E7B4-749E-443E-868D-B9D6543304D9}.Debug|x64.ActiveCfg = Debug|iPhoneSimulator
		{2321E7B4-749E-443E-868D-B9D6543304D9}.Debug|x64.Build.0 = Debug|iPhoneSimulator
		{2321E7B4-749E-443E-868D-B9D6543304D9}.Debug|x64.Deploy.0 = Debug|iPhoneSimulator
		{2321E7B4-749E-443E-868D-B9D6543304D9}.Debug|x86.ActiveCfg = Debug|iPhoneSimulator
		{2321E7B4-749E-443E-868D-B9D6543304D9}.Debug|x86.Build.0 = Debug|iPhoneSimulator
		{2321E7B4-749E-443E-868D-B9D6543304D9}.Debug|x86.Deploy.0 = Debug|iPhoneSimulator
		{2321E7B4-749E-443E-868D-B9D6543304D9}.Release|Any CPU.ActiveCfg = Release|iPhoneSimulator
		{2321E7B4-749E-443E-868D-B9D6543304D9}.Release|Any CPU.Build.0 = Release|iPhoneSimulator
		{2321E7B4-749E-443E-868D-B9D6543304D9}.Release|Any CPU.Deploy.0 = Release|iPhoneSimulator
		{2321E7B4-749E-443E-868D-B9D6543304D9}.Release|ARM.ActiveCfg = Release|iPhoneSimulator
		{2321E7B4-749E-443E-868D-B9D6543304D9}.Release|ARM.Build.0 = Release|iPhoneSimulator
		{2321E7B4-749E-443E-868D-B9D6543304D9}.Release|ARM.Deploy.0 = Release|iPhoneSimulator
		{2321E7B4-749E-443E-868D-B9D6543304D9}.Release|ARM64.ActiveCfg = Release|iPhoneSimulator
		{2321E7B4-749E-443E-868D-B9D6543304D9}.Release|iPhone.ActiveCfg = Release|iPhone
		{2321E7B4-749E-443E-868D-B9D6543304D9}.Release|iPhone.Build.0 = Release|iPhone
		{2321E7B4-749E-443E-868D-B9D6543304D9}.Release|iPhone.Deploy.0 = Release|iPhone
		{2321E7B4-749E-443E-868D-B9D6543304D9}.Release|iPhoneSimulator.ActiveCfg = Release|iPhoneSimulator
		{2321E7B4-749E-443E-868D-B9D6543304D9}.Release|iPhoneSimulator.Build.0 = Release|iPhoneSimulator
		{2321E7B4-749E-443E-868D-B9D6543304D9}.Release|iPhoneSimulator.Deploy.0 = Release|iPhoneSimulator
		{2321E7B4-749E-443E-868D-B9D6543304D9}.Release|x64.ActiveCfg = Release|iPhoneSimulator
		{2321E7B4-749E-443E-868D-B9D6543304D9}.Release|x64.Build.0 = Release|iPhoneSimulator
		{2321E7B4-749E-443E-868D-B9D6543304D9}.Release|x64.Deploy.0 = Release|iPhoneSimulator
		{2321E7B4-749E-443E-868D-B9D6543304D9}.Release|x86.ActiveCfg = Release|iPhoneSimulator
		{2321E7B4-749E-443E-868D-B9D6543304D9}.Release|x86.Build.0 = Release|iPhoneSimulator
		{2321E7B4-749E-443E-868D-B9D6543304D9}.Release|x86.Deploy.0 = Release|iPhoneSimulator
		{C4A94D57-C146-4DE5-A133-30704425FCE7}.Debug|Any CPU.ActiveCfg = Debug|Any CPU
		{C4A94D57-C146-4DE5-A133-30704425FCE7}.Debug|Any CPU.Build.0 = Debug|Any CPU
		{C4A94D57-C146-4DE5-A133-30704425FCE7}.Debug|Any CPU.Deploy.0 = Debug|Any CPU
		{C4A94D57-C146-4DE5-A133-30704425FCE7}.Debug|ARM.ActiveCfg = Debug|Any CPU
		{C4A94D57-C146-4DE5-A133-30704425FCE7}.Debug|ARM.Build.0 = Debug|Any CPU
		{C4A94D57-C146-4DE5-A133-30704425FCE7}.Debug|ARM.Deploy.0 = Debug|Any CPU
		{C4A94D57-C146-4DE5-A133-30704425FCE7}.Debug|ARM64.ActiveCfg = Debug|Any CPU
		{C4A94D57-C146-4DE5-A133-30704425FCE7}.Debug|ARM64.Build.0 = Debug|Any CPU
		{C4A94D57-C146-4DE5-A133-30704425FCE7}.Debug|iPhone.ActiveCfg = Debug|Any CPU
		{C4A94D57-C146-4DE5-A133-30704425FCE7}.Debug|iPhone.Build.0 = Debug|Any CPU
		{C4A94D57-C146-4DE5-A133-30704425FCE7}.Debug|iPhone.Deploy.0 = Debug|Any CPU
		{C4A94D57-C146-4DE5-A133-30704425FCE7}.Debug|iPhoneSimulator.ActiveCfg = Debug|Any CPU
		{C4A94D57-C146-4DE5-A133-30704425FCE7}.Debug|iPhoneSimulator.Build.0 = Debug|Any CPU
		{C4A94D57-C146-4DE5-A133-30704425FCE7}.Debug|iPhoneSimulator.Deploy.0 = Debug|Any CPU
		{C4A94D57-C146-4DE5-A133-30704425FCE7}.Debug|x64.ActiveCfg = Debug|Any CPU
		{C4A94D57-C146-4DE5-A133-30704425FCE7}.Debug|x64.Build.0 = Debug|Any CPU
		{C4A94D57-C146-4DE5-A133-30704425FCE7}.Debug|x64.Deploy.0 = Debug|Any CPU
		{C4A94D57-C146-4DE5-A133-30704425FCE7}.Debug|x86.ActiveCfg = Debug|Any CPU
		{C4A94D57-C146-4DE5-A133-30704425FCE7}.Debug|x86.Build.0 = Debug|Any CPU
		{C4A94D57-C146-4DE5-A133-30704425FCE7}.Debug|x86.Deploy.0 = Debug|Any CPU
		{C4A94D57-C146-4DE5-A133-30704425FCE7}.Release|Any CPU.ActiveCfg = Release|Any CPU
		{C4A94D57-C146-4DE5-A133-30704425FCE7}.Release|Any CPU.Build.0 = Release|Any CPU
		{C4A94D57-C146-4DE5-A133-30704425FCE7}.Release|Any CPU.Deploy.0 = Release|Any CPU
		{C4A94D57-C146-4DE5-A133-30704425FCE7}.Release|ARM.ActiveCfg = Release|Any CPU
		{C4A94D57-C146-4DE5-A133-30704425FCE7}.Release|ARM.Build.0 = Release|Any CPU
		{C4A94D57-C146-4DE5-A133-30704425FCE7}.Release|ARM.Deploy.0 = Release|Any CPU
		{C4A94D57-C146-4DE5-A133-30704425FCE7}.Release|ARM64.ActiveCfg = Release|Any CPU
		{C4A94D57-C146-4DE5-A133-30704425FCE7}.Release|ARM64.Build.0 = Release|Any CPU
		{C4A94D57-C146-4DE5-A133-30704425FCE7}.Release|iPhone.ActiveCfg = Release|Any CPU
		{C4A94D57-C146-4DE5-A133-30704425FCE7}.Release|iPhone.Build.0 = Release|Any CPU
		{C4A94D57-C146-4DE5-A133-30704425FCE7}.Release|iPhone.Deploy.0 = Release|Any CPU
		{C4A94D57-C146-4DE5-A133-30704425FCE7}.Release|iPhoneSimulator.ActiveCfg = Release|Any CPU
		{C4A94D57-C146-4DE5-A133-30704425FCE7}.Release|iPhoneSimulator.Build.0 = Release|Any CPU
		{C4A94D57-C146-4DE5-A133-30704425FCE7}.Release|iPhoneSimulator.Deploy.0 = Release|Any CPU
		{C4A94D57-C146-4DE5-A133-30704425FCE7}.Release|x64.ActiveCfg = Release|Any CPU
		{C4A94D57-C146-4DE5-A133-30704425FCE7}.Release|x64.Build.0 = Release|Any CPU
		{C4A94D57-C146-4DE5-A133-30704425FCE7}.Release|x64.Deploy.0 = Release|Any CPU
		{C4A94D57-C146-4DE5-A133-30704425FCE7}.Release|x86.ActiveCfg = Release|Any CPU
		{C4A94D57-C146-4DE5-A133-30704425FCE7}.Release|x86.Build.0 = Release|Any CPU
		{C4A94D57-C146-4DE5-A133-30704425FCE7}.Release|x86.Deploy.0 = Release|Any CPU
		{358D7E5F-9081-4318-87F2-B5D0FF099964}.Debug|Any CPU.ActiveCfg = Debug|Any CPU
		{358D7E5F-9081-4318-87F2-B5D0FF099964}.Debug|Any CPU.Build.0 = Debug|Any CPU
		{358D7E5F-9081-4318-87F2-B5D0FF099964}.Debug|ARM.ActiveCfg = Debug|Any CPU
		{358D7E5F-9081-4318-87F2-B5D0FF099964}.Debug|ARM.Build.0 = Debug|Any CPU
		{358D7E5F-9081-4318-87F2-B5D0FF099964}.Debug|ARM64.ActiveCfg = Debug|Any CPU
		{358D7E5F-9081-4318-87F2-B5D0FF099964}.Debug|ARM64.Build.0 = Debug|Any CPU
		{358D7E5F-9081-4318-87F2-B5D0FF099964}.Debug|iPhone.ActiveCfg = Debug|Any CPU
		{358D7E5F-9081-4318-87F2-B5D0FF099964}.Debug|iPhone.Build.0 = Debug|Any CPU
		{358D7E5F-9081-4318-87F2-B5D0FF099964}.Debug|iPhoneSimulator.ActiveCfg = Debug|Any CPU
		{358D7E5F-9081-4318-87F2-B5D0FF099964}.Debug|iPhoneSimulator.Build.0 = Debug|Any CPU
		{358D7E5F-9081-4318-87F2-B5D0FF099964}.Debug|x64.ActiveCfg = Debug|Any CPU
		{358D7E5F-9081-4318-87F2-B5D0FF099964}.Debug|x64.Build.0 = Debug|Any CPU
		{358D7E5F-9081-4318-87F2-B5D0FF099964}.Debug|x86.ActiveCfg = Debug|Any CPU
		{358D7E5F-9081-4318-87F2-B5D0FF099964}.Debug|x86.Build.0 = Debug|Any CPU
		{358D7E5F-9081-4318-87F2-B5D0FF099964}.Release|Any CPU.ActiveCfg = Release|Any CPU
		{358D7E5F-9081-4318-87F2-B5D0FF099964}.Release|Any CPU.Build.0 = Release|Any CPU
		{358D7E5F-9081-4318-87F2-B5D0FF099964}.Release|ARM.ActiveCfg = Release|Any CPU
		{358D7E5F-9081-4318-87F2-B5D0FF099964}.Release|ARM.Build.0 = Release|Any CPU
		{358D7E5F-9081-4318-87F2-B5D0FF099964}.Release|ARM64.ActiveCfg = Release|Any CPU
		{358D7E5F-9081-4318-87F2-B5D0FF099964}.Release|ARM64.Build.0 = Release|Any CPU
		{358D7E5F-9081-4318-87F2-B5D0FF099964}.Release|iPhone.ActiveCfg = Release|Any CPU
		{358D7E5F-9081-4318-87F2-B5D0FF099964}.Release|iPhone.Build.0 = Release|Any CPU
		{358D7E5F-9081-4318-87F2-B5D0FF099964}.Release|iPhoneSimulator.ActiveCfg = Release|Any CPU
		{358D7E5F-9081-4318-87F2-B5D0FF099964}.Release|iPhoneSimulator.Build.0 = Release|Any CPU
		{358D7E5F-9081-4318-87F2-B5D0FF099964}.Release|x64.ActiveCfg = Release|Any CPU
		{358D7E5F-9081-4318-87F2-B5D0FF099964}.Release|x64.Build.0 = Release|Any CPU
		{358D7E5F-9081-4318-87F2-B5D0FF099964}.Release|x86.ActiveCfg = Release|Any CPU
		{358D7E5F-9081-4318-87F2-B5D0FF099964}.Release|x86.Build.0 = Release|Any CPU
		{ED0DED8A-24F1-441E-AB90-92CD07CE776B}.Debug|Any CPU.ActiveCfg = Debug|Any CPU
		{ED0DED8A-24F1-441E-AB90-92CD07CE776B}.Debug|Any CPU.Build.0 = Debug|Any CPU
		{ED0DED8A-24F1-441E-AB90-92CD07CE776B}.Debug|ARM.ActiveCfg = Debug|Any CPU
		{ED0DED8A-24F1-441E-AB90-92CD07CE776B}.Debug|ARM.Build.0 = Debug|Any CPU
		{ED0DED8A-24F1-441E-AB90-92CD07CE776B}.Debug|ARM64.ActiveCfg = Debug|Any CPU
		{ED0DED8A-24F1-441E-AB90-92CD07CE776B}.Debug|ARM64.Build.0 = Debug|Any CPU
		{ED0DED8A-24F1-441E-AB90-92CD07CE776B}.Debug|iPhone.ActiveCfg = Debug|Any CPU
		{ED0DED8A-24F1-441E-AB90-92CD07CE776B}.Debug|iPhone.Build.0 = Debug|Any CPU
		{ED0DED8A-24F1-441E-AB90-92CD07CE776B}.Debug|iPhoneSimulator.ActiveCfg = Debug|Any CPU
		{ED0DED8A-24F1-441E-AB90-92CD07CE776B}.Debug|iPhoneSimulator.Build.0 = Debug|Any CPU
		{ED0DED8A-24F1-441E-AB90-92CD07CE776B}.Debug|x64.ActiveCfg = Debug|Any CPU
		{ED0DED8A-24F1-441E-AB90-92CD07CE776B}.Debug|x64.Build.0 = Debug|Any CPU
		{ED0DED8A-24F1-441E-AB90-92CD07CE776B}.Debug|x86.ActiveCfg = Debug|Any CPU
		{ED0DED8A-24F1-441E-AB90-92CD07CE776B}.Debug|x86.Build.0 = Debug|Any CPU
		{ED0DED8A-24F1-441E-AB90-92CD07CE776B}.Release|Any CPU.ActiveCfg = Release|Any CPU
		{ED0DED8A-24F1-441E-AB90-92CD07CE776B}.Release|Any CPU.Build.0 = Release|Any CPU
		{ED0DED8A-24F1-441E-AB90-92CD07CE776B}.Release|ARM.ActiveCfg = Release|Any CPU
		{ED0DED8A-24F1-441E-AB90-92CD07CE776B}.Release|ARM.Build.0 = Release|Any CPU
		{ED0DED8A-24F1-441E-AB90-92CD07CE776B}.Release|ARM64.ActiveCfg = Release|Any CPU
		{ED0DED8A-24F1-441E-AB90-92CD07CE776B}.Release|ARM64.Build.0 = Release|Any CPU
		{ED0DED8A-24F1-441E-AB90-92CD07CE776B}.Release|iPhone.ActiveCfg = Release|Any CPU
		{ED0DED8A-24F1-441E-AB90-92CD07CE776B}.Release|iPhone.Build.0 = Release|Any CPU
		{ED0DED8A-24F1-441E-AB90-92CD07CE776B}.Release|iPhoneSimulator.ActiveCfg = Release|Any CPU
		{ED0DED8A-24F1-441E-AB90-92CD07CE776B}.Release|iPhoneSimulator.Build.0 = Release|Any CPU
		{ED0DED8A-24F1-441E-AB90-92CD07CE776B}.Release|x64.ActiveCfg = Release|Any CPU
		{ED0DED8A-24F1-441E-AB90-92CD07CE776B}.Release|x64.Build.0 = Release|Any CPU
		{ED0DED8A-24F1-441E-AB90-92CD07CE776B}.Release|x86.ActiveCfg = Release|Any CPU
		{ED0DED8A-24F1-441E-AB90-92CD07CE776B}.Release|x86.Build.0 = Release|Any CPU
		{DE7043E2-AF23-4E48-950D-91352998F51D}.Debug|Any CPU.ActiveCfg = Debug|Any CPU
		{DE7043E2-AF23-4E48-950D-91352998F51D}.Debug|Any CPU.Build.0 = Debug|Any CPU
		{DE7043E2-AF23-4E48-950D-91352998F51D}.Debug|ARM.ActiveCfg = Debug|Any CPU
		{DE7043E2-AF23-4E48-950D-91352998F51D}.Debug|ARM.Build.0 = Debug|Any CPU
		{DE7043E2-AF23-4E48-950D-91352998F51D}.Debug|ARM64.ActiveCfg = Debug|Any CPU
		{DE7043E2-AF23-4E48-950D-91352998F51D}.Debug|ARM64.Build.0 = Debug|Any CPU
		{DE7043E2-AF23-4E48-950D-91352998F51D}.Debug|iPhone.ActiveCfg = Debug|Any CPU
		{DE7043E2-AF23-4E48-950D-91352998F51D}.Debug|iPhone.Build.0 = Debug|Any CPU
		{DE7043E2-AF23-4E48-950D-91352998F51D}.Debug|iPhoneSimulator.ActiveCfg = Debug|Any CPU
		{DE7043E2-AF23-4E48-950D-91352998F51D}.Debug|iPhoneSimulator.Build.0 = Debug|Any CPU
		{DE7043E2-AF23-4E48-950D-91352998F51D}.Debug|x64.ActiveCfg = Debug|Any CPU
		{DE7043E2-AF23-4E48-950D-91352998F51D}.Debug|x64.Build.0 = Debug|Any CPU
		{DE7043E2-AF23-4E48-950D-91352998F51D}.Debug|x86.ActiveCfg = Debug|Any CPU
		{DE7043E2-AF23-4E48-950D-91352998F51D}.Debug|x86.Build.0 = Debug|Any CPU
		{DE7043E2-AF23-4E48-950D-91352998F51D}.Release|Any CPU.ActiveCfg = Release|Any CPU
		{DE7043E2-AF23-4E48-950D-91352998F51D}.Release|Any CPU.Build.0 = Release|Any CPU
		{DE7043E2-AF23-4E48-950D-91352998F51D}.Release|ARM.ActiveCfg = Release|Any CPU
		{DE7043E2-AF23-4E48-950D-91352998F51D}.Release|ARM.Build.0 = Release|Any CPU
		{DE7043E2-AF23-4E48-950D-91352998F51D}.Release|ARM64.ActiveCfg = Release|Any CPU
		{DE7043E2-AF23-4E48-950D-91352998F51D}.Release|ARM64.Build.0 = Release|Any CPU
		{DE7043E2-AF23-4E48-950D-91352998F51D}.Release|iPhone.ActiveCfg = Release|Any CPU
		{DE7043E2-AF23-4E48-950D-91352998F51D}.Release|iPhone.Build.0 = Release|Any CPU
		{DE7043E2-AF23-4E48-950D-91352998F51D}.Release|iPhoneSimulator.ActiveCfg = Release|Any CPU
		{DE7043E2-AF23-4E48-950D-91352998F51D}.Release|iPhoneSimulator.Build.0 = Release|Any CPU
		{DE7043E2-AF23-4E48-950D-91352998F51D}.Release|x64.ActiveCfg = Release|Any CPU
		{DE7043E2-AF23-4E48-950D-91352998F51D}.Release|x64.Build.0 = Release|Any CPU
		{DE7043E2-AF23-4E48-950D-91352998F51D}.Release|x86.ActiveCfg = Release|Any CPU
		{DE7043E2-AF23-4E48-950D-91352998F51D}.Release|x86.Build.0 = Release|Any CPU
		{61E35552-B4CF-4F2B-A592-A8F04BC78830}.Debug|Any CPU.ActiveCfg = Debug|Any CPU
		{61E35552-B4CF-4F2B-A592-A8F04BC78830}.Debug|Any CPU.Build.0 = Debug|Any CPU
		{61E35552-B4CF-4F2B-A592-A8F04BC78830}.Debug|ARM.ActiveCfg = Debug|Any CPU
		{61E35552-B4CF-4F2B-A592-A8F04BC78830}.Debug|ARM.Build.0 = Debug|Any CPU
		{61E35552-B4CF-4F2B-A592-A8F04BC78830}.Debug|ARM64.ActiveCfg = Debug|Any CPU
		{61E35552-B4CF-4F2B-A592-A8F04BC78830}.Debug|ARM64.Build.0 = Debug|Any CPU
		{61E35552-B4CF-4F2B-A592-A8F04BC78830}.Debug|iPhone.ActiveCfg = Debug|Any CPU
		{61E35552-B4CF-4F2B-A592-A8F04BC78830}.Debug|iPhone.Build.0 = Debug|Any CPU
		{61E35552-B4CF-4F2B-A592-A8F04BC78830}.Debug|iPhoneSimulator.ActiveCfg = Debug|Any CPU
		{61E35552-B4CF-4F2B-A592-A8F04BC78830}.Debug|iPhoneSimulator.Build.0 = Debug|Any CPU
		{61E35552-B4CF-4F2B-A592-A8F04BC78830}.Debug|x64.ActiveCfg = Debug|Any CPU
		{61E35552-B4CF-4F2B-A592-A8F04BC78830}.Debug|x64.Build.0 = Debug|Any CPU
		{61E35552-B4CF-4F2B-A592-A8F04BC78830}.Debug|x86.ActiveCfg = Debug|Any CPU
		{61E35552-B4CF-4F2B-A592-A8F04BC78830}.Debug|x86.Build.0 = Debug|Any CPU
		{61E35552-B4CF-4F2B-A592-A8F04BC78830}.Release|Any CPU.ActiveCfg = Release|Any CPU
		{61E35552-B4CF-4F2B-A592-A8F04BC78830}.Release|Any CPU.Build.0 = Release|Any CPU
		{61E35552-B4CF-4F2B-A592-A8F04BC78830}.Release|ARM.ActiveCfg = Release|Any CPU
		{61E35552-B4CF-4F2B-A592-A8F04BC78830}.Release|ARM.Build.0 = Release|Any CPU
		{61E35552-B4CF-4F2B-A592-A8F04BC78830}.Release|ARM64.ActiveCfg = Release|Any CPU
		{61E35552-B4CF-4F2B-A592-A8F04BC78830}.Release|ARM64.Build.0 = Release|Any CPU
		{61E35552-B4CF-4F2B-A592-A8F04BC78830}.Release|iPhone.ActiveCfg = Release|Any CPU
		{61E35552-B4CF-4F2B-A592-A8F04BC78830}.Release|iPhone.Build.0 = Release|Any CPU
		{61E35552-B4CF-4F2B-A592-A8F04BC78830}.Release|iPhoneSimulator.ActiveCfg = Release|Any CPU
		{61E35552-B4CF-4F2B-A592-A8F04BC78830}.Release|iPhoneSimulator.Build.0 = Release|Any CPU
		{61E35552-B4CF-4F2B-A592-A8F04BC78830}.Release|x64.ActiveCfg = Release|Any CPU
		{61E35552-B4CF-4F2B-A592-A8F04BC78830}.Release|x64.Build.0 = Release|Any CPU
		{61E35552-B4CF-4F2B-A592-A8F04BC78830}.Release|x86.ActiveCfg = Release|Any CPU
		{61E35552-B4CF-4F2B-A592-A8F04BC78830}.Release|x86.Build.0 = Release|Any CPU
		{68DE213C-DF8A-475B-BCD0-8E733C24C424}.Debug|Any CPU.ActiveCfg = Debug|Any CPU
		{68DE213C-DF8A-475B-BCD0-8E733C24C424}.Debug|Any CPU.Build.0 = Debug|Any CPU
		{68DE213C-DF8A-475B-BCD0-8E733C24C424}.Debug|ARM.ActiveCfg = Debug|Any CPU
		{68DE213C-DF8A-475B-BCD0-8E733C24C424}.Debug|ARM.Build.0 = Debug|Any CPU
		{68DE213C-DF8A-475B-BCD0-8E733C24C424}.Debug|ARM64.ActiveCfg = Debug|Any CPU
		{68DE213C-DF8A-475B-BCD0-8E733C24C424}.Debug|ARM64.Build.0 = Debug|Any CPU
		{68DE213C-DF8A-475B-BCD0-8E733C24C424}.Debug|iPhone.ActiveCfg = Debug|Any CPU
		{68DE213C-DF8A-475B-BCD0-8E733C24C424}.Debug|iPhone.Build.0 = Debug|Any CPU
		{68DE213C-DF8A-475B-BCD0-8E733C24C424}.Debug|iPhoneSimulator.ActiveCfg = Debug|Any CPU
		{68DE213C-DF8A-475B-BCD0-8E733C24C424}.Debug|iPhoneSimulator.Build.0 = Debug|Any CPU
		{68DE213C-DF8A-475B-BCD0-8E733C24C424}.Debug|x64.ActiveCfg = Debug|Any CPU
		{68DE213C-DF8A-475B-BCD0-8E733C24C424}.Debug|x64.Build.0 = Debug|Any CPU
		{68DE213C-DF8A-475B-BCD0-8E733C24C424}.Debug|x86.ActiveCfg = Debug|Any CPU
		{68DE213C-DF8A-475B-BCD0-8E733C24C424}.Debug|x86.Build.0 = Debug|Any CPU
		{68DE213C-DF8A-475B-BCD0-8E733C24C424}.Release|Any CPU.ActiveCfg = Release|Any CPU
		{68DE213C-DF8A-475B-BCD0-8E733C24C424}.Release|Any CPU.Build.0 = Release|Any CPU
		{68DE213C-DF8A-475B-BCD0-8E733C24C424}.Release|ARM.ActiveCfg = Release|Any CPU
		{68DE213C-DF8A-475B-BCD0-8E733C24C424}.Release|ARM.Build.0 = Release|Any CPU
		{68DE213C-DF8A-475B-BCD0-8E733C24C424}.Release|ARM64.ActiveCfg = Release|Any CPU
		{68DE213C-DF8A-475B-BCD0-8E733C24C424}.Release|ARM64.Build.0 = Release|Any CPU
		{68DE213C-DF8A-475B-BCD0-8E733C24C424}.Release|iPhone.ActiveCfg = Release|Any CPU
		{68DE213C-DF8A-475B-BCD0-8E733C24C424}.Release|iPhone.Build.0 = Release|Any CPU
		{68DE213C-DF8A-475B-BCD0-8E733C24C424}.Release|iPhoneSimulator.ActiveCfg = Release|Any CPU
		{68DE213C-DF8A-475B-BCD0-8E733C24C424}.Release|iPhoneSimulator.Build.0 = Release|Any CPU
		{68DE213C-DF8A-475B-BCD0-8E733C24C424}.Release|x64.ActiveCfg = Release|Any CPU
		{68DE213C-DF8A-475B-BCD0-8E733C24C424}.Release|x64.Build.0 = Release|Any CPU
		{68DE213C-DF8A-475B-BCD0-8E733C24C424}.Release|x86.ActiveCfg = Release|Any CPU
		{68DE213C-DF8A-475B-BCD0-8E733C24C424}.Release|x86.Build.0 = Release|Any CPU
		{808892CB-8DA2-4389-95BA-693B8F3E8C9A}.Debug|Any CPU.ActiveCfg = Debug|Any CPU
		{808892CB-8DA2-4389-95BA-693B8F3E8C9A}.Debug|Any CPU.Build.0 = Debug|Any CPU
		{808892CB-8DA2-4389-95BA-693B8F3E8C9A}.Debug|ARM.ActiveCfg = Debug|Any CPU
		{808892CB-8DA2-4389-95BA-693B8F3E8C9A}.Debug|ARM.Build.0 = Debug|Any CPU
		{808892CB-8DA2-4389-95BA-693B8F3E8C9A}.Debug|ARM64.ActiveCfg = Debug|Any CPU
		{808892CB-8DA2-4389-95BA-693B8F3E8C9A}.Debug|ARM64.Build.0 = Debug|Any CPU
		{808892CB-8DA2-4389-95BA-693B8F3E8C9A}.Debug|iPhone.ActiveCfg = Debug|Any CPU
		{808892CB-8DA2-4389-95BA-693B8F3E8C9A}.Debug|iPhone.Build.0 = Debug|Any CPU
		{808892CB-8DA2-4389-95BA-693B8F3E8C9A}.Debug|iPhoneSimulator.ActiveCfg = Debug|Any CPU
		{808892CB-8DA2-4389-95BA-693B8F3E8C9A}.Debug|iPhoneSimulator.Build.0 = Debug|Any CPU
		{808892CB-8DA2-4389-95BA-693B8F3E8C9A}.Debug|x64.ActiveCfg = Debug|Any CPU
		{808892CB-8DA2-4389-95BA-693B8F3E8C9A}.Debug|x64.Build.0 = Debug|Any CPU
		{808892CB-8DA2-4389-95BA-693B8F3E8C9A}.Debug|x86.ActiveCfg = Debug|Any CPU
		{808892CB-8DA2-4389-95BA-693B8F3E8C9A}.Debug|x86.Build.0 = Debug|Any CPU
		{808892CB-8DA2-4389-95BA-693B8F3E8C9A}.Release|Any CPU.ActiveCfg = Release|Any CPU
		{808892CB-8DA2-4389-95BA-693B8F3E8C9A}.Release|Any CPU.Build.0 = Release|Any CPU
		{808892CB-8DA2-4389-95BA-693B8F3E8C9A}.Release|ARM.ActiveCfg = Release|Any CPU
		{808892CB-8DA2-4389-95BA-693B8F3E8C9A}.Release|ARM.Build.0 = Release|Any CPU
		{808892CB-8DA2-4389-95BA-693B8F3E8C9A}.Release|ARM64.ActiveCfg = Release|Any CPU
		{808892CB-8DA2-4389-95BA-693B8F3E8C9A}.Release|ARM64.Build.0 = Release|Any CPU
		{808892CB-8DA2-4389-95BA-693B8F3E8C9A}.Release|iPhone.ActiveCfg = Release|Any CPU
		{808892CB-8DA2-4389-95BA-693B8F3E8C9A}.Release|iPhone.Build.0 = Release|Any CPU
		{808892CB-8DA2-4389-95BA-693B8F3E8C9A}.Release|iPhoneSimulator.ActiveCfg = Release|Any CPU
		{808892CB-8DA2-4389-95BA-693B8F3E8C9A}.Release|iPhoneSimulator.Build.0 = Release|Any CPU
		{808892CB-8DA2-4389-95BA-693B8F3E8C9A}.Release|x64.ActiveCfg = Release|Any CPU
		{808892CB-8DA2-4389-95BA-693B8F3E8C9A}.Release|x64.Build.0 = Release|Any CPU
		{808892CB-8DA2-4389-95BA-693B8F3E8C9A}.Release|x86.ActiveCfg = Release|Any CPU
		{808892CB-8DA2-4389-95BA-693B8F3E8C9A}.Release|x86.Build.0 = Release|Any CPU
	EndGlobalSection
	GlobalSection(SolutionProperties) = preSolution
		HideSolutionNode = FALSE
	EndGlobalSection
	GlobalSection(NestedProjects) = preSolution
		{ED0DED8A-24F1-441E-AB90-92CD07CE776B} = {53C8831D-4A71-4882-ACD7-6AACF55CA9E0}
		{DE7043E2-AF23-4E48-950D-91352998F51D} = {53C8831D-4A71-4882-ACD7-6AACF55CA9E0}
		{61E35552-B4CF-4F2B-A592-A8F04BC78830} = {53C8831D-4A71-4882-ACD7-6AACF55CA9E0}
		{68DE213C-DF8A-475B-BCD0-8E733C24C424} = {53C8831D-4A71-4882-ACD7-6AACF55CA9E0}
		{808892CB-8DA2-4389-95BA-693B8F3E8C9A} = {53C8831D-4A71-4882-ACD7-6AACF55CA9E0}
	EndGlobalSection
	GlobalSection(ExtensibilityGlobals) = postSolution
		SolutionGuid = {F774770C-EF90-4F19-A2DB-DD0100B6ACF7}
	EndGlobalSection
EndGlobal
