
Microsoft Visual Studio Solution File, Format Version 12.00
# Visual Studio Version 17
VisualStudioVersion = 17.2.32210.308
MinimumVisualStudioVersion = 10.0.40219.1
Project("{2150E333-8FDC-42A3-9474-1A3956D46DE8}") = "Solution Items", "Solution Items", "{3D65F7B5-71F5-4A09-B9BD-F402FB22F957}"
	ProjectSection(SolutionItems) = preProject
		readme.md = readme.md
	EndProjectSection
EndProject
Project("{2150E333-8FDC-42A3-9474-1A3956D46DE8}") = "libs", "libs", "{4B933461-A6FB-4F36-89B7-8242C447555D}"
EndProject
Project("{FAE04EC0-301F-11D3-BF4B-00C04F79EFBC}") = "SampleMaui", "SampleMaui\SampleMaui.csproj", "{502D3E99-7544-4415-807F-5DB0A02252C9}"
EndProject
Project("{9A19103F-16F7-4668-BE54-9A1E7A4F7556}") = "Shiny.Locations.Common", "..\submodules\shiny\src\Shiny.Locations.Common\Shiny.Locations.Common.csproj", "{E4815EC9-3579-454F-9D4F-61D881C6C526}"
EndProject
Project("{9A19103F-16F7-4668-BE54-9A1E7A4F7556}") = "Shiny.Core", "..\submodules\shiny\src\Shiny.Core\Shiny.Core.csproj", "{F80228D6-2F39-4684-8488-404F5F3AF3DB}"
EndProject
Project("{9A19103F-16F7-4668-BE54-9A1E7A4F7556}") = "Shiny.Locations", "..\submodules\shiny\src\Shiny.Locations\Shiny.Locations.csproj", "{68D057E7-7CD0-408A-AA7C-A892DE514853}"
EndProject
Project("{9A19103F-16F7-4668-BE54-9A1E7A4F7556}") = "Shiny.Notifications.Common", "..\submodules\shiny\src\Shiny.Notifications.Common\Shiny.Notifications.Common.csproj", "{231158A9-D674-46A8-951C-A85D706967E7}"
EndProject
Project("{9A19103F-16F7-4668-BE54-9A1E7A4F7556}") = "Shiny.Notifications", "..\submodules\shiny\src\Shiny.Notifications\Shiny.Notifications.csproj", "{F7661A24-D7AB-4357-9A62-156E52F9E1D1}"
EndProject
Project("{9A19103F-16F7-4668-BE54-9A1E7A4F7556}") = "Shiny.Hosting.Maui", "..\submodules\shiny\src\Shiny.Hosting.Maui\Shiny.Hosting.Maui.csproj", "{12516461-E031-4261-B3FB-7E7BB6FF5CCC}"
EndProject
Global
	GlobalSection(SolutionConfigurationPlatforms) = preSolution
		Debug|Any CPU = Debug|Any CPU
		Debug|ARM = Debug|ARM
		Debug|ARM64 = Debug|ARM64
		Debug|iPhone = Debug|iPhone
		Debug|iPhoneSimulator = Debug|iPhoneSimulator
		Debug|x64 = Debug|x64
		Debug|x86 = Debug|x86
		Release|Any CPU = Release|Any CPU
		Release|ARM = Release|ARM
		Release|ARM64 = Release|ARM64
		Release|iPhone = Release|iPhone
		Release|iPhoneSimulator = Release|iPhoneSimulator
		Release|x64 = Release|x64
		Release|x86 = Release|x86
	EndGlobalSection
	GlobalSection(ProjectConfigurationPlatforms) = postSolution
		{502D3E99-7544-4415-807F-5DB0A02252C9}.Debug|Any CPU.ActiveCfg = Debug|Any CPU
		{502D3E99-7544-4415-807F-5DB0A02252C9}.Debug|Any CPU.Build.0 = Debug|Any CPU
		{502D3E99-7544-4415-807F-5DB0A02252C9}.Debug|Any CPU.Deploy.0 = Debug|Any CPU
		{502D3E99-7544-4415-807F-5DB0A02252C9}.Debug|ARM.ActiveCfg = Debug|Any CPU
		{502D3E99-7544-4415-807F-5DB0A02252C9}.Debug|ARM.Build.0 = Debug|Any CPU
		{502D3E99-7544-4415-807F-5DB0A02252C9}.Debug|ARM.Deploy.0 = Debug|Any CPU
		{502D3E99-7544-4415-807F-5DB0A02252C9}.Debug|ARM64.ActiveCfg = Debug|Any CPU
		{502D3E99-7544-4415-807F-5DB0A02252C9}.Debug|ARM64.Build.0 = Debug|Any CPU
		{502D3E99-7544-4415-807F-5DB0A02252C9}.Debug|ARM64.Deploy.0 = Debug|Any CPU
		{502D3E99-7544-4415-807F-5DB0A02252C9}.Debug|iPhone.ActiveCfg = Debug|Any CPU
		{502D3E99-7544-4415-807F-5DB0A02252C9}.Debug|iPhone.Build.0 = Debug|Any CPU
		{502D3E99-7544-4415-807F-5DB0A02252C9}.Debug|iPhone.Deploy.0 = Debug|Any CPU
		{502D3E99-7544-4415-807F-5DB0A02252C9}.Debug|iPhoneSimulator.ActiveCfg = Debug|Any CPU
		{502D3E99-7544-4415-807F-5DB0A02252C9}.Debug|iPhoneSimulator.Build.0 = Debug|Any CPU
		{502D3E99-7544-4415-807F-5DB0A02252C9}.Debug|iPhoneSimulator.Deploy.0 = Debug|Any CPU
		{502D3E99-7544-4415-807F-5DB0A02252C9}.Debug|x64.ActiveCfg = Debug|Any CPU
		{502D3E99-7544-4415-807F-5DB0A02252C9}.Debug|x64.Build.0 = Debug|Any CPU
		{502D3E99-7544-4415-807F-5DB0A02252C9}.Debug|x64.Deploy.0 = Debug|Any CPU
		{502D3E99-7544-4415-807F-5DB0A02252C9}.Debug|x86.ActiveCfg = Debug|Any CPU
		{502D3E99-7544-4415-807F-5DB0A02252C9}.Debug|x86.Build.0 = Debug|Any CPU
		{502D3E99-7544-4415-807F-5DB0A02252C9}.Debug|x86.Deploy.0 = Debug|Any CPU
		{502D3E99-7544-4415-807F-5DB0A02252C9}.Release|Any CPU.ActiveCfg = Release|Any CPU
		{502D3E99-7544-4415-807F-5DB0A02252C9}.Release|Any CPU.Build.0 = Release|Any CPU
		{502D3E99-7544-4415-807F-5DB0A02252C9}.Release|Any CPU.Deploy.0 = Release|Any CPU
		{502D3E99-7544-4415-807F-5DB0A02252C9}.Release|ARM.ActiveCfg = Release|Any CPU
		{502D3E99-7544-4415-807F-5DB0A02252C9}.Release|ARM.Build.0 = Release|Any CPU
		{502D3E99-7544-4415-807F-5DB0A02252C9}.Release|ARM.Deploy.0 = Release|Any CPU
		{502D3E99-7544-4415-807F-5DB0A02252C9}.Release|ARM64.ActiveCfg = Release|Any CPU
		{502D3E99-7544-4415-807F-5DB0A02252C9}.Release|ARM64.Build.0 = Release|Any CPU
		{502D3E99-7544-4415-807F-5DB0A02252C9}.Release|ARM64.Deploy.0 = Release|Any CPU
		{502D3E99-7544-4415-807F-5DB0A02252C9}.Release|iPhone.ActiveCfg = Release|Any CPU
		{502D3E99-7544-4415-807F-5DB0A02252C9}.Release|iPhone.Build.0 = Release|Any CPU
		{502D3E99-7544-4415-807F-5DB0A02252C9}.Release|iPhone.Deploy.0 = Release|Any CPU
		{502D3E99-7544-4415-807F-5DB0A02252C9}.Release|iPhoneSimulator.ActiveCfg = Release|Any CPU
		{502D3E99-7544-4415-807F-5DB0A02252C9}.Release|iPhoneSimulator.Build.0 = Release|Any CPU
		{502D3E99-7544-4415-807F-5DB0A02252C9}.Release|iPhoneSimulator.Deploy.0 = Release|Any CPU
		{502D3E99-7544-4415-807F-5DB0A02252C9}.Release|x64.ActiveCfg = Release|Any CPU
		{502D3E99-7544-4415-807F-5DB0A02252C9}.Release|x64.Build.0 = Release|Any CPU
		{502D3E99-7544-4415-807F-5DB0A02252C9}.Release|x64.Deploy.0 = Release|Any CPU
		{502D3E99-7544-4415-807F-5DB0A02252C9}.Release|x86.ActiveCfg = Release|Any CPU
		{502D3E99-7544-4415-807F-5DB0A02252C9}.Release|x86.Build.0 = Release|Any CPU
		{502D3E99-7544-4415-807F-5DB0A02252C9}.Release|x86.Deploy.0 = Release|Any CPU
		{E4815EC9-3579-454F-9D4F-61D881C6C526}.Debug|Any CPU.ActiveCfg = Debug|Any CPU
		{E4815EC9-3579-454F-9D4F-61D881C6C526}.Debug|Any CPU.Build.0 = Debug|Any CPU
		{E4815EC9-3579-454F-9D4F-61D881C6C526}.Debug|ARM.ActiveCfg = Debug|Any CPU
		{E4815EC9-3579-454F-9D4F-61D881C6C526}.Debug|ARM.Build.0 = Debug|Any CPU
		{E4815EC9-3579-454F-9D4F-61D881C6C526}.Debug|ARM64.ActiveCfg = Debug|Any CPU
		{E4815EC9-3579-454F-9D4F-61D881C6C526}.Debug|ARM64.Build.0 = Debug|Any CPU
		{E4815EC9-3579-454F-9D4F-61D881C6C526}.Debug|iPhone.ActiveCfg = Debug|Any CPU
		{E4815EC9-3579-454F-9D4F-61D881C6C526}.Debug|iPhone.Build.0 = Debug|Any CPU
		{E4815EC9-3579-454F-9D4F-61D881C6C526}.Debug|iPhoneSimulator.ActiveCfg = Debug|Any CPU
		{E4815EC9-3579-454F-9D4F-61D881C6C526}.Debug|iPhoneSimulator.Build.0 = Debug|Any CPU
		{E4815EC9-3579-454F-9D4F-61D881C6C526}.Debug|x64.ActiveCfg = Debug|Any CPU
		{E4815EC9-3579-454F-9D4F-61D881C6C526}.Debug|x64.Build.0 = Debug|Any CPU
		{E4815EC9-3579-454F-9D4F-61D881C6C526}.Debug|x86.ActiveCfg = Debug|Any CPU
		{E4815EC9-3579-454F-9D4F-61D881C6C526}.Debug|x86.Build.0 = Debug|Any CPU
		{E4815EC9-3579-454F-9D4F-61D881C6C526}.Release|Any CPU.ActiveCfg = Release|Any CPU
		{E4815EC9-3579-454F-9D4F-61D881C6C526}.Release|Any CPU.Build.0 = Release|Any CPU
		{E4815EC9-3579-454F-9D4F-61D881C6C526}.Release|ARM.ActiveCfg = Release|Any CPU
		{E4815EC9-3579-454F-9D4F-61D881C6C526}.Release|ARM.Build.0 = Release|Any CPU
		{E4815EC9-3579-454F-9D4F-61D881C6C526}.Release|ARM64.ActiveCfg = Release|Any CPU
		{E4815EC9-3579-454F-9D4F-61D881C6C526}.Release|ARM64.Build.0 = Release|Any CPU
		{E4815EC9-3579-454F-9D4F-61D881C6C526}.Release|iPhone.ActiveCfg = Release|Any CPU
		{E4815EC9-3579-454F-9D4F-61D881C6C526}.Release|iPhone.Build.0 = Release|Any CPU
		{E4815EC9-3579-454F-9D4F-61D881C6C526}.Release|iPhoneSimulator.ActiveCfg = Release|Any CPU
		{E4815EC9-3579-454F-9D4F-61D881C6C526}.Release|iPhoneSimulator.Build.0 = Release|Any CPU
		{E4815EC9-3579-454F-9D4F-61D881C6C526}.Release|x64.ActiveCfg = Release|Any CPU
		{E4815EC9-3579-454F-9D4F-61D881C6C526}.Release|x64.Build.0 = Release|Any CPU
		{E4815EC9-3579-454F-9D4F-61D881C6C526}.Release|x86.ActiveCfg = Release|Any CPU
		{E4815EC9-3579-454F-9D4F-61D881C6C526}.Release|x86.Build.0 = Release|Any CPU
		{F80228D6-2F39-4684-8488-404F5F3AF3DB}.Debug|Any CPU.ActiveCfg = Debug|Any CPU
		{F80228D6-2F39-4684-8488-404F5F3AF3DB}.Debug|Any CPU.Build.0 = Debug|Any CPU
		{F80228D6-2F39-4684-8488-404F5F3AF3DB}.Debug|ARM.ActiveCfg = Debug|Any CPU
		{F80228D6-2F39-4684-8488-404F5F3AF3DB}.Debug|ARM.Build.0 = Debug|Any CPU
		{F80228D6-2F39-4684-8488-404F5F3AF3DB}.Debug|ARM64.ActiveCfg = Debug|Any CPU
		{F80228D6-2F39-4684-8488-404F5F3AF3DB}.Debug|ARM64.Build.0 = Debug|Any CPU
		{F80228D6-2F39-4684-8488-404F5F3AF3DB}.Debug|iPhone.ActiveCfg = Debug|Any CPU
		{F80228D6-2F39-4684-8488-404F5F3AF3DB}.Debug|iPhone.Build.0 = Debug|Any CPU
		{F80228D6-2F39-4684-8488-404F5F3AF3DB}.Debug|iPhoneSimulator.ActiveCfg = Debug|Any CPU
		{F80228D6-2F39-4684-8488-404F5F3AF3DB}.Debug|iPhoneSimulator.Build.0 = Debug|Any CPU
		{F80228D6-2F39-4684-8488-404F5F3AF3DB}.Debug|x64.ActiveCfg = Debug|Any CPU
		{F80228D6-2F39-4684-8488-404F5F3AF3DB}.Debug|x64.Build.0 = Debug|Any CPU
		{F80228D6-2F39-4684-8488-404F5F3AF3DB}.Debug|x86.ActiveCfg = Debug|Any CPU
		{F80228D6-2F39-4684-8488-404F5F3AF3DB}.Debug|x86.Build.0 = Debug|Any CPU
		{F80228D6-2F39-4684-8488-404F5F3AF3DB}.Release|Any CPU.ActiveCfg = Release|Any CPU
		{F80228D6-2F39-4684-8488-404F5F3AF3DB}.Release|Any CPU.Build.0 = Release|Any CPU
		{F80228D6-2F39-4684-8488-404F5F3AF3DB}.Release|ARM.ActiveCfg = Release|Any CPU
		{F80228D6-2F39-4684-8488-404F5F3AF3DB}.Release|ARM.Build.0 = Release|Any CPU
		{F80228D6-2F39-4684-8488-404F5F3AF3DB}.Release|ARM64.ActiveCfg = Release|Any CPU
		{F80228D6-2F39-4684-8488-404F5F3AF3DB}.Release|ARM64.Build.0 = Release|Any CPU
		{F80228D6-2F39-4684-8488-404F5F3AF3DB}.Release|iPhone.ActiveCfg = Release|Any CPU
		{F80228D6-2F39-4684-8488-404F5F3AF3DB}.Release|iPhone.Build.0 = Release|Any CPU
		{F80228D6-2F39-4684-8488-404F5F3AF3DB}.Release|iPhoneSimulator.ActiveCfg = Release|Any CPU
		{F80228D6-2F39-4684-8488-404F5F3AF3DB}.Release|iPhoneSimulator.Build.0 = Release|Any CPU
		{F80228D6-2F39-4684-8488-404F5F3AF3DB}.Release|x64.ActiveCfg = Release|Any CPU
		{F80228D6-2F39-4684-8488-404F5F3AF3DB}.Release|x64.Build.0 = Release|Any CPU
		{F80228D6-2F39-4684-8488-404F5F3AF3DB}.Release|x86.ActiveCfg = Release|Any CPU
		{F80228D6-2F39-4684-8488-404F5F3AF3DB}.Release|x86.Build.0 = Release|Any CPU
		{68D057E7-7CD0-408A-AA7C-A892DE514853}.Debug|Any CPU.ActiveCfg = Debug|Any CPU
		{68D057E7-7CD0-408A-AA7C-A892DE514853}.Debug|Any CPU.Build.0 = Debug|Any CPU
		{68D057E7-7CD0-408A-AA7C-A892DE514853}.Debug|ARM.ActiveCfg = Debug|Any CPU
		{68D057E7-7CD0-408A-AA7C-A892DE514853}.Debug|ARM.Build.0 = Debug|Any CPU
		{68D057E7-7CD0-408A-AA7C-A892DE514853}.Debug|ARM64.ActiveCfg = Debug|Any CPU
		{68D057E7-7CD0-408A-AA7C-A892DE514853}.Debug|ARM64.Build.0 = Debug|Any CPU
		{68D057E7-7CD0-408A-AA7C-A892DE514853}.Debug|iPhone.ActiveCfg = Debug|Any CPU
		{68D057E7-7CD0-408A-AA7C-A892DE514853}.Debug|iPhone.Build.0 = Debug|Any CPU
		{68D057E7-7CD0-408A-AA7C-A892DE514853}.Debug|iPhoneSimulator.ActiveCfg = Debug|Any CPU
		{68D057E7-7CD0-408A-AA7C-A892DE514853}.Debug|iPhoneSimulator.Build.0 = Debug|Any CPU
		{68D057E7-7CD0-408A-AA7C-A892DE514853}.Debug|x64.ActiveCfg = Debug|Any CPU
		{68D057E7-7CD0-408A-AA7C-A892DE514853}.Debug|x64.Build.0 = Debug|Any CPU
		{68D057E7-7CD0-408A-AA7C-A892DE514853}.Debug|x86.ActiveCfg = Debug|Any CPU
		{68D057E7-7CD0-408A-AA7C-A892DE514853}.Debug|x86.Build.0 = Debug|Any CPU
		{68D057E7-7CD0-408A-AA7C-A892DE514853}.Release|Any CPU.ActiveCfg = Release|Any CPU
		{68D057E7-7CD0-408A-AA7C-A892DE514853}.Release|Any CPU.Build.0 = Release|Any CPU
		{68D057E7-7CD0-408A-AA7C-A892DE514853}.Release|ARM.ActiveCfg = Release|Any CPU
		{68D057E7-7CD0-408A-AA7C-A892DE514853}.Release|ARM.Build.0 = Release|Any CPU
		{68D057E7-7CD0-408A-AA7C-A892DE514853}.Release|ARM64.ActiveCfg = Release|Any CPU
		{68D057E7-7CD0-408A-AA7C-A892DE514853}.Release|ARM64.Build.0 = Release|Any CPU
		{68D057E7-7CD0-408A-AA7C-A892DE514853}.Release|iPhone.ActiveCfg = Release|Any CPU
		{68D057E7-7CD0-408A-AA7C-A892DE514853}.Release|iPhone.Build.0 = Release|Any CPU
		{68D057E7-7CD0-408A-AA7C-A892DE514853}.Release|iPhoneSimulator.ActiveCfg = Release|Any CPU
		{68D057E7-7CD0-408A-AA7C-A892DE514853}.Release|iPhoneSimulator.Build.0 = Release|Any CPU
		{68D057E7-7CD0-408A-AA7C-A892DE514853}.Release|x64.ActiveCfg = Release|Any CPU
		{68D057E7-7CD0-408A-AA7C-A892DE514853}.Release|x64.Build.0 = Release|Any CPU
		{68D057E7-7CD0-408A-AA7C-A892DE514853}.Release|x86.ActiveCfg = Release|Any CPU
		{68D057E7-7CD0-408A-AA7C-A892DE514853}.Release|x86.Build.0 = Release|Any CPU
		{231158A9-D674-46A8-951C-A85D706967E7}.Debug|Any CPU.ActiveCfg = Debug|Any CPU
		{231158A9-D674-46A8-951C-A85D706967E7}.Debug|Any CPU.Build.0 = Debug|Any CPU
		{231158A9-D674-46A8-951C-A85D706967E7}.Debug|ARM.ActiveCfg = Debug|Any CPU
		{231158A9-D674-46A8-951C-A85D706967E7}.Debug|ARM.Build.0 = Debug|Any CPU
		{231158A9-D674-46A8-951C-A85D706967E7}.Debug|ARM64.ActiveCfg = Debug|Any CPU
		{231158A9-D674-46A8-951C-A85D706967E7}.Debug|ARM64.Build.0 = Debug|Any CPU
		{231158A9-D674-46A8-951C-A85D706967E7}.Debug|iPhone.ActiveCfg = Debug|Any CPU
		{231158A9-D674-46A8-951C-A85D706967E7}.Debug|iPhone.Build.0 = Debug|Any CPU
		{231158A9-D674-46A8-951C-A85D706967E7}.Debug|iPhoneSimulator.ActiveCfg = Debug|Any CPU
		{231158A9-D674-46A8-951C-A85D706967E7}.Debug|iPhoneSimulator.Build.0 = Debug|Any CPU
		{231158A9-D674-46A8-951C-A85D706967E7}.Debug|x64.ActiveCfg = Debug|Any CPU
		{231158A9-D674-46A8-951C-A85D706967E7}.Debug|x64.Build.0 = Debug|Any CPU
		{231158A9-D674-46A8-951C-A85D706967E7}.Debug|x86.ActiveCfg = Debug|Any CPU
		{231158A9-D674-46A8-951C-A85D706967E7}.Debug|x86.Build.0 = Debug|Any CPU
		{231158A9-D674-46A8-951C-A85D706967E7}.Release|Any CPU.ActiveCfg = Release|Any CPU
		{231158A9-D674-46A8-951C-A85D706967E7}.Release|Any CPU.Build.0 = Release|Any CPU
		{231158A9-D674-46A8-951C-A85D706967E7}.Release|ARM.ActiveCfg = Release|Any CPU
		{231158A9-D674-46A8-951C-A85D706967E7}.Release|ARM.Build.0 = Release|Any CPU
		{231158A9-D674-46A8-951C-A85D706967E7}.Release|ARM64.ActiveCfg = Release|Any CPU
		{231158A9-D674-46A8-951C-A85D706967E7}.Release|ARM64.Build.0 = Release|Any CPU
		{231158A9-D674-46A8-951C-A85D706967E7}.Release|iPhone.ActiveCfg = Release|Any CPU
		{231158A9-D674-46A8-951C-A85D706967E7}.Release|iPhone.Build.0 = Release|Any CPU
		{231158A9-D674-46A8-951C-A85D706967E7}.Release|iPhoneSimulator.ActiveCfg = Release|Any CPU
		{231158A9-D674-46A8-951C-A85D706967E7}.Release|iPhoneSimulator.Build.0 = Release|Any CPU
		{231158A9-D674-46A8-951C-A85D706967E7}.Release|x64.ActiveCfg = Release|Any CPU
		{231158A9-D674-46A8-951C-A85D706967E7}.Release|x64.Build.0 = Release|Any CPU
		{231158A9-D674-46A8-951C-A85D706967E7}.Release|x86.ActiveCfg = Release|Any CPU
		{231158A9-D674-46A8-951C-A85D706967E7}.Release|x86.Build.0 = Release|Any CPU
		{F7661A24-D7AB-4357-9A62-156E52F9E1D1}.Debug|Any CPU.ActiveCfg = Debug|Any CPU
		{F7661A24-D7AB-4357-9A62-156E52F9E1D1}.Debug|Any CPU.Build.0 = Debug|Any CPU
		{F7661A24-D7AB-4357-9A62-156E52F9E1D1}.Debug|ARM.ActiveCfg = Debug|Any CPU
		{F7661A24-D7AB-4357-9A62-156E52F9E1D1}.Debug|ARM.Build.0 = Debug|Any CPU
		{F7661A24-D7AB-4357-9A62-156E52F9E1D1}.Debug|ARM64.ActiveCfg = Debug|Any CPU
		{F7661A24-D7AB-4357-9A62-156E52F9E1D1}.Debug|ARM64.Build.0 = Debug|Any CPU
		{F7661A24-D7AB-4357-9A62-156E52F9E1D1}.Debug|iPhone.ActiveCfg = Debug|Any CPU
		{F7661A24-D7AB-4357-9A62-156E52F9E1D1}.Debug|iPhone.Build.0 = Debug|Any CPU
		{F7661A24-D7AB-4357-9A62-156E52F9E1D1}.Debug|iPhoneSimulator.ActiveCfg = Debug|Any CPU
		{F7661A24-D7AB-4357-9A62-156E52F9E1D1}.Debug|iPhoneSimulator.Build.0 = Debug|Any CPU
		{F7661A24-D7AB-4357-9A62-156E52F9E1D1}.Debug|x64.ActiveCfg = Debug|Any CPU
		{F7661A24-D7AB-4357-9A62-156E52F9E1D1}.Debug|x64.Build.0 = Debug|Any CPU
		{F7661A24-D7AB-4357-9A62-156E52F9E1D1}.Debug|x86.ActiveCfg = Debug|Any CPU
		{F7661A24-D7AB-4357-9A62-156E52F9E1D1}.Debug|x86.Build.0 = Debug|Any CPU
		{F7661A24-D7AB-4357-9A62-156E52F9E1D1}.Release|Any CPU.ActiveCfg = Release|Any CPU
		{F7661A24-D7AB-4357-9A62-156E52F9E1D1}.Release|Any CPU.Build.0 = Release|Any CPU
		{F7661A24-D7AB-4357-9A62-156E52F9E1D1}.Release|ARM.ActiveCfg = Release|Any CPU
		{F7661A24-D7AB-4357-9A62-156E52F9E1D1}.Release|ARM.Build.0 = Release|Any CPU
		{F7661A24-D7AB-4357-9A62-156E52F9E1D1}.Release|ARM64.ActiveCfg = Release|Any CPU
		{F7661A24-D7AB-4357-9A62-156E52F9E1D1}.Release|ARM64.Build.0 = Release|Any CPU
		{F7661A24-D7AB-4357-9A62-156E52F9E1D1}.Release|iPhone.ActiveCfg = Release|Any CPU
		{F7661A24-D7AB-4357-9A62-156E52F9E1D1}.Release|iPhone.Build.0 = Release|Any CPU
		{F7661A24-D7AB-4357-9A62-156E52F9E1D1}.Release|iPhoneSimulator.ActiveCfg = Release|Any CPU
		{F7661A24-D7AB-4357-9A62-156E52F9E1D1}.Release|iPhoneSimulator.Build.0 = Release|Any CPU
		{F7661A24-D7AB-4357-9A62-156E52F9E1D1}.Release|x64.ActiveCfg = Release|Any CPU
		{F7661A24-D7AB-4357-9A62-156E52F9E1D1}.Release|x64.Build.0 = Release|Any CPU
		{F7661A24-D7AB-4357-9A62-156E52F9E1D1}.Release|x86.ActiveCfg = Release|Any CPU
		{F7661A24-D7AB-4357-9A62-156E52F9E1D1}.Release|x86.Build.0 = Release|Any CPU
		{12516461-E031-4261-B3FB-7E7BB6FF5CCC}.Debug|Any CPU.ActiveCfg = Debug|Any CPU
		{12516461-E031-4261-B3FB-7E7BB6FF5CCC}.Debug|Any CPU.Build.0 = Debug|Any CPU
		{12516461-E031-4261-B3FB-7E7BB6FF5CCC}.Debug|ARM.ActiveCfg = Debug|Any CPU
		{12516461-E031-4261-B3FB-7E7BB6FF5CCC}.Debug|ARM.Build.0 = Debug|Any CPU
		{12516461-E031-4261-B3FB-7E7BB6FF5CCC}.Debug|ARM64.ActiveCfg = Debug|Any CPU
		{12516461-E031-4261-B3FB-7E7BB6FF5CCC}.Debug|ARM64.Build.0 = Debug|Any CPU
		{12516461-E031-4261-B3FB-7E7BB6FF5CCC}.Debug|iPhone.ActiveCfg = Debug|Any CPU
		{12516461-E031-4261-B3FB-7E7BB6FF5CCC}.Debug|iPhone.Build.0 = Debug|Any CPU
		{12516461-E031-4261-B3FB-7E7BB6FF5CCC}.Debug|iPhoneSimulator.ActiveCfg = Debug|Any CPU
		{12516461-E031-4261-B3FB-7E7BB6FF5CCC}.Debug|iPhoneSimulator.Build.0 = Debug|Any CPU
		{12516461-E031-4261-B3FB-7E7BB6FF5CCC}.Debug|x64.ActiveCfg = Debug|Any CPU
		{12516461-E031-4261-B3FB-7E7BB6FF5CCC}.Debug|x64.Build.0 = Debug|Any CPU
		{12516461-E031-4261-B3FB-7E7BB6FF5CCC}.Debug|x86.ActiveCfg = Debug|Any CPU
		{12516461-E031-4261-B3FB-7E7BB6FF5CCC}.Debug|x86.Build.0 = Debug|Any CPU
		{12516461-E031-4261-B3FB-7E7BB6FF5CCC}.Release|Any CPU.ActiveCfg = Release|Any CPU
		{12516461-E031-4261-B3FB-7E7BB6FF5CCC}.Release|Any CPU.Build.0 = Release|Any CPU
		{12516461-E031-4261-B3FB-7E7BB6FF5CCC}.Release|ARM.ActiveCfg = Release|Any CPU
		{12516461-E031-4261-B3FB-7E7BB6FF5CCC}.Release|ARM.Build.0 = Release|Any CPU
		{12516461-E031-4261-B3FB-7E7BB6FF5CCC}.Release|ARM64.ActiveCfg = Release|Any CPU
		{12516461-E031-4261-B3FB-7E7BB6FF5CCC}.Release|ARM64.Build.0 = Release|Any CPU
		{12516461-E031-4261-B3FB-7E7BB6FF5CCC}.Release|iPhone.ActiveCfg = Release|Any CPU
		{12516461-E031-4261-B3FB-7E7BB6FF5CCC}.Release|iPhone.Build.0 = Release|Any CPU
		{12516461-E031-4261-B3FB-7E7BB6FF5CCC}.Release|iPhoneSimulator.ActiveCfg = Release|Any CPU
		{12516461-E031-4261-B3FB-7E7BB6FF5CCC}.Release|iPhoneSimulator.Build.0 = Release|Any CPU
		{12516461-E031-4261-B3FB-7E7BB6FF5CCC}.Release|x64.ActiveCfg = Release|Any CPU
		{12516461-E031-4261-B3FB-7E7BB6FF5CCC}.Release|x64.Build.0 = Release|Any CPU
		{12516461-E031-4261-B3FB-7E7BB6FF5CCC}.Release|x86.ActiveCfg = Release|Any CPU
		{12516461-E031-4261-B3FB-7E7BB6FF5CCC}.Release|x86.Build.0 = Release|Any CPU
	EndGlobalSection
	GlobalSection(SolutionProperties) = preSolution
		HideSolutionNode = FALSE
	EndGlobalSection
	GlobalSection(NestedProjects) = preSolution
		{E4815EC9-3579-454F-9D4F-61D881C6C526} = {4B933461-A6FB-4F36-89B7-8242C447555D}
		{F80228D6-2F39-4684-8488-404F5F3AF3DB} = {4B933461-A6FB-4F36-89B7-8242C447555D}
		{68D057E7-7CD0-408A-AA7C-A892DE514853} = {4B933461-A6FB-4F36-89B7-8242C447555D}
		{231158A9-D674-46A8-951C-A85D706967E7} = {4B933461-A6FB-4F36-89B7-8242C447555D}
		{F7661A24-D7AB-4357-9A62-156E52F9E1D1} = {4B933461-A6FB-4F36-89B7-8242C447555D}
		{12516461-E031-4261-B3FB-7E7BB6FF5CCC} = {4B933461-A6FB-4F36-89B7-8242C447555D}
	EndGlobalSection
	GlobalSection(ExtensibilityGlobals) = postSolution
		SolutionGuid = {F774770C-EF90-4F19-A2DB-DD0100B6ACF7}
	EndGlobalSection
EndGlobal
