
Microsoft Visual Studio Solution File, Format Version 12.00
# Visual Studio Version 17
VisualStudioVersion = 17.2.32210.308
MinimumVisualStudioVersion = 10.0.40219.1
Project("{FAE04EC0-301F-11D3-BF4B-00C04F79EFBC}") = "Sample.Android", "app\Sample.Android\Sample.Android.csproj", "{A65F46E0-9884-410A-ABAF-075DB1CB07FC}"
EndProject
Project("{FAE04EC0-301F-11D3-BF4B-00C04F79EFBC}") = "Sample.iOS", "app\Sample.iOS\Sample.iOS.csproj", "{2321E7B4-749E-443E-868D-B9D6543304D9}"
EndProject
Project("{9A19103F-16F7-4668-BE54-9A1E7A4F7556}") = "Sample", "app\Sample\Sample.csproj", "{C4A94D57-C146-4DE5-A133-30704425FCE7}"
EndProject
Project("{2150E333-8FDC-42A3-9474-1A3956D46DE8}") = "Solution Items", "Solution Items", "{8F76E178-020F-4AC5-A872-AB051DF69DEC}"
	ProjectSection(SolutionItems) = preProject
		appsettings.json = appsettings.json
		readme.md = readme.md
	EndProjectSection
EndProject
Project("{2150E333-8FDC-42A3-9474-1A3956D46DE8}") = "lib", "lib", "{17D525B0-0CC9-4838-A993-0524EA4F86CB}"
EndProject
Project("{9A19103F-16F7-4668-BE54-9A1E7A4F7556}") = "Shiny.Core", "..\submodules\shiny\src\Shiny.Core\Shiny.Core.csproj", "{F7A76C94-5FFD-45B4-A898-37D5D3ABE21E}"
EndProject
Project("{9A19103F-16F7-4668-BE54-9A1E7A4F7556}") = "Shiny.Push", "..\submodules\shiny\src\Shiny.Push\Shiny.Push.csproj", "{32827F67-2C5D-4446-AEEB-5C328BFCE373}"
EndProject
Project("{9A19103F-16F7-4668-BE54-9A1E7A4F7556}") = "Shiny.Push.Common", "..\submodules\shiny\src\Shiny.Push.Common\Shiny.Push.Common.csproj", "{91819556-E032-473A-AE00-FEC7154DF4CA}"
EndProject
Project("{9A19103F-16F7-4668-BE54-9A1E7A4F7556}") = "Shiny.Push.FirebaseMessaging", "..\submodules\shiny\src\Shiny.Push.FirebaseMessaging\Shiny.Push.FirebaseMessaging.csproj", "{AFF2B470-1524-4A5B-BBDA-85E57E64E8C6}"
EndProject
Project("{9A19103F-16F7-4668-BE54-9A1E7A4F7556}") = "Shiny.Push.OneSignal", "..\submodules\shiny\src\Shiny.Push.OneSignal\Shiny.Push.OneSignal.csproj", "{BCC5A729-8E15-4968-B8E8-77986A724312}"
EndProject
Project("{9A19103F-16F7-4668-BE54-9A1E7A4F7556}") = "Shiny.Push.AzureNotificationHubs", "..\submodules\shiny\src\Shiny.Push.AzureNotificationHubs\Shiny.Push.AzureNotificationHubs.csproj", "{F6EFE9B1-CA95-42BD-9370-EF423475DB74}"
EndProject
Project("{9A19103F-16F7-4668-BE54-9A1E7A4F7556}") = "PushApi", "PushApi\PushApi.csproj", "{04EF0B2F-0BB4-4261-8244-7EE3AFFB2101}"
EndProject
Project("{9A19103F-16F7-4668-BE54-9A1E7A4F7556}") = "Shiny.Notifications.Common", "..\submodules\shiny\src\Shiny.Notifications.Common\Shiny.Notifications.Common.csproj", "{F21769A1-2254-48DF-AEF1-B437E27A1A37}"
EndProject
Project("{9A19103F-16F7-4668-BE54-9A1E7A4F7556}") = "Shiny.Extensions.Push.Abstractions", "..\submodules\apiservices\src\Shiny.Extensions.Push.Abstractions\Shiny.Extensions.Push.Abstractions.csproj", "{BEF479F6-ABC3-4906-A9CA-492AA286FC86}"
EndProject
Project("{9A19103F-16F7-4668-BE54-9A1E7A4F7556}") = "Shiny.Extensions.Push", "..\submodules\apiservices\src\Shiny.Extensions.Push\Shiny.Extensions.Push.csproj", "{AEE5E91F-FAA6-40D1-834A-86249D8C8251}"
EndProject
Project("{2150E333-8FDC-42A3-9474-1A3956D46DE8}") = "app", "app", "{D416DE09-842B-4389-AB81-1B328C4EDC33}"
	ProjectSection(SolutionItems) = preProject
		app\Directory.build.props = app\Directory.build.props
		app\Directory.build.targets = app\Directory.build.targets
		google-services.json = google-services.json
		GoogleService-Info.plist = GoogleService-Info.plist
	EndProjectSection
EndProject
Global
	GlobalSection(SolutionConfigurationPlatforms) = preSolution
		Debug|Any CPU = Debug|Any CPU
		Debug|ARM = Debug|ARM
		Debug|ARM64 = Debug|ARM64
		Debug|iPhone = Debug|iPhone
		Debug|iPhoneSimulator = Debug|iPhoneSimulator
		Debug|x64 = Debug|x64
		Debug|x86 = Debug|x86
		Release|Any CPU = Release|Any CPU
		Release|ARM = Release|ARM
		Release|ARM64 = Release|ARM64
		Release|iPhone = Release|iPhone
		Release|iPhoneSimulator = Release|iPhoneSimulator
		Release|x64 = Release|x64
		Release|x86 = Release|x86
	EndGlobalSection
	GlobalSection(ProjectConfigurationPlatforms) = postSolution
		{A65F46E0-9884-410A-ABAF-075DB1CB07FC}.Debug|Any CPU.ActiveCfg = Debug|Any CPU
		{A65F46E0-9884-410A-ABAF-075DB1CB07FC}.Debug|Any CPU.Build.0 = Debug|Any CPU
		{A65F46E0-9884-410A-ABAF-075DB1CB07FC}.Debug|Any CPU.Deploy.0 = Debug|Any CPU
		{A65F46E0-9884-410A-ABAF-075DB1CB07FC}.Debug|ARM.ActiveCfg = Debug|Any CPU
		{A65F46E0-9884-410A-ABAF-075DB1CB07FC}.Debug|ARM.Build.0 = Debug|Any CPU
		{A65F46E0-9884-410A-ABAF-075DB1CB07FC}.Debug|ARM.Deploy.0 = Debug|Any CPU
		{A65F46E0-9884-410A-ABAF-075DB1CB07FC}.Debug|ARM64.ActiveCfg = Debug|Any CPU
		{A65F46E0-9884-410A-ABAF-075DB1CB07FC}.Debug|ARM64.Build.0 = Debug|Any CPU
		{A65F46E0-9884-410A-ABAF-075DB1CB07FC}.Debug|ARM64.Deploy.0 = Debug|Any CPU
		{A65F46E0-9884-410A-ABAF-075DB1CB07FC}.Debug|iPhone.ActiveCfg = Debug|Any CPU
		{A65F46E0-9884-410A-ABAF-075DB1CB07FC}.Debug|iPhone.Build.0 = Debug|Any CPU
		{A65F46E0-9884-410A-ABAF-075DB1CB07FC}.Debug|iPhone.Deploy.0 = Debug|Any CPU
		{A65F46E0-9884-410A-ABAF-075DB1CB07FC}.Debug|iPhoneSimulator.ActiveCfg = Debug|Any CPU
		{A65F46E0-9884-410A-ABAF-075DB1CB07FC}.Debug|iPhoneSimulator.Build.0 = Debug|Any CPU
		{A65F46E0-9884-410A-ABAF-075DB1CB07FC}.Debug|iPhoneSimulator.Deploy.0 = Debug|Any CPU
		{A65F46E0-9884-410A-ABAF-075DB1CB07FC}.Debug|x64.ActiveCfg = Debug|Any CPU
		{A65F46E0-9884-410A-ABAF-075DB1CB07FC}.Debug|x64.Build.0 = Debug|Any CPU
		{A65F46E0-9884-410A-ABAF-075DB1CB07FC}.Debug|x64.Deploy.0 = Debug|Any CPU
		{A65F46E0-9884-410A-ABAF-075DB1CB07FC}.Debug|x86.ActiveCfg = Debug|Any CPU
		{A65F46E0-9884-410A-ABAF-075DB1CB07FC}.Debug|x86.Build.0 = Debug|Any CPU
		{A65F46E0-9884-410A-ABAF-075DB1CB07FC}.Debug|x86.Deploy.0 = Debug|Any CPU
		{A65F46E0-9884-410A-ABAF-075DB1CB07FC}.Release|Any CPU.ActiveCfg = Release|Any CPU
		{A65F46E0-9884-410A-ABAF-075DB1CB07FC}.Release|Any CPU.Build.0 = Release|Any CPU
		{A65F46E0-9884-410A-ABAF-075DB1CB07FC}.Release|Any CPU.Deploy.0 = Release|Any CPU
		{A65F46E0-9884-410A-ABAF-075DB1CB07FC}.Release|ARM.ActiveCfg = Release|Any CPU
		{A65F46E0-9884-410A-ABAF-075DB1CB07FC}.Release|ARM.Build.0 = Release|Any CPU
		{A65F46E0-9884-410A-ABAF-075DB1CB07FC}.Release|ARM.Deploy.0 = Release|Any CPU
		{A65F46E0-9884-410A-ABAF-075DB1CB07FC}.Release|ARM64.ActiveCfg = Release|Any CPU
		{A65F46E0-9884-410A-ABAF-075DB1CB07FC}.Release|ARM64.Build.0 = Release|Any CPU
		{A65F46E0-9884-410A-ABAF-075DB1CB07FC}.Release|ARM64.Deploy.0 = Release|Any CPU
		{A65F46E0-9884-410A-ABAF-075DB1CB07FC}.Release|iPhone.ActiveCfg = Release|Any CPU
		{A65F46E0-9884-410A-ABAF-075DB1CB07FC}.Release|iPhone.Build.0 = Release|Any CPU
		{A65F46E0-9884-410A-ABAF-075DB1CB07FC}.Release|iPhone.Deploy.0 = Release|Any CPU
		{A65F46E0-9884-410A-ABAF-075DB1CB07FC}.Release|iPhoneSimulator.ActiveCfg = Release|Any CPU
		{A65F46E0-9884-410A-ABAF-075DB1CB07FC}.Release|iPhoneSimulator.Build.0 = Release|Any CPU
		{A65F46E0-9884-410A-ABAF-075DB1CB07FC}.Release|iPhoneSimulator.Deploy.0 = Release|Any CPU
		{A65F46E0-9884-410A-ABAF-075DB1CB07FC}.Release|x64.ActiveCfg = Release|Any CPU
		{A65F46E0-9884-410A-ABAF-075DB1CB07FC}.Release|x64.Build.0 = Release|Any CPU
		{A65F46E0-9884-410A-ABAF-075DB1CB07FC}.Release|x64.Deploy.0 = Release|Any CPU
		{A65F46E0-9884-410A-ABAF-075DB1CB07FC}.Release|x86.ActiveCfg = Release|Any CPU
		{A65F46E0-9884-410A-ABAF-075DB1CB07FC}.Release|x86.Build.0 = Release|Any CPU
		{A65F46E0-9884-410A-ABAF-075DB1CB07FC}.Release|x86.Deploy.0 = Release|Any CPU
		{2321E7B4-749E-443E-868D-B9D6543304D9}.Debug|Any CPU.ActiveCfg = Debug|iPhoneSimulator
		{2321E7B4-749E-443E-868D-B9D6543304D9}.Debug|Any CPU.Build.0 = Debug|iPhoneSimulator
		{2321E7B4-749E-443E-868D-B9D6543304D9}.Debug|Any CPU.Deploy.0 = Debug|iPhoneSimulator
		{2321E7B4-749E-443E-868D-B9D6543304D9}.Debug|ARM.ActiveCfg = Debug|iPhone
		{2321E7B4-749E-443E-868D-B9D6543304D9}.Debug|ARM.Build.0 = Debug|iPhone
		{2321E7B4-749E-443E-868D-B9D6543304D9}.Debug|ARM.Deploy.0 = Debug|iPhone
		{2321E7B4-749E-443E-868D-B9D6543304D9}.Debug|ARM64.ActiveCfg = Debug|iPhoneSimulator
		{2321E7B4-749E-443E-868D-B9D6543304D9}.Debug|iPhone.ActiveCfg = Debug|iPhone
		{2321E7B4-749E-443E-868D-B9D6543304D9}.Debug|iPhone.Build.0 = Debug|iPhone
		{2321E7B4-749E-443E-868D-B9D6543304D9}.Debug|iPhone.Deploy.0 = Debug|iPhone
		{2321E7B4-749E-443E-868D-B9D6543304D9}.Debug|iPhoneSimulator.ActiveCfg = Debug|iPhoneSimulator
		{2321E7B4-749E-443E-868D-B9D6543304D9}.Debug|iPhoneSimulator.Build.0 = Debug|iPhoneSimulator
		{2321E7B4-749E-443E-868D-B9D6543304D9}.Debug|iPhoneSimulator.Deploy.0 = Debug|iPhoneSimulator
		{2321E7B4-749E-443E-868D-B9D6543304D9}.Debug|x64.ActiveCfg = Debug|iPhoneSimulator
		{2321E7B4-749E-443E-868D-B9D6543304D9}.Debug|x64.Build.0 = Debug|iPhoneSimulator
		{2321E7B4-749E-443E-868D-B9D6543304D9}.Debug|x64.Deploy.0 = Debug|iPhoneSimulator
		{2321E7B4-749E-443E-868D-B9D6543304D9}.Debug|x86.ActiveCfg = Debug|iPhoneSimulator
		{2321E7B4-749E-443E-868D-B9D6543304D9}.Debug|x86.Build.0 = Debug|iPhoneSimulator
		{2321E7B4-749E-443E-868D-B9D6543304D9}.Debug|x86.Deploy.0 = Debug|iPhoneSimulator
		{2321E7B4-749E-443E-868D-B9D6543304D9}.Release|Any CPU.ActiveCfg = Release|iPhoneSimulator
		{2321E7B4-749E-443E-868D-B9D6543304D9}.Release|Any CPU.Build.0 = Release|iPhoneSimulator
		{2321E7B4-749E-443E-868D-B9D6543304D9}.Release|Any CPU.Deploy.0 = Release|iPhoneSimulator
		{2321E7B4-749E-443E-868D-B9D6543304D9}.Release|ARM.ActiveCfg = Release|iPhoneSimulator
		{2321E7B4-749E-443E-868D-B9D6543304D9}.Release|ARM.Build.0 = Release|iPhoneSimulator
		{2321E7B4-749E-443E-868D-B9D6543304D9}.Release|ARM.Deploy.0 = Release|iPhoneSimulator
		{2321E7B4-749E-443E-868D-B9D6543304D9}.Release|ARM64.ActiveCfg = Release|iPhoneSimulator
		{2321E7B4-749E-443E-868D-B9D6543304D9}.Release|iPhone.ActiveCfg = Release|iPhone
		{2321E7B4-749E-443E-868D-B9D6543304D9}.Release|iPhone.Build.0 = Release|iPhone
		{2321E7B4-749E-443E-868D-B9D6543304D9}.Release|iPhone.Deploy.0 = Release|iPhone
		{2321E7B4-749E-443E-868D-B9D6543304D9}.Release|iPhoneSimulator.ActiveCfg = Release|iPhoneSimulator
		{2321E7B4-749E-443E-868D-B9D6543304D9}.Release|iPhoneSimulator.Build.0 = Release|iPhoneSimulator
		{2321E7B4-749E-443E-868D-B9D6543304D9}.Release|iPhoneSimulator.Deploy.0 = Release|iPhoneSimulator
		{2321E7B4-749E-443E-868D-B9D6543304D9}.Release|x64.ActiveCfg = Release|iPhoneSimulator
		{2321E7B4-749E-443E-868D-B9D6543304D9}.Release|x64.Build.0 = Release|iPhoneSimulator
		{2321E7B4-749E-443E-868D-B9D6543304D9}.Release|x64.Deploy.0 = Release|iPhoneSimulator
		{2321E7B4-749E-443E-868D-B9D6543304D9}.Release|x86.ActiveCfg = Release|iPhoneSimulator
		{2321E7B4-749E-443E-868D-B9D6543304D9}.Release|x86.Build.0 = Release|iPhoneSimulator
		{2321E7B4-749E-443E-868D-B9D6543304D9}.Release|x86.Deploy.0 = Release|iPhoneSimulator
		{C4A94D57-C146-4DE5-A133-30704425FCE7}.Debug|Any CPU.ActiveCfg = Debug|Any CPU
		{C4A94D57-C146-4DE5-A133-30704425FCE7}.Debug|Any CPU.Build.0 = Debug|Any CPU
		{C4A94D57-C146-4DE5-A133-30704425FCE7}.Debug|Any CPU.Deploy.0 = Debug|Any CPU
		{C4A94D57-C146-4DE5-A133-30704425FCE7}.Debug|ARM.ActiveCfg = Debug|Any CPU
		{C4A94D57-C146-4DE5-A133-30704425FCE7}.Debug|ARM.Build.0 = Debug|Any CPU
		{C4A94D57-C146-4DE5-A133-30704425FCE7}.Debug|ARM.Deploy.0 = Debug|Any CPU
		{C4A94D57-C146-4DE5-A133-30704425FCE7}.Debug|ARM64.ActiveCfg = Debug|Any CPU
		{C4A94D57-C146-4DE5-A133-30704425FCE7}.Debug|ARM64.Build.0 = Debug|Any CPU
		{C4A94D57-C146-4DE5-A133-30704425FCE7}.Debug|iPhone.ActiveCfg = Debug|Any CPU
		{C4A94D57-C146-4DE5-A133-30704425FCE7}.Debug|iPhone.Build.0 = Debug|Any CPU
		{C4A94D57-C146-4DE5-A133-30704425FCE7}.Debug|iPhone.Deploy.0 = Debug|Any CPU
		{C4A94D57-C146-4DE5-A133-30704425FCE7}.Debug|iPhoneSimulator.ActiveCfg = Debug|Any CPU
		{C4A94D57-C146-4DE5-A133-30704425FCE7}.Debug|iPhoneSimulator.Build.0 = Debug|Any CPU
		{C4A94D57-C146-4DE5-A133-30704425FCE7}.Debug|iPhoneSimulator.Deploy.0 = Debug|Any CPU
		{C4A94D57-C146-4DE5-A133-30704425FCE7}.Debug|x64.ActiveCfg = Debug|Any CPU
		{C4A94D57-C146-4DE5-A133-30704425FCE7}.Debug|x64.Build.0 = Debug|Any CPU
		{C4A94D57-C146-4DE5-A133-30704425FCE7}.Debug|x64.Deploy.0 = Debug|Any CPU
		{C4A94D57-C146-4DE5-A133-30704425FCE7}.Debug|x86.ActiveCfg = Debug|Any CPU
		{C4A94D57-C146-4DE5-A133-30704425FCE7}.Debug|x86.Build.0 = Debug|Any CPU
		{C4A94D57-C146-4DE5-A133-30704425FCE7}.Debug|x86.Deploy.0 = Debug|Any CPU
		{C4A94D57-C146-4DE5-A133-30704425FCE7}.Release|Any CPU.ActiveCfg = Release|Any CPU
		{C4A94D57-C146-4DE5-A133-30704425FCE7}.Release|Any CPU.Build.0 = Release|Any CPU
		{C4A94D57-C146-4DE5-A133-30704425FCE7}.Release|Any CPU.Deploy.0 = Release|Any CPU
		{C4A94D57-C146-4DE5-A133-30704425FCE7}.Release|ARM.ActiveCfg = Release|Any CPU
		{C4A94D57-C146-4DE5-A133-30704425FCE7}.Release|ARM.Build.0 = Release|Any CPU
		{C4A94D57-C146-4DE5-A133-30704425FCE7}.Release|ARM.Deploy.0 = Release|Any CPU
		{C4A94D57-C146-4DE5-A133-30704425FCE7}.Release|ARM64.ActiveCfg = Release|Any CPU
		{C4A94D57-C146-4DE5-A133-30704425FCE7}.Release|ARM64.Build.0 = Release|Any CPU
		{C4A94D57-C146-4DE5-A133-30704425FCE7}.Release|iPhone.ActiveCfg = Release|Any CPU
		{C4A94D57-C146-4DE5-A133-30704425FCE7}.Release|iPhone.Build.0 = Release|Any CPU
		{C4A94D57-C146-4DE5-A133-30704425FCE7}.Release|iPhone.Deploy.0 = Release|Any CPU
		{C4A94D57-C146-4DE5-A133-30704425FCE7}.Release|iPhoneSimulator.ActiveCfg = Release|Any CPU
		{C4A94D57-C146-4DE5-A133-30704425FCE7}.Release|iPhoneSimulator.Build.0 = Release|Any CPU
		{C4A94D57-C146-4DE5-A133-30704425FCE7}.Release|iPhoneSimulator.Deploy.0 = Release|Any CPU
		{C4A94D57-C146-4DE5-A133-30704425FCE7}.Release|x64.ActiveCfg = Release|Any CPU
		{C4A94D57-C146-4DE5-A133-30704425FCE7}.Release|x64.Build.0 = Release|Any CPU
		{C4A94D57-C146-4DE5-A133-30704425FCE7}.Release|x64.Deploy.0 = Release|Any CPU
		{C4A94D57-C146-4DE5-A133-30704425FCE7}.Release|x86.ActiveCfg = Release|Any CPU
		{C4A94D57-C146-4DE5-A133-30704425FCE7}.Release|x86.Build.0 = Release|Any CPU
		{C4A94D57-C146-4DE5-A133-30704425FCE7}.Release|x86.Deploy.0 = Release|Any CPU
		{F7A76C94-5FFD-45B4-A898-37D5D3ABE21E}.Debug|Any CPU.ActiveCfg = Debug|Any CPU
		{F7A76C94-5FFD-45B4-A898-37D5D3ABE21E}.Debug|Any CPU.Build.0 = Debug|Any CPU
		{F7A76C94-5FFD-45B4-A898-37D5D3ABE21E}.Debug|ARM.ActiveCfg = Debug|Any CPU
		{F7A76C94-5FFD-45B4-A898-37D5D3ABE21E}.Debug|ARM.Build.0 = Debug|Any CPU
		{F7A76C94-5FFD-45B4-A898-37D5D3ABE21E}.Debug|ARM64.ActiveCfg = Debug|Any CPU
		{F7A76C94-5FFD-45B4-A898-37D5D3ABE21E}.Debug|ARM64.Build.0 = Debug|Any CPU
		{F7A76C94-5FFD-45B4-A898-37D5D3ABE21E}.Debug|iPhone.ActiveCfg = Debug|Any CPU
		{F7A76C94-5FFD-45B4-A898-37D5D3ABE21E}.Debug|iPhone.Build.0 = Debug|Any CPU
		{F7A76C94-5FFD-45B4-A898-37D5D3ABE21E}.Debug|iPhoneSimulator.ActiveCfg = Debug|Any CPU
		{F7A76C94-5FFD-45B4-A898-37D5D3ABE21E}.Debug|iPhoneSimulator.Build.0 = Debug|Any CPU
		{F7A76C94-5FFD-45B4-A898-37D5D3ABE21E}.Debug|x64.ActiveCfg = Debug|Any CPU
		{F7A76C94-5FFD-45B4-A898-37D5D3ABE21E}.Debug|x64.Build.0 = Debug|Any CPU
		{F7A76C94-5FFD-45B4-A898-37D5D3ABE21E}.Debug|x86.ActiveCfg = Debug|Any CPU
		{F7A76C94-5FFD-45B4-A898-37D5D3ABE21E}.Debug|x86.Build.0 = Debug|Any CPU
		{F7A76C94-5FFD-45B4-A898-37D5D3ABE21E}.Release|Any CPU.ActiveCfg = Release|Any CPU
		{F7A76C94-5FFD-45B4-A898-37D5D3ABE21E}.Release|Any CPU.Build.0 = Release|Any CPU
		{F7A76C94-5FFD-45B4-A898-37D5D3ABE21E}.Release|ARM.ActiveCfg = Release|Any CPU
		{F7A76C94-5FFD-45B4-A898-37D5D3ABE21E}.Release|ARM.Build.0 = Release|Any CPU
		{F7A76C94-5FFD-45B4-A898-37D5D3ABE21E}.Release|ARM64.ActiveCfg = Release|Any CPU
		{F7A76C94-5FFD-45B4-A898-37D5D3ABE21E}.Release|ARM64.Build.0 = Release|Any CPU
		{F7A76C94-5FFD-45B4-A898-37D5D3ABE21E}.Release|iPhone.ActiveCfg = Release|Any CPU
		{F7A76C94-5FFD-45B4-A898-37D5D3ABE21E}.Release|iPhone.Build.0 = Release|Any CPU
		{F7A76C94-5FFD-45B4-A898-37D5D3ABE21E}.Release|iPhoneSimulator.ActiveCfg = Release|Any CPU
		{F7A76C94-5FFD-45B4-A898-37D5D3ABE21E}.Release|iPhoneSimulator.Build.0 = Release|Any CPU
		{F7A76C94-5FFD-45B4-A898-37D5D3ABE21E}.Release|x64.ActiveCfg = Release|Any CPU
		{F7A76C94-5FFD-45B4-A898-37D5D3ABE21E}.Release|x64.Build.0 = Release|Any CPU
		{F7A76C94-5FFD-45B4-A898-37D5D3ABE21E}.Release|x86.ActiveCfg = Release|Any CPU
		{F7A76C94-5FFD-45B4-A898-37D5D3ABE21E}.Release|x86.Build.0 = Release|Any CPU
		{32827F67-2C5D-4446-AEEB-5C328BFCE373}.Debug|Any CPU.ActiveCfg = Debug|Any CPU
		{32827F67-2C5D-4446-AEEB-5C328BFCE373}.Debug|Any CPU.Build.0 = Debug|Any CPU
		{32827F67-2C5D-4446-AEEB-5C328BFCE373}.Debug|ARM.ActiveCfg = Debug|Any CPU
		{32827F67-2C5D-4446-AEEB-5C328BFCE373}.Debug|ARM.Build.0 = Debug|Any CPU
		{32827F67-2C5D-4446-AEEB-5C328BFCE373}.Debug|ARM64.ActiveCfg = Debug|Any CPU
		{32827F67-2C5D-4446-AEEB-5C328BFCE373}.Debug|ARM64.Build.0 = Debug|Any CPU
		{32827F67-2C5D-4446-AEEB-5C328BFCE373}.Debug|iPhone.ActiveCfg = Debug|Any CPU
		{32827F67-2C5D-4446-AEEB-5C328BFCE373}.Debug|iPhone.Build.0 = Debug|Any CPU
		{32827F67-2C5D-4446-AEEB-5C328BFCE373}.Debug|iPhoneSimulator.ActiveCfg = Debug|Any CPU
		{32827F67-2C5D-4446-AEEB-5C328BFCE373}.Debug|iPhoneSimulator.Build.0 = Debug|Any CPU
		{32827F67-2C5D-4446-AEEB-5C328BFCE373}.Debug|x64.ActiveCfg = Debug|Any CPU
		{32827F67-2C5D-4446-AEEB-5C328BFCE373}.Debug|x64.Build.0 = Debug|Any CPU
		{32827F67-2C5D-4446-AEEB-5C328BFCE373}.Debug|x86.ActiveCfg = Debug|Any CPU
		{32827F67-2C5D-4446-AEEB-5C328BFCE373}.Debug|x86.Build.0 = Debug|Any CPU
		{32827F67-2C5D-4446-AEEB-5C328BFCE373}.Release|Any CPU.ActiveCfg = Release|Any CPU
		{32827F67-2C5D-4446-AEEB-5C328BFCE373}.Release|Any CPU.Build.0 = Release|Any CPU
		{32827F67-2C5D-4446-AEEB-5C328BFCE373}.Release|ARM.ActiveCfg = Release|Any CPU
		{32827F67-2C5D-4446-AEEB-5C328BFCE373}.Release|ARM.Build.0 = Release|Any CPU
		{32827F67-2C5D-4446-AEEB-5C328BFCE373}.Release|ARM64.ActiveCfg = Release|Any CPU
		{32827F67-2C5D-4446-AEEB-5C328BFCE373}.Release|ARM64.Build.0 = Release|Any CPU
		{32827F67-2C5D-4446-AEEB-5C328BFCE373}.Release|iPhone.ActiveCfg = Release|Any CPU
		{32827F67-2C5D-4446-AEEB-5C328BFCE373}.Release|iPhone.Build.0 = Release|Any CPU
		{32827F67-2C5D-4446-AEEB-5C328BFCE373}.Release|iPhoneSimulator.ActiveCfg = Release|Any CPU
		{32827F67-2C5D-4446-AEEB-5C328BFCE373}.Release|iPhoneSimulator.Build.0 = Release|Any CPU
		{32827F67-2C5D-4446-AEEB-5C328BFCE373}.Release|x64.ActiveCfg = Release|Any CPU
		{32827F67-2C5D-4446-AEEB-5C328BFCE373}.Release|x64.Build.0 = Release|Any CPU
		{32827F67-2C5D-4446-AEEB-5C328BFCE373}.Release|x86.ActiveCfg = Release|Any CPU
		{32827F67-2C5D-4446-AEEB-5C328BFCE373}.Release|x86.Build.0 = Release|Any CPU
		{91819556-E032-473A-AE00-FEC7154DF4CA}.Debug|Any CPU.ActiveCfg = Debug|Any CPU
		{91819556-E032-473A-AE00-FEC7154DF4CA}.Debug|Any CPU.Build.0 = Debug|Any CPU
		{91819556-E032-473A-AE00-FEC7154DF4CA}.Debug|ARM.ActiveCfg = Debug|Any CPU
		{91819556-E032-473A-AE00-FEC7154DF4CA}.Debug|ARM.Build.0 = Debug|Any CPU
		{91819556-E032-473A-AE00-FEC7154DF4CA}.Debug|ARM64.ActiveCfg = Debug|Any CPU
		{91819556-E032-473A-AE00-FEC7154DF4CA}.Debug|ARM64.Build.0 = Debug|Any CPU
		{91819556-E032-473A-AE00-FEC7154DF4CA}.Debug|iPhone.ActiveCfg = Debug|Any CPU
		{91819556-E032-473A-AE00-FEC7154DF4CA}.Debug|iPhone.Build.0 = Debug|Any CPU
		{91819556-E032-473A-AE00-FEC7154DF4CA}.Debug|iPhoneSimulator.ActiveCfg = Debug|Any CPU
		{91819556-E032-473A-AE00-FEC7154DF4CA}.Debug|iPhoneSimulator.Build.0 = Debug|Any CPU
		{91819556-E032-473A-AE00-FEC7154DF4CA}.Debug|x64.ActiveCfg = Debug|Any CPU
		{91819556-E032-473A-AE00-FEC7154DF4CA}.Debug|x64.Build.0 = Debug|Any CPU
		{91819556-E032-473A-AE00-FEC7154DF4CA}.Debug|x86.ActiveCfg = Debug|Any CPU
		{91819556-E032-473A-AE00-FEC7154DF4CA}.Debug|x86.Build.0 = Debug|Any CPU
		{91819556-E032-473A-AE00-FEC7154DF4CA}.Release|Any CPU.ActiveCfg = Release|Any CPU
		{91819556-E032-473A-AE00-FEC7154DF4CA}.Release|Any CPU.Build.0 = Release|Any CPU
		{91819556-E032-473A-AE00-FEC7154DF4CA}.Release|ARM.ActiveCfg = Release|Any CPU
		{91819556-E032-473A-AE00-FEC7154DF4CA}.Release|ARM.Build.0 = Release|Any CPU
		{91819556-E032-473A-AE00-FEC7154DF4CA}.Release|ARM64.ActiveCfg = Release|Any CPU
		{91819556-E032-473A-AE00-FEC7154DF4CA}.Release|ARM64.Build.0 = Release|Any CPU
		{91819556-E032-473A-AE00-FEC7154DF4CA}.Release|iPhone.ActiveCfg = Release|Any CPU
		{91819556-E032-473A-AE00-FEC7154DF4CA}.Release|iPhone.Build.0 = Release|Any CPU
		{91819556-E032-473A-AE00-FEC7154DF4CA}.Release|iPhoneSimulator.ActiveCfg = Release|Any CPU
		{91819556-E032-473A-AE00-FEC7154DF4CA}.Release|iPhoneSimulator.Build.0 = Release|Any CPU
		{91819556-E032-473A-AE00-FEC7154DF4CA}.Release|x64.ActiveCfg = Release|Any CPU
		{91819556-E032-473A-AE00-FEC7154DF4CA}.Release|x64.Build.0 = Release|Any CPU
		{91819556-E032-473A-AE00-FEC7154DF4CA}.Release|x86.ActiveCfg = Release|Any CPU
		{91819556-E032-473A-AE00-FEC7154DF4CA}.Release|x86.Build.0 = Release|Any CPU
		{AFF2B470-1524-4A5B-BBDA-85E57E64E8C6}.Debug|Any CPU.ActiveCfg = Debug|Any CPU
		{AFF2B470-1524-4A5B-BBDA-85E57E64E8C6}.Debug|Any CPU.Build.0 = Debug|Any CPU
		{AFF2B470-1524-4A5B-BBDA-85E57E64E8C6}.Debug|ARM.ActiveCfg = Debug|Any CPU
		{AFF2B470-1524-4A5B-BBDA-85E57E64E8C6}.Debug|ARM.Build.0 = Debug|Any CPU
		{AFF2B470-1524-4A5B-BBDA-85E57E64E8C6}.Debug|ARM64.ActiveCfg = Debug|Any CPU
		{AFF2B470-1524-4A5B-BBDA-85E57E64E8C6}.Debug|ARM64.Build.0 = Debug|Any CPU
		{AFF2B470-1524-4A5B-BBDA-85E57E64E8C6}.Debug|iPhone.ActiveCfg = Debug|Any CPU
		{AFF2B470-1524-4A5B-BBDA-85E57E64E8C6}.Debug|iPhone.Build.0 = Debug|Any CPU
		{AFF2B470-1524-4A5B-BBDA-85E57E64E8C6}.Debug|iPhoneSimulator.ActiveCfg = Debug|Any CPU
		{AFF2B470-1524-4A5B-BBDA-85E57E64E8C6}.Debug|iPhoneSimulator.Build.0 = Debug|Any CPU
		{AFF2B470-1524-4A5B-BBDA-85E57E64E8C6}.Debug|x64.ActiveCfg = Debug|Any CPU
		{AFF2B470-1524-4A5B-BBDA-85E57E64E8C6}.Debug|x64.Build.0 = Debug|Any CPU
		{AFF2B470-1524-4A5B-BBDA-85E57E64E8C6}.Debug|x86.ActiveCfg = Debug|Any CPU
		{AFF2B470-1524-4A5B-BBDA-85E57E64E8C6}.Debug|x86.Build.0 = Debug|Any CPU
		{AFF2B470-1524-4A5B-BBDA-85E57E64E8C6}.Release|Any CPU.ActiveCfg = Release|Any CPU
		{AFF2B470-1524-4A5B-BBDA-85E57E64E8C6}.Release|Any CPU.Build.0 = Release|Any CPU
		{AFF2B470-1524-4A5B-BBDA-85E57E64E8C6}.Release|ARM.ActiveCfg = Release|Any CPU
		{AFF2B470-1524-4A5B-BBDA-85E57E64E8C6}.Release|ARM.Build.0 = Release|Any CPU
		{AFF2B470-1524-4A5B-BBDA-85E57E64E8C6}.Release|ARM64.ActiveCfg = Release|Any CPU
		{AFF2B470-1524-4A5B-BBDA-85E57E64E8C6}.Release|ARM64.Build.0 = Release|Any CPU
		{AFF2B470-1524-4A5B-BBDA-85E57E64E8C6}.Release|iPhone.ActiveCfg = Release|Any CPU
		{AFF2B470-1524-4A5B-BBDA-85E57E64E8C6}.Release|iPhone.Build.0 = Release|Any CPU
		{AFF2B470-1524-4A5B-BBDA-85E57E64E8C6}.Release|iPhoneSimulator.ActiveCfg = Release|Any CPU
		{AFF2B470-1524-4A5B-BBDA-85E57E64E8C6}.Release|iPhoneSimulator.Build.0 = Release|Any CPU
		{AFF2B470-1524-4A5B-BBDA-85E57E64E8C6}.Release|x64.ActiveCfg = Release|Any CPU
		{AFF2B470-1524-4A5B-BBDA-85E57E64E8C6}.Release|x64.Build.0 = Release|Any CPU
		{AFF2B470-1524-4A5B-BBDA-85E57E64E8C6}.Release|x86.ActiveCfg = Release|Any CPU
		{AFF2B470-1524-4A5B-BBDA-85E57E64E8C6}.Release|x86.Build.0 = Release|Any CPU
		{BCC5A729-8E15-4968-B8E8-77986A724312}.Debug|Any CPU.ActiveCfg = Debug|Any CPU
		{BCC5A729-8E15-4968-B8E8-77986A724312}.Debug|Any CPU.Build.0 = Debug|Any CPU
		{BCC5A729-8E15-4968-B8E8-77986A724312}.Debug|ARM.ActiveCfg = Debug|Any CPU
		{BCC5A729-8E15-4968-B8E8-77986A724312}.Debug|ARM.Build.0 = Debug|Any CPU
		{BCC5A729-8E15-4968-B8E8-77986A724312}.Debug|ARM64.ActiveCfg = Debug|Any CPU
		{BCC5A729-8E15-4968-B8E8-77986A724312}.Debug|ARM64.Build.0 = Debug|Any CPU
		{BCC5A729-8E15-4968-B8E8-77986A724312}.Debug|iPhone.ActiveCfg = Debug|Any CPU
		{BCC5A729-8E15-4968-B8E8-77986A724312}.Debug|iPhone.Build.0 = Debug|Any CPU
		{BCC5A729-8E15-4968-B8E8-77986A724312}.Debug|iPhoneSimulator.ActiveCfg = Debug|Any CPU
		{BCC5A729-8E15-4968-B8E8-77986A724312}.Debug|iPhoneSimulator.Build.0 = Debug|Any CPU
		{BCC5A729-8E15-4968-B8E8-77986A724312}.Debug|x64.ActiveCfg = Debug|Any CPU
		{BCC5A729-8E15-4968-B8E8-77986A724312}.Debug|x64.Build.0 = Debug|Any CPU
		{BCC5A729-8E15-4968-B8E8-77986A724312}.Debug|x86.ActiveCfg = Debug|Any CPU
		{BCC5A729-8E15-4968-B8E8-77986A724312}.Debug|x86.Build.0 = Debug|Any CPU
		{BCC5A729-8E15-4968-B8E8-77986A724312}.Release|Any CPU.ActiveCfg = Release|Any CPU
		{BCC5A729-8E15-4968-B8E8-77986A724312}.Release|Any CPU.Build.0 = Release|Any CPU
		{BCC5A729-8E15-4968-B8E8-77986A724312}.Release|ARM.ActiveCfg = Release|Any CPU
		{BCC5A729-8E15-4968-B8E8-77986A724312}.Release|ARM.Build.0 = Release|Any CPU
		{BCC5A729-8E15-4968-B8E8-77986A724312}.Release|ARM64.ActiveCfg = Release|Any CPU
		{BCC5A729-8E15-4968-B8E8-77986A724312}.Release|ARM64.Build.0 = Release|Any CPU
		{BCC5A729-8E15-4968-B8E8-77986A724312}.Release|iPhone.ActiveCfg = Release|Any CPU
		{BCC5A729-8E15-4968-B8E8-77986A724312}.Release|iPhone.Build.0 = Release|Any CPU
		{BCC5A729-8E15-4968-B8E8-77986A724312}.Release|iPhoneSimulator.ActiveCfg = Release|Any CPU
		{BCC5A729-8E15-4968-B8E8-77986A724312}.Release|iPhoneSimulator.Build.0 = Release|Any CPU
		{BCC5A729-8E15-4968-B8E8-77986A724312}.Release|x64.ActiveCfg = Release|Any CPU
		{BCC5A729-8E15-4968-B8E8-77986A724312}.Release|x64.Build.0 = Release|Any CPU
		{BCC5A729-8E15-4968-B8E8-77986A724312}.Release|x86.ActiveCfg = Release|Any CPU
		{BCC5A729-8E15-4968-B8E8-77986A724312}.Release|x86.Build.0 = Release|Any CPU
		{F6EFE9B1-CA95-42BD-9370-EF423475DB74}.Debug|Any CPU.ActiveCfg = Debug|Any CPU
		{F6EFE9B1-CA95-42BD-9370-EF423475DB74}.Debug|Any CPU.Build.0 = Debug|Any CPU
		{F6EFE9B1-CA95-42BD-9370-EF423475DB74}.Debug|ARM.ActiveCfg = Debug|Any CPU
		{F6EFE9B1-CA95-42BD-9370-EF423475DB74}.Debug|ARM.Build.0 = Debug|Any CPU
		{F6EFE9B1-CA95-42BD-9370-EF423475DB74}.Debug|ARM64.ActiveCfg = Debug|Any CPU
		{F6EFE9B1-CA95-42BD-9370-EF423475DB74}.Debug|ARM64.Build.0 = Debug|Any CPU
		{F6EFE9B1-CA95-42BD-9370-EF423475DB74}.Debug|iPhone.ActiveCfg = Debug|Any CPU
		{F6EFE9B1-CA95-42BD-9370-EF423475DB74}.Debug|iPhone.Build.0 = Debug|Any CPU
		{F6EFE9B1-CA95-42BD-9370-EF423475DB74}.Debug|iPhoneSimulator.ActiveCfg = Debug|Any CPU
		{F6EFE9B1-CA95-42BD-9370-EF423475DB74}.Debug|iPhoneSimulator.Build.0 = Debug|Any CPU
		{F6EFE9B1-CA95-42BD-9370-EF423475DB74}.Debug|x64.ActiveCfg = Debug|Any CPU
		{F6EFE9B1-CA95-42BD-9370-EF423475DB74}.Debug|x64.Build.0 = Debug|Any CPU
		{F6EFE9B1-CA95-42BD-9370-EF423475DB74}.Debug|x86.ActiveCfg = Debug|Any CPU
		{F6EFE9B1-CA95-42BD-9370-EF423475DB74}.Debug|x86.Build.0 = Debug|Any CPU
		{F6EFE9B1-CA95-42BD-9370-EF423475DB74}.Release|Any CPU.ActiveCfg = Release|Any CPU
		{F6EFE9B1-CA95-42BD-9370-EF423475DB74}.Release|Any CPU.Build.0 = Release|Any CPU
		{F6EFE9B1-CA95-42BD-9370-EF423475DB74}.Release|ARM.ActiveCfg = Release|Any CPU
		{F6EFE9B1-CA95-42BD-9370-EF423475DB74}.Release|ARM.Build.0 = Release|Any CPU
		{F6EFE9B1-CA95-42BD-9370-EF423475DB74}.Release|ARM64.ActiveCfg = Release|Any CPU
		{F6EFE9B1-CA95-42BD-9370-EF423475DB74}.Release|ARM64.Build.0 = Release|Any CPU
		{F6EFE9B1-CA95-42BD-9370-EF423475DB74}.Release|iPhone.ActiveCfg = Release|Any CPU
		{F6EFE9B1-CA95-42BD-9370-EF423475DB74}.Release|iPhone.Build.0 = Release|Any CPU
		{F6EFE9B1-CA95-42BD-9370-EF423475DB74}.Release|iPhoneSimulator.ActiveCfg = Release|Any CPU
		{F6EFE9B1-CA95-42BD-9370-EF423475DB74}.Release|iPhoneSimulator.Build.0 = Release|Any CPU
		{F6EFE9B1-CA95-42BD-9370-EF423475DB74}.Release|x64.ActiveCfg = Release|Any CPU
		{F6EFE9B1-CA95-42BD-9370-EF423475DB74}.Release|x64.Build.0 = Release|Any CPU
		{F6EFE9B1-CA95-42BD-9370-EF423475DB74}.Release|x86.ActiveCfg = Release|Any CPU
		{F6EFE9B1-CA95-42BD-9370-EF423475DB74}.Release|x86.Build.0 = Release|Any CPU
		{04EF0B2F-0BB4-4261-8244-7EE3AFFB2101}.Debug|Any CPU.ActiveCfg = Debug|Any CPU
		{04EF0B2F-0BB4-4261-8244-7EE3AFFB2101}.Debug|Any CPU.Build.0 = Debug|Any CPU
		{04EF0B2F-0BB4-4261-8244-7EE3AFFB2101}.Debug|ARM.ActiveCfg = Debug|Any CPU
		{04EF0B2F-0BB4-4261-8244-7EE3AFFB2101}.Debug|ARM.Build.0 = Debug|Any CPU
		{04EF0B2F-0BB4-4261-8244-7EE3AFFB2101}.Debug|ARM64.ActiveCfg = Debug|Any CPU
		{04EF0B2F-0BB4-4261-8244-7EE3AFFB2101}.Debug|ARM64.Build.0 = Debug|Any CPU
		{04EF0B2F-0BB4-4261-8244-7EE3AFFB2101}.Debug|iPhone.ActiveCfg = Debug|Any CPU
		{04EF0B2F-0BB4-4261-8244-7EE3AFFB2101}.Debug|iPhone.Build.0 = Debug|Any CPU
		{04EF0B2F-0BB4-4261-8244-7EE3AFFB2101}.Debug|iPhoneSimulator.ActiveCfg = Debug|Any CPU
		{04EF0B2F-0BB4-4261-8244-7EE3AFFB2101}.Debug|iPhoneSimulator.Build.0 = Debug|Any CPU
		{04EF0B2F-0BB4-4261-8244-7EE3AFFB2101}.Debug|x64.ActiveCfg = Debug|Any CPU
		{04EF0B2F-0BB4-4261-8244-7EE3AFFB2101}.Debug|x64.Build.0 = Debug|Any CPU
		{04EF0B2F-0BB4-4261-8244-7EE3AFFB2101}.Debug|x86.ActiveCfg = Debug|Any CPU
		{04EF0B2F-0BB4-4261-8244-7EE3AFFB2101}.Debug|x86.Build.0 = Debug|Any CPU
		{04EF0B2F-0BB4-4261-8244-7EE3AFFB2101}.Release|Any CPU.ActiveCfg = Release|Any CPU
		{04EF0B2F-0BB4-4261-8244-7EE3AFFB2101}.Release|Any CPU.Build.0 = Release|Any CPU
		{04EF0B2F-0BB4-4261-8244-7EE3AFFB2101}.Release|ARM.ActiveCfg = Release|Any CPU
		{04EF0B2F-0BB4-4261-8244-7EE3AFFB2101}.Release|ARM.Build.0 = Release|Any CPU
		{04EF0B2F-0BB4-4261-8244-7EE3AFFB2101}.Release|ARM64.ActiveCfg = Release|Any CPU
		{04EF0B2F-0BB4-4261-8244-7EE3AFFB2101}.Release|ARM64.Build.0 = Release|Any CPU
		{04EF0B2F-0BB4-4261-8244-7EE3AFFB2101}.Release|iPhone.ActiveCfg = Release|Any CPU
		{04EF0B2F-0BB4-4261-8244-7EE3AFFB2101}.Release|iPhone.Build.0 = Release|Any CPU
		{04EF0B2F-0BB4-4261-8244-7EE3AFFB2101}.Release|iPhoneSimulator.ActiveCfg = Release|Any CPU
		{04EF0B2F-0BB4-4261-8244-7EE3AFFB2101}.Release|iPhoneSimulator.Build.0 = Release|Any CPU
		{04EF0B2F-0BB4-4261-8244-7EE3AFFB2101}.Release|x64.ActiveCfg = Release|Any CPU
		{04EF0B2F-0BB4-4261-8244-7EE3AFFB2101}.Release|x64.Build.0 = Release|Any CPU
		{04EF0B2F-0BB4-4261-8244-7EE3AFFB2101}.Release|x86.ActiveCfg = Release|Any CPU
		{04EF0B2F-0BB4-4261-8244-7EE3AFFB2101}.Release|x86.Build.0 = Release|Any CPU
		{F21769A1-2254-48DF-AEF1-B437E27A1A37}.Debug|Any CPU.ActiveCfg = Debug|Any CPU
		{F21769A1-2254-48DF-AEF1-B437E27A1A37}.Debug|Any CPU.Build.0 = Debug|Any CPU
		{F21769A1-2254-48DF-AEF1-B437E27A1A37}.Debug|ARM.ActiveCfg = Debug|Any CPU
		{F21769A1-2254-48DF-AEF1-B437E27A1A37}.Debug|ARM.Build.0 = Debug|Any CPU
		{F21769A1-2254-48DF-AEF1-B437E27A1A37}.Debug|ARM64.ActiveCfg = Debug|Any CPU
		{F21769A1-2254-48DF-AEF1-B437E27A1A37}.Debug|ARM64.Build.0 = Debug|Any CPU
		{F21769A1-2254-48DF-AEF1-B437E27A1A37}.Debug|iPhone.ActiveCfg = Debug|Any CPU
		{F21769A1-2254-48DF-AEF1-B437E27A1A37}.Debug|iPhone.Build.0 = Debug|Any CPU
		{F21769A1-2254-48DF-AEF1-B437E27A1A37}.Debug|iPhoneSimulator.ActiveCfg = Debug|Any CPU
		{F21769A1-2254-48DF-AEF1-B437E27A1A37}.Debug|iPhoneSimulator.Build.0 = Debug|Any CPU
		{F21769A1-2254-48DF-AEF1-B437E27A1A37}.Debug|x64.ActiveCfg = Debug|Any CPU
		{F21769A1-2254-48DF-AEF1-B437E27A1A37}.Debug|x64.Build.0 = Debug|Any CPU
		{F21769A1-2254-48DF-AEF1-B437E27A1A37}.Debug|x86.ActiveCfg = Debug|Any CPU
		{F21769A1-2254-48DF-AEF1-B437E27A1A37}.Debug|x86.Build.0 = Debug|Any CPU
		{F21769A1-2254-48DF-AEF1-B437E27A1A37}.Release|Any CPU.ActiveCfg = Release|Any CPU
		{F21769A1-2254-48DF-AEF1-B437E27A1A37}.Release|Any CPU.Build.0 = Release|Any CPU
		{F21769A1-2254-48DF-AEF1-B437E27A1A37}.Release|ARM.ActiveCfg = Release|Any CPU
		{F21769A1-2254-48DF-AEF1-B437E27A1A37}.Release|ARM.Build.0 = Release|Any CPU
		{F21769A1-2254-48DF-AEF1-B437E27A1A37}.Release|ARM64.ActiveCfg = Release|Any CPU
		{F21769A1-2254-48DF-AEF1-B437E27A1A37}.Release|ARM64.Build.0 = Release|Any CPU
		{F21769A1-2254-48DF-AEF1-B437E27A1A37}.Release|iPhone.ActiveCfg = Release|Any CPU
		{F21769A1-2254-48DF-AEF1-B437E27A1A37}.Release|iPhone.Build.0 = Release|Any CPU
		{F21769A1-2254-48DF-AEF1-B437E27A1A37}.Release|iPhoneSimulator.ActiveCfg = Release|Any CPU
		{F21769A1-2254-48DF-AEF1-B437E27A1A37}.Release|iPhoneSimulator.Build.0 = Release|Any CPU
		{F21769A1-2254-48DF-AEF1-B437E27A1A37}.Release|x64.ActiveCfg = Release|Any CPU
		{F21769A1-2254-48DF-AEF1-B437E27A1A37}.Release|x64.Build.0 = Release|Any CPU
		{F21769A1-2254-48DF-AEF1-B437E27A1A37}.Release|x86.ActiveCfg = Release|Any CPU
		{F21769A1-2254-48DF-AEF1-B437E27A1A37}.Release|x86.Build.0 = Release|Any CPU
		{BEF479F6-ABC3-4906-A9CA-492AA286FC86}.Debug|Any CPU.ActiveCfg = Debug|Any CPU
		{BEF479F6-ABC3-4906-A9CA-492AA286FC86}.Debug|Any CPU.Build.0 = Debug|Any CPU
		{BEF479F6-ABC3-4906-A9CA-492AA286FC86}.Debug|ARM.ActiveCfg = Debug|Any CPU
		{BEF479F6-ABC3-4906-A9CA-492AA286FC86}.Debug|ARM.Build.0 = Debug|Any CPU
		{BEF479F6-ABC3-4906-A9CA-492AA286FC86}.Debug|ARM64.ActiveCfg = Debug|Any CPU
		{BEF479F6-ABC3-4906-A9CA-492AA286FC86}.Debug|ARM64.Build.0 = Debug|Any CPU
		{BEF479F6-ABC3-4906-A9CA-492AA286FC86}.Debug|iPhone.ActiveCfg = Debug|Any CPU
		{BEF479F6-ABC3-4906-A9CA-492AA286FC86}.Debug|iPhone.Build.0 = Debug|Any CPU
		{BEF479F6-ABC3-4906-A9CA-492AA286FC86}.Debug|iPhoneSimulator.ActiveCfg = Debug|Any CPU
		{BEF479F6-ABC3-4906-A9CA-492AA286FC86}.Debug|iPhoneSimulator.Build.0 = Debug|Any CPU
		{BEF479F6-ABC3-4906-A9CA-492AA286FC86}.Debug|x64.ActiveCfg = Debug|Any CPU
		{BEF479F6-ABC3-4906-A9CA-492AA286FC86}.Debug|x64.Build.0 = Debug|Any CPU
		{BEF479F6-ABC3-4906-A9CA-492AA286FC86}.Debug|x86.ActiveCfg = Debug|Any CPU
		{BEF479F6-ABC3-4906-A9CA-492AA286FC86}.Debug|x86.Build.0 = Debug|Any CPU
		{BEF479F6-ABC3-4906-A9CA-492AA286FC86}.Release|Any CPU.ActiveCfg = Release|Any CPU
		{BEF479F6-ABC3-4906-A9CA-492AA286FC86}.Release|Any CPU.Build.0 = Release|Any CPU
		{BEF479F6-ABC3-4906-A9CA-492AA286FC86}.Release|ARM.ActiveCfg = Release|Any CPU
		{BEF479F6-ABC3-4906-A9CA-492AA286FC86}.Release|ARM.Build.0 = Release|Any CPU
		{BEF479F6-ABC3-4906-A9CA-492AA286FC86}.Release|ARM64.ActiveCfg = Release|Any CPU
		{BEF479F6-ABC3-4906-A9CA-492AA286FC86}.Release|ARM64.Build.0 = Release|Any CPU
		{BEF479F6-ABC3-4906-A9CA-492AA286FC86}.Release|iPhone.ActiveCfg = Release|Any CPU
		{BEF479F6-ABC3-4906-A9CA-492AA286FC86}.Release|iPhone.Build.0 = Release|Any CPU
		{BEF479F6-ABC3-4906-A9CA-492AA286FC86}.Release|iPhoneSimulator.ActiveCfg = Release|Any CPU
		{BEF479F6-ABC3-4906-A9CA-492AA286FC86}.Release|iPhoneSimulator.Build.0 = Release|Any CPU
		{BEF479F6-ABC3-4906-A9CA-492AA286FC86}.Release|x64.ActiveCfg = Release|Any CPU
		{BEF479F6-ABC3-4906-A9CA-492AA286FC86}.Release|x64.Build.0 = Release|Any CPU
		{BEF479F6-ABC3-4906-A9CA-492AA286FC86}.Release|x86.ActiveCfg = Release|Any CPU
		{BEF479F6-ABC3-4906-A9CA-492AA286FC86}.Release|x86.Build.0 = Release|Any CPU
		{AEE5E91F-FAA6-40D1-834A-86249D8C8251}.Debug|Any CPU.ActiveCfg = Debug|Any CPU
		{AEE5E91F-FAA6-40D1-834A-86249D8C8251}.Debug|Any CPU.Build.0 = Debug|Any CPU
		{AEE5E91F-FAA6-40D1-834A-86249D8C8251}.Debug|ARM.ActiveCfg = Debug|Any CPU
		{AEE5E91F-FAA6-40D1-834A-86249D8C8251}.Debug|ARM.Build.0 = Debug|Any CPU
		{AEE5E91F-FAA6-40D1-834A-86249D8C8251}.Debug|ARM64.ActiveCfg = Debug|Any CPU
		{AEE5E91F-FAA6-40D1-834A-86249D8C8251}.Debug|ARM64.Build.0 = Debug|Any CPU
		{AEE5E91F-FAA6-40D1-834A-86249D8C8251}.Debug|iPhone.ActiveCfg = Debug|Any CPU
		{AEE5E91F-FAA6-40D1-834A-86249D8C8251}.Debug|iPhone.Build.0 = Debug|Any CPU
		{AEE5E91F-FAA6-40D1-834A-86249D8C8251}.Debug|iPhoneSimulator.ActiveCfg = Debug|Any CPU
		{AEE5E91F-FAA6-40D1-834A-86249D8C8251}.Debug|iPhoneSimulator.Build.0 = Debug|Any CPU
		{AEE5E91F-FAA6-40D1-834A-86249D8C8251}.Debug|x64.ActiveCfg = Debug|Any CPU
		{AEE5E91F-FAA6-40D1-834A-86249D8C8251}.Debug|x64.Build.0 = Debug|Any CPU
		{AEE5E91F-FAA6-40D1-834A-86249D8C8251}.Debug|x86.ActiveCfg = Debug|Any CPU
		{AEE5E91F-FAA6-40D1-834A-86249D8C8251}.Debug|x86.Build.0 = Debug|Any CPU
		{AEE5E91F-FAA6-40D1-834A-86249D8C8251}.Release|Any CPU.ActiveCfg = Release|Any CPU
		{AEE5E91F-FAA6-40D1-834A-86249D8C8251}.Release|Any CPU.Build.0 = Release|Any CPU
		{AEE5E91F-FAA6-40D1-834A-86249D8C8251}.Release|ARM.ActiveCfg = Release|Any CPU
		{AEE5E91F-FAA6-40D1-834A-86249D8C8251}.Release|ARM.Build.0 = Release|Any CPU
		{AEE5E91F-FAA6-40D1-834A-86249D8C8251}.Release|ARM64.ActiveCfg = Release|Any CPU
		{AEE5E91F-FAA6-40D1-834A-86249D8C8251}.Release|ARM64.Build.0 = Release|Any CPU
		{AEE5E91F-FAA6-40D1-834A-86249D8C8251}.Release|iPhone.ActiveCfg = Release|Any CPU
		{AEE5E91F-FAA6-40D1-834A-86249D8C8251}.Release|iPhone.Build.0 = Release|Any CPU
		{AEE5E91F-FAA6-40D1-834A-86249D8C8251}.Release|iPhoneSimulator.ActiveCfg = Release|Any CPU
		{AEE5E91F-FAA6-40D1-834A-86249D8C8251}.Release|iPhoneSimulator.Build.0 = Release|Any CPU
		{AEE5E91F-FAA6-40D1-834A-86249D8C8251}.Release|x64.ActiveCfg = Release|Any CPU
		{AEE5E91F-FAA6-40D1-834A-86249D8C8251}.Release|x64.Build.0 = Release|Any CPU
		{AEE5E91F-FAA6-40D1-834A-86249D8C8251}.Release|x86.ActiveCfg = Release|Any CPU
		{AEE5E91F-FAA6-40D1-834A-86249D8C8251}.Release|x86.Build.0 = Release|Any CPU
	EndGlobalSection
	GlobalSection(SolutionProperties) = preSolution
		HideSolutionNode = FALSE
	EndGlobalSection
	GlobalSection(NestedProjects) = preSolution
		{A65F46E0-9884-410A-ABAF-075DB1CB07FC} = {D416DE09-842B-4389-AB81-1B328C4EDC33}
		{2321E7B4-749E-443E-868D-B9D6543304D9} = {D416DE09-842B-4389-AB81-1B328C4EDC33}
		{C4A94D57-C146-4DE5-A133-30704425FCE7} = {D416DE09-842B-4389-AB81-1B328C4EDC33}
		{F7A76C94-5FFD-45B4-A898-37D5D3ABE21E} = {17D525B0-0CC9-4838-A993-0524EA4F86CB}
		{32827F67-2C5D-4446-AEEB-5C328BFCE373} = {17D525B0-0CC9-4838-A993-0524EA4F86CB}
		{91819556-E032-473A-AE00-FEC7154DF4CA} = {17D525B0-0CC9-4838-A993-0524EA4F86CB}
		{AFF2B470-1524-4A5B-BBDA-85E57E64E8C6} = {17D525B0-0CC9-4838-A993-0524EA4F86CB}
		{BCC5A729-8E15-4968-B8E8-77986A724312} = {17D525B0-0CC9-4838-A993-0524EA4F86CB}
		{F6EFE9B1-CA95-42BD-9370-EF423475DB74} = {17D525B0-0CC9-4838-A993-0524EA4F86CB}
		{F21769A1-2254-48DF-AEF1-B437E27A1A37} = {17D525B0-0CC9-4838-A993-0524EA4F86CB}
		{BEF479F6-ABC3-4906-A9CA-492AA286FC86} = {17D525B0-0CC9-4838-A993-0524EA4F86CB}
		{AEE5E91F-FAA6-40D1-834A-86249D8C8251} = {17D525B0-0CC9-4838-A993-0524EA4F86CB}
	EndGlobalSection
	GlobalSection(ExtensibilityGlobals) = postSolution
		SolutionGuid = {F774770C-EF90-4F19-A2DB-DD0100B6ACF7}
	EndGlobalSection
EndGlobal
