
Microsoft Visual Studio Solution File, Format Version 12.00
# Visual Studio Version 17
VisualStudioVersion = 17.2.32210.308
MinimumVisualStudioVersion = 10.0.40219.1
Project("{FAE04EC0-301F-11D3-BF4B-00C04F79EFBC}") = "Sample.Android", "Sample.Android\Sample.Android.csproj", "{A65F46E0-9884-410A-ABAF-075DB1CB07FC}"
EndProject
Project("{FAE04EC0-301F-11D3-BF4B-00C04F79EFBC}") = "Sample.iOS", "Sample.iOS\Sample.iOS.csproj", "{2321E7B4-749E-443E-868D-B9D6543304D9}"
EndProject
Project("{9A19103F-16F7-4668-BE54-9A1E7A4F7556}") = "Sample", "Sample\Sample.csproj", "{C4A94D57-C146-4DE5-A133-30704425FCE7}"
EndProject
Project("{2150E333-8FDC-42A3-9474-1A3956D46DE8}") = "Solution Items", "Solution Items", "{8F76E178-020F-4AC5-A872-AB051DF69DEC}"
	ProjectSection(SolutionItems) = preProject
		Directory.build.props = Directory.build.props
		Directory.build.targets = Directory.build.targets
		google-services.json = google-services.json
		readme.md = readme.md
	EndProjectSection
EndProject
Project("{9A19103F-16F7-4668-BE54-9A1E7A4F7556}") = "Shiny", "..\..\shiny2\src\Shiny\Shiny.csproj", "{D55F8C6E-D71A-4E85-81B4-CA5AD8DCD03C}"
EndProject
Project("{2150E333-8FDC-42A3-9474-1A3956D46DE8}") = "lib", "lib", "{17D525B0-0CC9-4838-A993-0524EA4F86CB}"
EndProject
Project("{9A19103F-16F7-4668-BE54-9A1E7A4F7556}") = "Shiny.Core", "..\..\shiny2\src\Shiny.Core\Shiny.Core.csproj", "{DC77F753-2E0C-42A3-BA3D-FF36810DCB7A}"
EndProject
Project("{9A19103F-16F7-4668-BE54-9A1E7A4F7556}") = "Shiny.Generators", "..\..\shiny2\src\Shiny.Generators\Shiny.Generators.csproj", "{294D97B1-9E0D-40AC-8513-300801734D0B}"
EndProject
Project("{9A19103F-16F7-4668-BE54-9A1E7A4F7556}") = "Shiny.Notifications", "..\..\shiny2\src\Shiny.Notifications\Shiny.Notifications.csproj", "{DAA59D6E-0130-4686-9BB7-B0A936F0ADFC}"
EndProject
Project("{9A19103F-16F7-4668-BE54-9A1E7A4F7556}") = "Shiny.Push.Common", "..\..\shiny2\src\Shiny.Push.Common\Shiny.Push.Common.csproj", "{4D631E76-3A8D-4C5F-8EA9-FC6F74829983}"
EndProject
Project("{9A19103F-16F7-4668-BE54-9A1E7A4F7556}") = "Shiny.Push.AzureNotificationHubs", "..\..\shiny2\src\Shiny.Push.AzureNotificationHubs\Shiny.Push.AzureNotificationHubs.csproj", "{52218A90-6D7E-4EBA-A315-60229E8B1CFD}"
EndProject
Project("{9A19103F-16F7-4668-BE54-9A1E7A4F7556}") = "Shiny.Push", "..\..\shiny2\src\Shiny.Push\Shiny.Push.csproj", "{4AC3B115-AE4D-40D4-BF9C-248C7BDD5972}"
EndProject
Project("{9A19103F-16F7-4668-BE54-9A1E7A4F7556}") = "Shiny.Push.FirebaseMessaging", "..\..\shiny2\src\Shiny.Push.FirebaseMessaging\Shiny.Push.FirebaseMessaging.csproj", "{CF7628CD-1825-41F5-AA96-10D5CA25E2E2}"
EndProject
Project("{9A19103F-16F7-4668-BE54-9A1E7A4F7556}") = "Shiny.Push.OneSignal", "..\..\shiny2\src\Shiny.Push.OneSignal\Shiny.Push.OneSignal.csproj", "{5738EDE7-9FC9-4F19-9C74-65FC63595095}"
EndProject
Project("{9A19103F-16F7-4668-BE54-9A1E7A4F7556}") = "Shiny.Jobs", "..\..\shiny2\src\Shiny.Jobs\Shiny.Jobs.csproj", "{0C9A4092-F37F-4ADE-84D1-059B980495D3}"
EndProject
Global
	GlobalSection(SolutionConfigurationPlatforms) = preSolution
		Debug|Any CPU = Debug|Any CPU
		Debug|ARM = Debug|ARM
		Debug|ARM64 = Debug|ARM64
		Debug|iPhone = Debug|iPhone
		Debug|iPhoneSimulator = Debug|iPhoneSimulator
		Debug|x64 = Debug|x64
		Debug|x86 = Debug|x86
		Release|Any CPU = Release|Any CPU
		Release|ARM = Release|ARM
		Release|ARM64 = Release|ARM64
		Release|iPhone = Release|iPhone
		Release|iPhoneSimulator = Release|iPhoneSimulator
		Release|x64 = Release|x64
		Release|x86 = Release|x86
	EndGlobalSection
	GlobalSection(ProjectConfigurationPlatforms) = postSolution
		{A65F46E0-9884-410A-ABAF-075DB1CB07FC}.Debug|Any CPU.ActiveCfg = Debug|Any CPU
		{A65F46E0-9884-410A-ABAF-075DB1CB07FC}.Debug|Any CPU.Build.0 = Debug|Any CPU
		{A65F46E0-9884-410A-ABAF-075DB1CB07FC}.Debug|Any CPU.Deploy.0 = Debug|Any CPU
		{A65F46E0-9884-410A-ABAF-075DB1CB07FC}.Debug|ARM.ActiveCfg = Debug|Any CPU
		{A65F46E0-9884-410A-ABAF-075DB1CB07FC}.Debug|ARM.Build.0 = Debug|Any CPU
		{A65F46E0-9884-410A-ABAF-075DB1CB07FC}.Debug|ARM.Deploy.0 = Debug|Any CPU
		{A65F46E0-9884-410A-ABAF-075DB1CB07FC}.Debug|ARM64.ActiveCfg = Debug|Any CPU
		{A65F46E0-9884-410A-ABAF-075DB1CB07FC}.Debug|ARM64.Build.0 = Debug|Any CPU
		{A65F46E0-9884-410A-ABAF-075DB1CB07FC}.Debug|ARM64.Deploy.0 = Debug|Any CPU
		{A65F46E0-9884-410A-ABAF-075DB1CB07FC}.Debug|iPhone.ActiveCfg = Debug|Any CPU
		{A65F46E0-9884-410A-ABAF-075DB1CB07FC}.Debug|iPhone.Build.0 = Debug|Any CPU
		{A65F46E0-9884-410A-ABAF-075DB1CB07FC}.Debug|iPhone.Deploy.0 = Debug|Any CPU
		{A65F46E0-9884-410A-ABAF-075DB1CB07FC}.Debug|iPhoneSimulator.ActiveCfg = Debug|Any CPU
		{A65F46E0-9884-410A-ABAF-075DB1CB07FC}.Debug|iPhoneSimulator.Build.0 = Debug|Any CPU
		{A65F46E0-9884-410A-ABAF-075DB1CB07FC}.Debug|iPhoneSimulator.Deploy.0 = Debug|Any CPU
		{A65F46E0-9884-410A-ABAF-075DB1CB07FC}.Debug|x64.ActiveCfg = Debug|Any CPU
		{A65F46E0-9884-410A-ABAF-075DB1CB07FC}.Debug|x64.Build.0 = Debug|Any CPU
		{A65F46E0-9884-410A-ABAF-075DB1CB07FC}.Debug|x64.Deploy.0 = Debug|Any CPU
		{A65F46E0-9884-410A-ABAF-075DB1CB07FC}.Debug|x86.ActiveCfg = Debug|Any CPU
		{A65F46E0-9884-410A-ABAF-075DB1CB07FC}.Debug|x86.Build.0 = Debug|Any CPU
		{A65F46E0-9884-410A-ABAF-075DB1CB07FC}.Debug|x86.Deploy.0 = Debug|Any CPU
		{A65F46E0-9884-410A-ABAF-075DB1CB07FC}.Release|Any CPU.ActiveCfg = Release|Any CPU
		{A65F46E0-9884-410A-ABAF-075DB1CB07FC}.Release|Any CPU.Build.0 = Release|Any CPU
		{A65F46E0-9884-410A-ABAF-075DB1CB07FC}.Release|Any CPU.Deploy.0 = Release|Any CPU
		{A65F46E0-9884-410A-ABAF-075DB1CB07FC}.Release|ARM.ActiveCfg = Release|Any CPU
		{A65F46E0-9884-410A-ABAF-075DB1CB07FC}.Release|ARM.Build.0 = Release|Any CPU
		{A65F46E0-9884-410A-ABAF-075DB1CB07FC}.Release|ARM.Deploy.0 = Release|Any CPU
		{A65F46E0-9884-410A-ABAF-075DB1CB07FC}.Release|ARM64.ActiveCfg = Release|Any CPU
		{A65F46E0-9884-410A-ABAF-075DB1CB07FC}.Release|ARM64.Build.0 = Release|Any CPU
		{A65F46E0-9884-410A-ABAF-075DB1CB07FC}.Release|ARM64.Deploy.0 = Release|Any CPU
		{A65F46E0-9884-410A-ABAF-075DB1CB07FC}.Release|iPhone.ActiveCfg = Release|Any CPU
		{A65F46E0-9884-410A-ABAF-075DB1CB07FC}.Release|iPhone.Build.0 = Release|Any CPU
		{A65F46E0-9884-410A-ABAF-075DB1CB07FC}.Release|iPhone.Deploy.0 = Release|Any CPU
		{A65F46E0-9884-410A-ABAF-075DB1CB07FC}.Release|iPhoneSimulator.ActiveCfg = Release|Any CPU
		{A65F46E0-9884-410A-ABAF-075DB1CB07FC}.Release|iPhoneSimulator.Build.0 = Release|Any CPU
		{A65F46E0-9884-410A-ABAF-075DB1CB07FC}.Release|iPhoneSimulator.Deploy.0 = Release|Any CPU
		{A65F46E0-9884-410A-ABAF-075DB1CB07FC}.Release|x64.ActiveCfg = Release|Any CPU
		{A65F46E0-9884-410A-ABAF-075DB1CB07FC}.Release|x64.Build.0 = Release|Any CPU
		{A65F46E0-9884-410A-ABAF-075DB1CB07FC}.Release|x64.Deploy.0 = Release|Any CPU
		{A65F46E0-9884-410A-ABAF-075DB1CB07FC}.Release|x86.ActiveCfg = Release|Any CPU
		{A65F46E0-9884-410A-ABAF-075DB1CB07FC}.Release|x86.Build.0 = Release|Any CPU
		{A65F46E0-9884-410A-ABAF-075DB1CB07FC}.Release|x86.Deploy.0 = Release|Any CPU
		{2321E7B4-749E-443E-868D-B9D6543304D9}.Debug|Any CPU.ActiveCfg = Debug|iPhoneSimulator
		{2321E7B4-749E-443E-868D-B9D6543304D9}.Debug|Any CPU.Build.0 = Debug|iPhoneSimulator
		{2321E7B4-749E-443E-868D-B9D6543304D9}.Debug|Any CPU.Deploy.0 = Debug|iPhoneSimulator
		{2321E7B4-749E-443E-868D-B9D6543304D9}.Debug|ARM.ActiveCfg = Debug|iPhone
		{2321E7B4-749E-443E-868D-B9D6543304D9}.Debug|ARM.Build.0 = Debug|iPhone
		{2321E7B4-749E-443E-868D-B9D6543304D9}.Debug|ARM.Deploy.0 = Debug|iPhone
		{2321E7B4-749E-443E-868D-B9D6543304D9}.Debug|ARM64.ActiveCfg = Debug|iPhoneSimulator
		{2321E7B4-749E-443E-868D-B9D6543304D9}.Debug|iPhone.ActiveCfg = Debug|iPhone
		{2321E7B4-749E-443E-868D-B9D6543304D9}.Debug|iPhone.Build.0 = Debug|iPhone
		{2321E7B4-749E-443E-868D-B9D6543304D9}.Debug|iPhone.Deploy.0 = Debug|iPhone
		{2321E7B4-749E-443E-868D-B9D6543304D9}.Debug|iPhoneSimulator.ActiveCfg = Debug|iPhoneSimulator
		{2321E7B4-749E-443E-868D-B9D6543304D9}.Debug|iPhoneSimulator.Build.0 = Debug|iPhoneSimulator
		{2321E7B4-749E-443E-868D-B9D6543304D9}.Debug|iPhoneSimulator.Deploy.0 = Debug|iPhoneSimulator
		{2321E7B4-749E-443E-868D-B9D6543304D9}.Debug|x64.ActiveCfg = Debug|iPhoneSimulator
		{2321E7B4-749E-443E-868D-B9D6543304D9}.Debug|x64.Build.0 = Debug|iPhoneSimulator
		{2321E7B4-749E-443E-868D-B9D6543304D9}.Debug|x64.Deploy.0 = Debug|iPhoneSimulator
		{2321E7B4-749E-443E-868D-B9D6543304D9}.Debug|x86.ActiveCfg = Debug|iPhoneSimulator
		{2321E7B4-749E-443E-868D-B9D6543304D9}.Debug|x86.Build.0 = Debug|iPhoneSimulator
		{2321E7B4-749E-443E-868D-B9D6543304D9}.Debug|x86.Deploy.0 = Debug|iPhoneSimulator
		{2321E7B4-749E-443E-868D-B9D6543304D9}.Release|Any CPU.ActiveCfg = Release|iPhoneSimulator
		{2321E7B4-749E-443E-868D-B9D6543304D9}.Release|Any CPU.Build.0 = Release|iPhoneSimulator
		{2321E7B4-749E-443E-868D-B9D6543304D9}.Release|Any CPU.Deploy.0 = Release|iPhoneSimulator
		{2321E7B4-749E-443E-868D-B9D6543304D9}.Release|ARM.ActiveCfg = Release|iPhoneSimulator
		{2321E7B4-749E-443E-868D-B9D6543304D9}.Release|ARM.Build.0 = Release|iPhoneSimulator
		{2321E7B4-749E-443E-868D-B9D6543304D9}.Release|ARM.Deploy.0 = Release|iPhoneSimulator
		{2321E7B4-749E-443E-868D-B9D6543304D9}.Release|ARM64.ActiveCfg = Release|iPhoneSimulator
		{2321E7B4-749E-443E-868D-B9D6543304D9}.Release|iPhone.ActiveCfg = Release|iPhone
		{2321E7B4-749E-443E-868D-B9D6543304D9}.Release|iPhone.Build.0 = Release|iPhone
		{2321E7B4-749E-443E-868D-B9D6543304D9}.Release|iPhone.Deploy.0 = Release|iPhone
		{2321E7B4-749E-443E-868D-B9D6543304D9}.Release|iPhoneSimulator.ActiveCfg = Release|iPhoneSimulator
		{2321E7B4-749E-443E-868D-B9D6543304D9}.Release|iPhoneSimulator.Build.0 = Release|iPhoneSimulator
		{2321E7B4-749E-443E-868D-B9D6543304D9}.Release|iPhoneSimulator.Deploy.0 = Release|iPhoneSimulator
		{2321E7B4-749E-443E-868D-B9D6543304D9}.Release|x64.ActiveCfg = Release|iPhoneSimulator
		{2321E7B4-749E-443E-868D-B9D6543304D9}.Release|x64.Build.0 = Release|iPhoneSimulator
		{2321E7B4-749E-443E-868D-B9D6543304D9}.Release|x64.Deploy.0 = Release|iPhoneSimulator
		{2321E7B4-749E-443E-868D-B9D6543304D9}.Release|x86.ActiveCfg = Release|iPhoneSimulator
		{2321E7B4-749E-443E-868D-B9D6543304D9}.Release|x86.Build.0 = Release|iPhoneSimulator
		{2321E7B4-749E-443E-868D-B9D6543304D9}.Release|x86.Deploy.0 = Release|iPhoneSimulator
		{C4A94D57-C146-4DE5-A133-30704425FCE7}.Debug|Any CPU.ActiveCfg = Debug|Any CPU
		{C4A94D57-C146-4DE5-A133-30704425FCE7}.Debug|Any CPU.Build.0 = Debug|Any CPU
		{C4A94D57-C146-4DE5-A133-30704425FCE7}.Debug|Any CPU.Deploy.0 = Debug|Any CPU
		{C4A94D57-C146-4DE5-A133-30704425FCE7}.Debug|ARM.ActiveCfg = Debug|Any CPU
		{C4A94D57-C146-4DE5-A133-30704425FCE7}.Debug|ARM.Build.0 = Debug|Any CPU
		{C4A94D57-C146-4DE5-A133-30704425FCE7}.Debug|ARM.Deploy.0 = Debug|Any CPU
		{C4A94D57-C146-4DE5-A133-30704425FCE7}.Debug|ARM64.ActiveCfg = Debug|Any CPU
		{C4A94D57-C146-4DE5-A133-30704425FCE7}.Debug|ARM64.Build.0 = Debug|Any CPU
		{C4A94D57-C146-4DE5-A133-30704425FCE7}.Debug|iPhone.ActiveCfg = Debug|Any CPU
		{C4A94D57-C146-4DE5-A133-30704425FCE7}.Debug|iPhone.Build.0 = Debug|Any CPU
		{C4A94D57-C146-4DE5-A133-30704425FCE7}.Debug|iPhone.Deploy.0 = Debug|Any CPU
		{C4A94D57-C146-4DE5-A133-30704425FCE7}.Debug|iPhoneSimulator.ActiveCfg = Debug|Any CPU
		{C4A94D57-C146-4DE5-A133-30704425FCE7}.Debug|iPhoneSimulator.Build.0 = Debug|Any CPU
		{C4A94D57-C146-4DE5-A133-30704425FCE7}.Debug|iPhoneSimulator.Deploy.0 = Debug|Any CPU
		{C4A94D57-C146-4DE5-A133-30704425FCE7}.Debug|x64.ActiveCfg = Debug|Any CPU
		{C4A94D57-C146-4DE5-A133-30704425FCE7}.Debug|x64.Build.0 = Debug|Any CPU
		{C4A94D57-C146-4DE5-A133-30704425FCE7}.Debug|x64.Deploy.0 = Debug|Any CPU
		{C4A94D57-C146-4DE5-A133-30704425FCE7}.Debug|x86.ActiveCfg = Debug|Any CPU
		{C4A94D57-C146-4DE5-A133-30704425FCE7}.Debug|x86.Build.0 = Debug|Any CPU
		{C4A94D57-C146-4DE5-A133-30704425FCE7}.Debug|x86.Deploy.0 = Debug|Any CPU
		{C4A94D57-C146-4DE5-A133-30704425FCE7}.Release|Any CPU.ActiveCfg = Release|Any CPU
		{C4A94D57-C146-4DE5-A133-30704425FCE7}.Release|Any CPU.Build.0 = Release|Any CPU
		{C4A94D57-C146-4DE5-A133-30704425FCE7}.Release|Any CPU.Deploy.0 = Release|Any CPU
		{C4A94D57-C146-4DE5-A133-30704425FCE7}.Release|ARM.ActiveCfg = Release|Any CPU
		{C4A94D57-C146-4DE5-A133-30704425FCE7}.Release|ARM.Build.0 = Release|Any CPU
		{C4A94D57-C146-4DE5-A133-30704425FCE7}.Release|ARM.Deploy.0 = Release|Any CPU
		{C4A94D57-C146-4DE5-A133-30704425FCE7}.Release|ARM64.ActiveCfg = Release|Any CPU
		{C4A94D57-C146-4DE5-A133-30704425FCE7}.Release|ARM64.Build.0 = Release|Any CPU
		{C4A94D57-C146-4DE5-A133-30704425FCE7}.Release|iPhone.ActiveCfg = Release|Any CPU
		{C4A94D57-C146-4DE5-A133-30704425FCE7}.Release|iPhone.Build.0 = Release|Any CPU
		{C4A94D57-C146-4DE5-A133-30704425FCE7}.Release|iPhone.Deploy.0 = Release|Any CPU
		{C4A94D57-C146-4DE5-A133-30704425FCE7}.Release|iPhoneSimulator.ActiveCfg = Release|Any CPU
		{C4A94D57-C146-4DE5-A133-30704425FCE7}.Release|iPhoneSimulator.Build.0 = Release|Any CPU
		{C4A94D57-C146-4DE5-A133-30704425FCE7}.Release|iPhoneSimulator.Deploy.0 = Release|Any CPU
		{C4A94D57-C146-4DE5-A133-30704425FCE7}.Release|x64.ActiveCfg = Release|Any CPU
		{C4A94D57-C146-4DE5-A133-30704425FCE7}.Release|x64.Build.0 = Release|Any CPU
		{C4A94D57-C146-4DE5-A133-30704425FCE7}.Release|x64.Deploy.0 = Release|Any CPU
		{C4A94D57-C146-4DE5-A133-30704425FCE7}.Release|x86.ActiveCfg = Release|Any CPU
		{C4A94D57-C146-4DE5-A133-30704425FCE7}.Release|x86.Build.0 = Release|Any CPU
		{C4A94D57-C146-4DE5-A133-30704425FCE7}.Release|x86.Deploy.0 = Release|Any CPU
		{D55F8C6E-D71A-4E85-81B4-CA5AD8DCD03C}.Debug|Any CPU.ActiveCfg = Debug|Any CPU
		{D55F8C6E-D71A-4E85-81B4-CA5AD8DCD03C}.Debug|Any CPU.Build.0 = Debug|Any CPU
		{D55F8C6E-D71A-4E85-81B4-CA5AD8DCD03C}.Debug|ARM.ActiveCfg = Debug|Any CPU
		{D55F8C6E-D71A-4E85-81B4-CA5AD8DCD03C}.Debug|ARM.Build.0 = Debug|Any CPU
		{D55F8C6E-D71A-4E85-81B4-CA5AD8DCD03C}.Debug|ARM64.ActiveCfg = Debug|Any CPU
		{D55F8C6E-D71A-4E85-81B4-CA5AD8DCD03C}.Debug|ARM64.Build.0 = Debug|Any CPU
		{D55F8C6E-D71A-4E85-81B4-CA5AD8DCD03C}.Debug|iPhone.ActiveCfg = Debug|Any CPU
		{D55F8C6E-D71A-4E85-81B4-CA5AD8DCD03C}.Debug|iPhone.Build.0 = Debug|Any CPU
		{D55F8C6E-D71A-4E85-81B4-CA5AD8DCD03C}.Debug|iPhoneSimulator.ActiveCfg = Debug|Any CPU
		{D55F8C6E-D71A-4E85-81B4-CA5AD8DCD03C}.Debug|iPhoneSimulator.Build.0 = Debug|Any CPU
		{D55F8C6E-D71A-4E85-81B4-CA5AD8DCD03C}.Debug|x64.ActiveCfg = Debug|Any CPU
		{D55F8C6E-D71A-4E85-81B4-CA5AD8DCD03C}.Debug|x64.Build.0 = Debug|Any CPU
		{D55F8C6E-D71A-4E85-81B4-CA5AD8DCD03C}.Debug|x86.ActiveCfg = Debug|Any CPU
		{D55F8C6E-D71A-4E85-81B4-CA5AD8DCD03C}.Debug|x86.Build.0 = Debug|Any CPU
		{D55F8C6E-D71A-4E85-81B4-CA5AD8DCD03C}.Release|Any CPU.ActiveCfg = Release|Any CPU
		{D55F8C6E-D71A-4E85-81B4-CA5AD8DCD03C}.Release|Any CPU.Build.0 = Release|Any CPU
		{D55F8C6E-D71A-4E85-81B4-CA5AD8DCD03C}.Release|ARM.ActiveCfg = Release|Any CPU
		{D55F8C6E-D71A-4E85-81B4-CA5AD8DCD03C}.Release|ARM.Build.0 = Release|Any CPU
		{D55F8C6E-D71A-4E85-81B4-CA5AD8DCD03C}.Release|ARM64.ActiveCfg = Release|Any CPU
		{D55F8C6E-D71A-4E85-81B4-CA5AD8DCD03C}.Release|ARM64.Build.0 = Release|Any CPU
		{D55F8C6E-D71A-4E85-81B4-CA5AD8DCD03C}.Release|iPhone.ActiveCfg = Release|Any CPU
		{D55F8C6E-D71A-4E85-81B4-CA5AD8DCD03C}.Release|iPhone.Build.0 = Release|Any CPU
		{D55F8C6E-D71A-4E85-81B4-CA5AD8DCD03C}.Release|iPhoneSimulator.ActiveCfg = Release|Any CPU
		{D55F8C6E-D71A-4E85-81B4-CA5AD8DCD03C}.Release|iPhoneSimulator.Build.0 = Release|Any CPU
		{D55F8C6E-D71A-4E85-81B4-CA5AD8DCD03C}.Release|x64.ActiveCfg = Release|Any CPU
		{D55F8C6E-D71A-4E85-81B4-CA5AD8DCD03C}.Release|x64.Build.0 = Release|Any CPU
		{D55F8C6E-D71A-4E85-81B4-CA5AD8DCD03C}.Release|x86.ActiveCfg = Release|Any CPU
		{D55F8C6E-D71A-4E85-81B4-CA5AD8DCD03C}.Release|x86.Build.0 = Release|Any CPU
		{DC77F753-2E0C-42A3-BA3D-FF36810DCB7A}.Debug|Any CPU.ActiveCfg = Debug|Any CPU
		{DC77F753-2E0C-42A3-BA3D-FF36810DCB7A}.Debug|Any CPU.Build.0 = Debug|Any CPU
		{DC77F753-2E0C-42A3-BA3D-FF36810DCB7A}.Debug|ARM.ActiveCfg = Debug|Any CPU
		{DC77F753-2E0C-42A3-BA3D-FF36810DCB7A}.Debug|ARM.Build.0 = Debug|Any CPU
		{DC77F753-2E0C-42A3-BA3D-FF36810DCB7A}.Debug|ARM64.ActiveCfg = Debug|Any CPU
		{DC77F753-2E0C-42A3-BA3D-FF36810DCB7A}.Debug|ARM64.Build.0 = Debug|Any CPU
		{DC77F753-2E0C-42A3-BA3D-FF36810DCB7A}.Debug|iPhone.ActiveCfg = Debug|Any CPU
		{DC77F753-2E0C-42A3-BA3D-FF36810DCB7A}.Debug|iPhone.Build.0 = Debug|Any CPU
		{DC77F753-2E0C-42A3-BA3D-FF36810DCB7A}.Debug|iPhoneSimulator.ActiveCfg = Debug|Any CPU
		{DC77F753-2E0C-42A3-BA3D-FF36810DCB7A}.Debug|iPhoneSimulator.Build.0 = Debug|Any CPU
		{DC77F753-2E0C-42A3-BA3D-FF36810DCB7A}.Debug|x64.ActiveCfg = Debug|Any CPU
		{DC77F753-2E0C-42A3-BA3D-FF36810DCB7A}.Debug|x64.Build.0 = Debug|Any CPU
		{DC77F753-2E0C-42A3-BA3D-FF36810DCB7A}.Debug|x86.ActiveCfg = Debug|Any CPU
		{DC77F753-2E0C-42A3-BA3D-FF36810DCB7A}.Debug|x86.Build.0 = Debug|Any CPU
		{DC77F753-2E0C-42A3-BA3D-FF36810DCB7A}.Release|Any CPU.ActiveCfg = Release|Any CPU
		{DC77F753-2E0C-42A3-BA3D-FF36810DCB7A}.Release|Any CPU.Build.0 = Release|Any CPU
		{DC77F753-2E0C-42A3-BA3D-FF36810DCB7A}.Release|ARM.ActiveCfg = Release|Any CPU
		{DC77F753-2E0C-42A3-BA3D-FF36810DCB7A}.Release|ARM.Build.0 = Release|Any CPU
		{DC77F753-2E0C-42A3-BA3D-FF36810DCB7A}.Release|ARM64.ActiveCfg = Release|Any CPU
		{DC77F753-2E0C-42A3-BA3D-FF36810DCB7A}.Release|ARM64.Build.0 = Release|Any CPU
		{DC77F753-2E0C-42A3-BA3D-FF36810DCB7A}.Release|iPhone.ActiveCfg = Release|Any CPU
		{DC77F753-2E0C-42A3-BA3D-FF36810DCB7A}.Release|iPhone.Build.0 = Release|Any CPU
		{DC77F753-2E0C-42A3-BA3D-FF36810DCB7A}.Release|iPhoneSimulator.ActiveCfg = Release|Any CPU
		{DC77F753-2E0C-42A3-BA3D-FF36810DCB7A}.Release|iPhoneSimulator.Build.0 = Release|Any CPU
		{DC77F753-2E0C-42A3-BA3D-FF36810DCB7A}.Release|x64.ActiveCfg = Release|Any CPU
		{DC77F753-2E0C-42A3-BA3D-FF36810DCB7A}.Release|x64.Build.0 = Release|Any CPU
		{DC77F753-2E0C-42A3-BA3D-FF36810DCB7A}.Release|x86.ActiveCfg = Release|Any CPU
		{DC77F753-2E0C-42A3-BA3D-FF36810DCB7A}.Release|x86.Build.0 = Release|Any CPU
		{294D97B1-9E0D-40AC-8513-300801734D0B}.Debug|Any CPU.ActiveCfg = Debug|Any CPU
		{294D97B1-9E0D-40AC-8513-300801734D0B}.Debug|Any CPU.Build.0 = Debug|Any CPU
		{294D97B1-9E0D-40AC-8513-300801734D0B}.Debug|ARM.ActiveCfg = Debug|Any CPU
		{294D97B1-9E0D-40AC-8513-300801734D0B}.Debug|ARM.Build.0 = Debug|Any CPU
		{294D97B1-9E0D-40AC-8513-300801734D0B}.Debug|ARM64.ActiveCfg = Debug|Any CPU
		{294D97B1-9E0D-40AC-8513-300801734D0B}.Debug|ARM64.Build.0 = Debug|Any CPU
		{294D97B1-9E0D-40AC-8513-300801734D0B}.Debug|iPhone.ActiveCfg = Debug|Any CPU
		{294D97B1-9E0D-40AC-8513-300801734D0B}.Debug|iPhone.Build.0 = Debug|Any CPU
		{294D97B1-9E0D-40AC-8513-300801734D0B}.Debug|iPhoneSimulator.ActiveCfg = Debug|Any CPU
		{294D97B1-9E0D-40AC-8513-300801734D0B}.Debug|iPhoneSimulator.Build.0 = Debug|Any CPU
		{294D97B1-9E0D-40AC-8513-300801734D0B}.Debug|x64.ActiveCfg = Debug|Any CPU
		{294D97B1-9E0D-40AC-8513-300801734D0B}.Debug|x64.Build.0 = Debug|Any CPU
		{294D97B1-9E0D-40AC-8513-300801734D0B}.Debug|x86.ActiveCfg = Debug|Any CPU
		{294D97B1-9E0D-40AC-8513-300801734D0B}.Debug|x86.Build.0 = Debug|Any CPU
		{294D97B1-9E0D-40AC-8513-300801734D0B}.Release|Any CPU.ActiveCfg = Release|Any CPU
		{294D97B1-9E0D-40AC-8513-300801734D0B}.Release|Any CPU.Build.0 = Release|Any CPU
		{294D97B1-9E0D-40AC-8513-300801734D0B}.Release|ARM.ActiveCfg = Release|Any CPU
		{294D97B1-9E0D-40AC-8513-300801734D0B}.Release|ARM.Build.0 = Release|Any CPU
		{294D97B1-9E0D-40AC-8513-300801734D0B}.Release|ARM64.ActiveCfg = Release|Any CPU
		{294D97B1-9E0D-40AC-8513-300801734D0B}.Release|ARM64.Build.0 = Release|Any CPU
		{294D97B1-9E0D-40AC-8513-300801734D0B}.Release|iPhone.ActiveCfg = Release|Any CPU
		{294D97B1-9E0D-40AC-8513-300801734D0B}.Release|iPhone.Build.0 = Release|Any CPU
		{294D97B1-9E0D-40AC-8513-300801734D0B}.Release|iPhoneSimulator.ActiveCfg = Release|Any CPU
		{294D97B1-9E0D-40AC-8513-300801734D0B}.Release|iPhoneSimulator.Build.0 = Release|Any CPU
		{294D97B1-9E0D-40AC-8513-300801734D0B}.Release|x64.ActiveCfg = Release|Any CPU
		{294D97B1-9E0D-40AC-8513-300801734D0B}.Release|x64.Build.0 = Release|Any CPU
		{294D97B1-9E0D-40AC-8513-300801734D0B}.Release|x86.ActiveCfg = Release|Any CPU
		{294D97B1-9E0D-40AC-8513-300801734D0B}.Release|x86.Build.0 = Release|Any CPU
		{DAA59D6E-0130-4686-9BB7-B0A936F0ADFC}.Debug|Any CPU.ActiveCfg = Debug|Any CPU
		{DAA59D6E-0130-4686-9BB7-B0A936F0ADFC}.Debug|Any CPU.Build.0 = Debug|Any CPU
		{DAA59D6E-0130-4686-9BB7-B0A936F0ADFC}.Debug|ARM.ActiveCfg = Debug|Any CPU
		{DAA59D6E-0130-4686-9BB7-B0A936F0ADFC}.Debug|ARM.Build.0 = Debug|Any CPU
		{DAA59D6E-0130-4686-9BB7-B0A936F0ADFC}.Debug|ARM64.ActiveCfg = Debug|Any CPU
		{DAA59D6E-0130-4686-9BB7-B0A936F0ADFC}.Debug|ARM64.Build.0 = Debug|Any CPU
		{DAA59D6E-0130-4686-9BB7-B0A936F0ADFC}.Debug|iPhone.ActiveCfg = Debug|Any CPU
		{DAA59D6E-0130-4686-9BB7-B0A936F0ADFC}.Debug|iPhone.Build.0 = Debug|Any CPU
		{DAA59D6E-0130-4686-9BB7-B0A936F0ADFC}.Debug|iPhoneSimulator.ActiveCfg = Debug|Any CPU
		{DAA59D6E-0130-4686-9BB7-B0A936F0ADFC}.Debug|iPhoneSimulator.Build.0 = Debug|Any CPU
		{DAA59D6E-0130-4686-9BB7-B0A936F0ADFC}.Debug|x64.ActiveCfg = Debug|Any CPU
		{DAA59D6E-0130-4686-9BB7-B0A936F0ADFC}.Debug|x64.Build.0 = Debug|Any CPU
		{DAA59D6E-0130-4686-9BB7-B0A936F0ADFC}.Debug|x86.ActiveCfg = Debug|Any CPU
		{DAA59D6E-0130-4686-9BB7-B0A936F0ADFC}.Debug|x86.Build.0 = Debug|Any CPU
		{DAA59D6E-0130-4686-9BB7-B0A936F0ADFC}.Release|Any CPU.ActiveCfg = Release|Any CPU
		{DAA59D6E-0130-4686-9BB7-B0A936F0ADFC}.Release|Any CPU.Build.0 = Release|Any CPU
		{DAA59D6E-0130-4686-9BB7-B0A936F0ADFC}.Release|ARM.ActiveCfg = Release|Any CPU
		{DAA59D6E-0130-4686-9BB7-B0A936F0ADFC}.Release|ARM.Build.0 = Release|Any CPU
		{DAA59D6E-0130-4686-9BB7-B0A936F0ADFC}.Release|ARM64.ActiveCfg = Release|Any CPU
		{DAA59D6E-0130-4686-9BB7-B0A936F0ADFC}.Release|ARM64.Build.0 = Release|Any CPU
		{DAA59D6E-0130-4686-9BB7-B0A936F0ADFC}.Release|iPhone.ActiveCfg = Release|Any CPU
		{DAA59D6E-0130-4686-9BB7-B0A936F0ADFC}.Release|iPhone.Build.0 = Release|Any CPU
		{DAA59D6E-0130-4686-9BB7-B0A936F0ADFC}.Release|iPhoneSimulator.ActiveCfg = Release|Any CPU
		{DAA59D6E-0130-4686-9BB7-B0A936F0ADFC}.Release|iPhoneSimulator.Build.0 = Release|Any CPU
		{DAA59D6E-0130-4686-9BB7-B0A936F0ADFC}.Release|x64.ActiveCfg = Release|Any CPU
		{DAA59D6E-0130-4686-9BB7-B0A936F0ADFC}.Release|x64.Build.0 = Release|Any CPU
		{DAA59D6E-0130-4686-9BB7-B0A936F0ADFC}.Release|x86.ActiveCfg = Release|Any CPU
		{DAA59D6E-0130-4686-9BB7-B0A936F0ADFC}.Release|x86.Build.0 = Release|Any CPU
		{4D631E76-3A8D-4C5F-8EA9-FC6F74829983}.Debug|Any CPU.ActiveCfg = Debug|Any CPU
		{4D631E76-3A8D-4C5F-8EA9-FC6F74829983}.Debug|Any CPU.Build.0 = Debug|Any CPU
		{4D631E76-3A8D-4C5F-8EA9-FC6F74829983}.Debug|ARM.ActiveCfg = Debug|Any CPU
		{4D631E76-3A8D-4C5F-8EA9-FC6F74829983}.Debug|ARM.Build.0 = Debug|Any CPU
		{4D631E76-3A8D-4C5F-8EA9-FC6F74829983}.Debug|ARM64.ActiveCfg = Debug|Any CPU
		{4D631E76-3A8D-4C5F-8EA9-FC6F74829983}.Debug|ARM64.Build.0 = Debug|Any CPU
		{4D631E76-3A8D-4C5F-8EA9-FC6F74829983}.Debug|iPhone.ActiveCfg = Debug|Any CPU
		{4D631E76-3A8D-4C5F-8EA9-FC6F74829983}.Debug|iPhone.Build.0 = Debug|Any CPU
		{4D631E76-3A8D-4C5F-8EA9-FC6F74829983}.Debug|iPhoneSimulator.ActiveCfg = Debug|Any CPU
		{4D631E76-3A8D-4C5F-8EA9-FC6F74829983}.Debug|iPhoneSimulator.Build.0 = Debug|Any CPU
		{4D631E76-3A8D-4C5F-8EA9-FC6F74829983}.Debug|x64.ActiveCfg = Debug|Any CPU
		{4D631E76-3A8D-4C5F-8EA9-FC6F74829983}.Debug|x64.Build.0 = Debug|Any CPU
		{4D631E76-3A8D-4C5F-8EA9-FC6F74829983}.Debug|x86.ActiveCfg = Debug|Any CPU
		{4D631E76-3A8D-4C5F-8EA9-FC6F74829983}.Debug|x86.Build.0 = Debug|Any CPU
		{4D631E76-3A8D-4C5F-8EA9-FC6F74829983}.Release|Any CPU.ActiveCfg = Release|Any CPU
		{4D631E76-3A8D-4C5F-8EA9-FC6F74829983}.Release|Any CPU.Build.0 = Release|Any CPU
		{4D631E76-3A8D-4C5F-8EA9-FC6F74829983}.Release|ARM.ActiveCfg = Release|Any CPU
		{4D631E76-3A8D-4C5F-8EA9-FC6F74829983}.Release|ARM.Build.0 = Release|Any CPU
		{4D631E76-3A8D-4C5F-8EA9-FC6F74829983}.Release|ARM64.ActiveCfg = Release|Any CPU
		{4D631E76-3A8D-4C5F-8EA9-FC6F74829983}.Release|ARM64.Build.0 = Release|Any CPU
		{4D631E76-3A8D-4C5F-8EA9-FC6F74829983}.Release|iPhone.ActiveCfg = Release|Any CPU
		{4D631E76-3A8D-4C5F-8EA9-FC6F74829983}.Release|iPhone.Build.0 = Release|Any CPU
		{4D631E76-3A8D-4C5F-8EA9-FC6F74829983}.Release|iPhoneSimulator.ActiveCfg = Release|Any CPU
		{4D631E76-3A8D-4C5F-8EA9-FC6F74829983}.Release|iPhoneSimulator.Build.0 = Release|Any CPU
		{4D631E76-3A8D-4C5F-8EA9-FC6F74829983}.Release|x64.ActiveCfg = Release|Any CPU
		{4D631E76-3A8D-4C5F-8EA9-FC6F74829983}.Release|x64.Build.0 = Release|Any CPU
		{4D631E76-3A8D-4C5F-8EA9-FC6F74829983}.Release|x86.ActiveCfg = Release|Any CPU
		{4D631E76-3A8D-4C5F-8EA9-FC6F74829983}.Release|x86.Build.0 = Release|Any CPU
		{52218A90-6D7E-4EBA-A315-60229E8B1CFD}.Debug|Any CPU.ActiveCfg = Debug|Any CPU
		{52218A90-6D7E-4EBA-A315-60229E8B1CFD}.Debug|Any CPU.Build.0 = Debug|Any CPU
		{52218A90-6D7E-4EBA-A315-60229E8B1CFD}.Debug|ARM.ActiveCfg = Debug|Any CPU
		{52218A90-6D7E-4EBA-A315-60229E8B1CFD}.Debug|ARM.Build.0 = Debug|Any CPU
		{52218A90-6D7E-4EBA-A315-60229E8B1CFD}.Debug|ARM64.ActiveCfg = Debug|Any CPU
		{52218A90-6D7E-4EBA-A315-60229E8B1CFD}.Debug|ARM64.Build.0 = Debug|Any CPU
		{52218A90-6D7E-4EBA-A315-60229E8B1CFD}.Debug|iPhone.ActiveCfg = Debug|Any CPU
		{52218A90-6D7E-4EBA-A315-60229E8B1CFD}.Debug|iPhone.Build.0 = Debug|Any CPU
		{52218A90-6D7E-4EBA-A315-60229E8B1CFD}.Debug|iPhoneSimulator.ActiveCfg = Debug|Any CPU
		{52218A90-6D7E-4EBA-A315-60229E8B1CFD}.Debug|iPhoneSimulator.Build.0 = Debug|Any CPU
		{52218A90-6D7E-4EBA-A315-60229E8B1CFD}.Debug|x64.ActiveCfg = Debug|Any CPU
		{52218A90-6D7E-4EBA-A315-60229E8B1CFD}.Debug|x64.Build.0 = Debug|Any CPU
		{52218A90-6D7E-4EBA-A315-60229E8B1CFD}.Debug|x86.ActiveCfg = Debug|Any CPU
		{52218A90-6D7E-4EBA-A315-60229E8B1CFD}.Debug|x86.Build.0 = Debug|Any CPU
		{52218A90-6D7E-4EBA-A315-60229E8B1CFD}.Release|Any CPU.ActiveCfg = Release|Any CPU
		{52218A90-6D7E-4EBA-A315-60229E8B1CFD}.Release|Any CPU.Build.0 = Release|Any CPU
		{52218A90-6D7E-4EBA-A315-60229E8B1CFD}.Release|ARM.ActiveCfg = Release|Any CPU
		{52218A90-6D7E-4EBA-A315-60229E8B1CFD}.Release|ARM.Build.0 = Release|Any CPU
		{52218A90-6D7E-4EBA-A315-60229E8B1CFD}.Release|ARM64.ActiveCfg = Release|Any CPU
		{52218A90-6D7E-4EBA-A315-60229E8B1CFD}.Release|ARM64.Build.0 = Release|Any CPU
		{52218A90-6D7E-4EBA-A315-60229E8B1CFD}.Release|iPhone.ActiveCfg = Release|Any CPU
		{52218A90-6D7E-4EBA-A315-60229E8B1CFD}.Release|iPhone.Build.0 = Release|Any CPU
		{52218A90-6D7E-4EBA-A315-60229E8B1CFD}.Release|iPhoneSimulator.ActiveCfg = Release|Any CPU
		{52218A90-6D7E-4EBA-A315-60229E8B1CFD}.Release|iPhoneSimulator.Build.0 = Release|Any CPU
		{52218A90-6D7E-4EBA-A315-60229E8B1CFD}.Release|x64.ActiveCfg = Release|Any CPU
		{52218A90-6D7E-4EBA-A315-60229E8B1CFD}.Release|x64.Build.0 = Release|Any CPU
		{52218A90-6D7E-4EBA-A315-60229E8B1CFD}.Release|x86.ActiveCfg = Release|Any CPU
		{52218A90-6D7E-4EBA-A315-60229E8B1CFD}.Release|x86.Build.0 = Release|Any CPU
		{4AC3B115-AE4D-40D4-BF9C-248C7BDD5972}.Debug|Any CPU.ActiveCfg = Debug|Any CPU
		{4AC3B115-AE4D-40D4-BF9C-248C7BDD5972}.Debug|Any CPU.Build.0 = Debug|Any CPU
		{4AC3B115-AE4D-40D4-BF9C-248C7BDD5972}.Debug|ARM.ActiveCfg = Debug|Any CPU
		{4AC3B115-AE4D-40D4-BF9C-248C7BDD5972}.Debug|ARM.Build.0 = Debug|Any CPU
		{4AC3B115-AE4D-40D4-BF9C-248C7BDD5972}.Debug|ARM64.ActiveCfg = Debug|Any CPU
		{4AC3B115-AE4D-40D4-BF9C-248C7BDD5972}.Debug|ARM64.Build.0 = Debug|Any CPU
		{4AC3B115-AE4D-40D4-BF9C-248C7BDD5972}.Debug|iPhone.ActiveCfg = Debug|Any CPU
		{4AC3B115-AE4D-40D4-BF9C-248C7BDD5972}.Debug|iPhone.Build.0 = Debug|Any CPU
		{4AC3B115-AE4D-40D4-BF9C-248C7BDD5972}.Debug|iPhoneSimulator.ActiveCfg = Debug|Any CPU
		{4AC3B115-AE4D-40D4-BF9C-248C7BDD5972}.Debug|iPhoneSimulator.Build.0 = Debug|Any CPU
		{4AC3B115-AE4D-40D4-BF9C-248C7BDD5972}.Debug|x64.ActiveCfg = Debug|Any CPU
		{4AC3B115-AE4D-40D4-BF9C-248C7BDD5972}.Debug|x64.Build.0 = Debug|Any CPU
		{4AC3B115-AE4D-40D4-BF9C-248C7BDD5972}.Debug|x86.ActiveCfg = Debug|Any CPU
		{4AC3B115-AE4D-40D4-BF9C-248C7BDD5972}.Debug|x86.Build.0 = Debug|Any CPU
		{4AC3B115-AE4D-40D4-BF9C-248C7BDD5972}.Release|Any CPU.ActiveCfg = Release|Any CPU
		{4AC3B115-AE4D-40D4-BF9C-248C7BDD5972}.Release|Any CPU.Build.0 = Release|Any CPU
		{4AC3B115-AE4D-40D4-BF9C-248C7BDD5972}.Release|ARM.ActiveCfg = Release|Any CPU
		{4AC3B115-AE4D-40D4-BF9C-248C7BDD5972}.Release|ARM.Build.0 = Release|Any CPU
		{4AC3B115-AE4D-40D4-BF9C-248C7BDD5972}.Release|ARM64.ActiveCfg = Release|Any CPU
		{4AC3B115-AE4D-40D4-BF9C-248C7BDD5972}.Release|ARM64.Build.0 = Release|Any CPU
		{4AC3B115-AE4D-40D4-BF9C-248C7BDD5972}.Release|iPhone.ActiveCfg = Release|Any CPU
		{4AC3B115-AE4D-40D4-BF9C-248C7BDD5972}.Release|iPhone.Build.0 = Release|Any CPU
		{4AC3B115-AE4D-40D4-BF9C-248C7BDD5972}.Release|iPhoneSimulator.ActiveCfg = Release|Any CPU
		{4AC3B115-AE4D-40D4-BF9C-248C7BDD5972}.Release|iPhoneSimulator.Build.0 = Release|Any CPU
		{4AC3B115-AE4D-40D4-BF9C-248C7BDD5972}.Release|x64.ActiveCfg = Release|Any CPU
		{4AC3B115-AE4D-40D4-BF9C-248C7BDD5972}.Release|x64.Build.0 = Release|Any CPU
		{4AC3B115-AE4D-40D4-BF9C-248C7BDD5972}.Release|x86.ActiveCfg = Release|Any CPU
		{4AC3B115-AE4D-40D4-BF9C-248C7BDD5972}.Release|x86.Build.0 = Release|Any CPU
		{CF7628CD-1825-41F5-AA96-10D5CA25E2E2}.Debug|Any CPU.ActiveCfg = Debug|Any CPU
		{CF7628CD-1825-41F5-AA96-10D5CA25E2E2}.Debug|Any CPU.Build.0 = Debug|Any CPU
		{CF7628CD-1825-41F5-AA96-10D5CA25E2E2}.Debug|ARM.ActiveCfg = Debug|Any CPU
		{CF7628CD-1825-41F5-AA96-10D5CA25E2E2}.Debug|ARM.Build.0 = Debug|Any CPU
		{CF7628CD-1825-41F5-AA96-10D5CA25E2E2}.Debug|ARM64.ActiveCfg = Debug|Any CPU
		{CF7628CD-1825-41F5-AA96-10D5CA25E2E2}.Debug|ARM64.Build.0 = Debug|Any CPU
		{CF7628CD-1825-41F5-AA96-10D5CA25E2E2}.Debug|iPhone.ActiveCfg = Debug|Any CPU
		{CF7628CD-1825-41F5-AA96-10D5CA25E2E2}.Debug|iPhone.Build.0 = Debug|Any CPU
		{CF7628CD-1825-41F5-AA96-10D5CA25E2E2}.Debug|iPhoneSimulator.ActiveCfg = Debug|Any CPU
		{CF7628CD-1825-41F5-AA96-10D5CA25E2E2}.Debug|iPhoneSimulator.Build.0 = Debug|Any CPU
		{CF7628CD-1825-41F5-AA96-10D5CA25E2E2}.Debug|x64.ActiveCfg = Debug|Any CPU
		{CF7628CD-1825-41F5-AA96-10D5CA25E2E2}.Debug|x64.Build.0 = Debug|Any CPU
		{CF7628CD-1825-41F5-AA96-10D5CA25E2E2}.Debug|x86.ActiveCfg = Debug|Any CPU
		{CF7628CD-1825-41F5-AA96-10D5CA25E2E2}.Debug|x86.Build.0 = Debug|Any CPU
		{CF7628CD-1825-41F5-AA96-10D5CA25E2E2}.Release|Any CPU.ActiveCfg = Release|Any CPU
		{CF7628CD-1825-41F5-AA96-10D5CA25E2E2}.Release|Any CPU.Build.0 = Release|Any CPU
		{CF7628CD-1825-41F5-AA96-10D5CA25E2E2}.Release|ARM.ActiveCfg = Release|Any CPU
		{CF7628CD-1825-41F5-AA96-10D5CA25E2E2}.Release|ARM.Build.0 = Release|Any CPU
		{CF7628CD-1825-41F5-AA96-10D5CA25E2E2}.Release|ARM64.ActiveCfg = Release|Any CPU
		{CF7628CD-1825-41F5-AA96-10D5CA25E2E2}.Release|ARM64.Build.0 = Release|Any CPU
		{CF7628CD-1825-41F5-AA96-10D5CA25E2E2}.Release|iPhone.ActiveCfg = Release|Any CPU
		{CF7628CD-1825-41F5-AA96-10D5CA25E2E2}.Release|iPhone.Build.0 = Release|Any CPU
		{CF7628CD-1825-41F5-AA96-10D5CA25E2E2}.Release|iPhoneSimulator.ActiveCfg = Release|Any CPU
		{CF7628CD-1825-41F5-AA96-10D5CA25E2E2}.Release|iPhoneSimulator.Build.0 = Release|Any CPU
		{CF7628CD-1825-41F5-AA96-10D5CA25E2E2}.Release|x64.ActiveCfg = Release|Any CPU
		{CF7628CD-1825-41F5-AA96-10D5CA25E2E2}.Release|x64.Build.0 = Release|Any CPU
		{CF7628CD-1825-41F5-AA96-10D5CA25E2E2}.Release|x86.ActiveCfg = Release|Any CPU
		{CF7628CD-1825-41F5-AA96-10D5CA25E2E2}.Release|x86.Build.0 = Release|Any CPU
		{5738EDE7-9FC9-4F19-9C74-65FC63595095}.Debug|Any CPU.ActiveCfg = Debug|Any CPU
		{5738EDE7-9FC9-4F19-9C74-65FC63595095}.Debug|Any CPU.Build.0 = Debug|Any CPU
		{5738EDE7-9FC9-4F19-9C74-65FC63595095}.Debug|ARM.ActiveCfg = Debug|Any CPU
		{5738EDE7-9FC9-4F19-9C74-65FC63595095}.Debug|ARM.Build.0 = Debug|Any CPU
		{5738EDE7-9FC9-4F19-9C74-65FC63595095}.Debug|ARM64.ActiveCfg = Debug|Any CPU
		{5738EDE7-9FC9-4F19-9C74-65FC63595095}.Debug|ARM64.Build.0 = Debug|Any CPU
		{5738EDE7-9FC9-4F19-9C74-65FC63595095}.Debug|iPhone.ActiveCfg = Debug|Any CPU
		{5738EDE7-9FC9-4F19-9C74-65FC63595095}.Debug|iPhone.Build.0 = Debug|Any CPU
		{5738EDE7-9FC9-4F19-9C74-65FC63595095}.Debug|iPhoneSimulator.ActiveCfg = Debug|Any CPU
		{5738EDE7-9FC9-4F19-9C74-65FC63595095}.Debug|iPhoneSimulator.Build.0 = Debug|Any CPU
		{5738EDE7-9FC9-4F19-9C74-65FC63595095}.Debug|x64.ActiveCfg = Debug|Any CPU
		{5738EDE7-9FC9-4F19-9C74-65FC63595095}.Debug|x64.Build.0 = Debug|Any CPU
		{5738EDE7-9FC9-4F19-9C74-65FC63595095}.Debug|x86.ActiveCfg = Debug|Any CPU
		{5738EDE7-9FC9-4F19-9C74-65FC63595095}.Debug|x86.Build.0 = Debug|Any CPU
		{5738EDE7-9FC9-4F19-9C74-65FC63595095}.Release|Any CPU.ActiveCfg = Release|Any CPU
		{5738EDE7-9FC9-4F19-9C74-65FC63595095}.Release|Any CPU.Build.0 = Release|Any CPU
		{5738EDE7-9FC9-4F19-9C74-65FC63595095}.Release|ARM.ActiveCfg = Release|Any CPU
		{5738EDE7-9FC9-4F19-9C74-65FC63595095}.Release|ARM.Build.0 = Release|Any CPU
		{5738EDE7-9FC9-4F19-9C74-65FC63595095}.Release|ARM64.ActiveCfg = Release|Any CPU
		{5738EDE7-9FC9-4F19-9C74-65FC63595095}.Release|ARM64.Build.0 = Release|Any CPU
		{5738EDE7-9FC9-4F19-9C74-65FC63595095}.Release|iPhone.ActiveCfg = Release|Any CPU
		{5738EDE7-9FC9-4F19-9C74-65FC63595095}.Release|iPhone.Build.0 = Release|Any CPU
		{5738EDE7-9FC9-4F19-9C74-65FC63595095}.Release|iPhoneSimulator.ActiveCfg = Release|Any CPU
		{5738EDE7-9FC9-4F19-9C74-65FC63595095}.Release|iPhoneSimulator.Build.0 = Release|Any CPU
		{5738EDE7-9FC9-4F19-9C74-65FC63595095}.Release|x64.ActiveCfg = Release|Any CPU
		{5738EDE7-9FC9-4F19-9C74-65FC63595095}.Release|x64.Build.0 = Release|Any CPU
		{5738EDE7-9FC9-4F19-9C74-65FC63595095}.Release|x86.ActiveCfg = Release|Any CPU
		{5738EDE7-9FC9-4F19-9C74-65FC63595095}.Release|x86.Build.0 = Release|Any CPU
		{0C9A4092-F37F-4ADE-84D1-059B980495D3}.Debug|Any CPU.ActiveCfg = Debug|Any CPU
		{0C9A4092-F37F-4ADE-84D1-059B980495D3}.Debug|Any CPU.Build.0 = Debug|Any CPU
		{0C9A4092-F37F-4ADE-84D1-059B980495D3}.Debug|ARM.ActiveCfg = Debug|Any CPU
		{0C9A4092-F37F-4ADE-84D1-059B980495D3}.Debug|ARM.Build.0 = Debug|Any CPU
		{0C9A4092-F37F-4ADE-84D1-059B980495D3}.Debug|ARM64.ActiveCfg = Debug|Any CPU
		{0C9A4092-F37F-4ADE-84D1-059B980495D3}.Debug|ARM64.Build.0 = Debug|Any CPU
		{0C9A4092-F37F-4ADE-84D1-059B980495D3}.Debug|iPhone.ActiveCfg = Debug|Any CPU
		{0C9A4092-F37F-4ADE-84D1-059B980495D3}.Debug|iPhone.Build.0 = Debug|Any CPU
		{0C9A4092-F37F-4ADE-84D1-059B980495D3}.Debug|iPhoneSimulator.ActiveCfg = Debug|Any CPU
		{0C9A4092-F37F-4ADE-84D1-059B980495D3}.Debug|iPhoneSimulator.Build.0 = Debug|Any CPU
		{0C9A4092-F37F-4ADE-84D1-059B980495D3}.Debug|x64.ActiveCfg = Debug|Any CPU
		{0C9A4092-F37F-4ADE-84D1-059B980495D3}.Debug|x64.Build.0 = Debug|Any CPU
		{0C9A4092-F37F-4ADE-84D1-059B980495D3}.Debug|x86.ActiveCfg = Debug|Any CPU
		{0C9A4092-F37F-4ADE-84D1-059B980495D3}.Debug|x86.Build.0 = Debug|Any CPU
		{0C9A4092-F37F-4ADE-84D1-059B980495D3}.Release|Any CPU.ActiveCfg = Release|Any CPU
		{0C9A4092-F37F-4ADE-84D1-059B980495D3}.Release|Any CPU.Build.0 = Release|Any CPU
		{0C9A4092-F37F-4ADE-84D1-059B980495D3}.Release|ARM.ActiveCfg = Release|Any CPU
		{0C9A4092-F37F-4ADE-84D1-059B980495D3}.Release|ARM.Build.0 = Release|Any CPU
		{0C9A4092-F37F-4ADE-84D1-059B980495D3}.Release|ARM64.ActiveCfg = Release|Any CPU
		{0C9A4092-F37F-4ADE-84D1-059B980495D3}.Release|ARM64.Build.0 = Release|Any CPU
		{0C9A4092-F37F-4ADE-84D1-059B980495D3}.Release|iPhone.ActiveCfg = Release|Any CPU
		{0C9A4092-F37F-4ADE-84D1-059B980495D3}.Release|iPhone.Build.0 = Release|Any CPU
		{0C9A4092-F37F-4ADE-84D1-059B980495D3}.Release|iPhoneSimulator.ActiveCfg = Release|Any CPU
		{0C9A4092-F37F-4ADE-84D1-059B980495D3}.Release|iPhoneSimulator.Build.0 = Release|Any CPU
		{0C9A4092-F37F-4ADE-84D1-059B980495D3}.Release|x64.ActiveCfg = Release|Any CPU
		{0C9A4092-F37F-4ADE-84D1-059B980495D3}.Release|x64.Build.0 = Release|Any CPU
		{0C9A4092-F37F-4ADE-84D1-059B980495D3}.Release|x86.ActiveCfg = Release|Any CPU
		{0C9A4092-F37F-4ADE-84D1-059B980495D3}.Release|x86.Build.0 = Release|Any CPU
	EndGlobalSection
	GlobalSection(SolutionProperties) = preSolution
		HideSolutionNode = FALSE
	EndGlobalSection
	GlobalSection(NestedProjects) = preSolution
		{D55F8C6E-D71A-4E85-81B4-CA5AD8DCD03C} = {17D525B0-0CC9-4838-A993-0524EA4F86CB}
		{DC77F753-2E0C-42A3-BA3D-FF36810DCB7A} = {17D525B0-0CC9-4838-A993-0524EA4F86CB}
		{294D97B1-9E0D-40AC-8513-300801734D0B} = {17D525B0-0CC9-4838-A993-0524EA4F86CB}
		{DAA59D6E-0130-4686-9BB7-B0A936F0ADFC} = {17D525B0-0CC9-4838-A993-0524EA4F86CB}
		{4D631E76-3A8D-4C5F-8EA9-FC6F74829983} = {17D525B0-0CC9-4838-A993-0524EA4F86CB}
		{52218A90-6D7E-4EBA-A315-60229E8B1CFD} = {17D525B0-0CC9-4838-A993-0524EA4F86CB}
		{4AC3B115-AE4D-40D4-BF9C-248C7BDD5972} = {17D525B0-0CC9-4838-A993-0524EA4F86CB}
		{CF7628CD-1825-41F5-AA96-10D5CA25E2E2} = {17D525B0-0CC9-4838-A993-0524EA4F86CB}
		{5738EDE7-9FC9-4F19-9C74-65FC63595095} = {17D525B0-0CC9-4838-A993-0524EA4F86CB}
		{0C9A4092-F37F-4ADE-84D1-059B980495D3} = {17D525B0-0CC9-4838-A993-0524EA4F86CB}
	EndGlobalSection
	GlobalSection(ExtensibilityGlobals) = postSolution
		SolutionGuid = {F774770C-EF90-4F19-A2DB-DD0100B6ACF7}
	EndGlobalSection
EndGlobal
